// !$*UTF8*$!
{
	archiveVersion = 1;
	classes = {
	};
	objectVersion = 55;
	objects = {

/* Begin PBXBuildFile section */
		04BA8FC4722E0C742F88768A /* Pods_Kick_Starter_Kick_StarterUITests.framework in Frameworks */ = {isa = PBXBuildFile; fileRef = E95DE316E19FB129B02D5D81 /* Pods_Kick_Starter_Kick_StarterUITests.framework */; };
		272F3137270DBBB000C467DA /* UIImageView+Extensions.swift in Sources */ = {isa = PBXBuildFile; fileRef = 272F3136270DBBB000C467DA /* UIImageView+Extensions.swift */; };
		272F3139270EFBBA00C467DA /* TeamCollectionViewCell.swift in Sources */ = {isa = PBXBuildFile; fileRef = 272F3138270EFBBA00C467DA /* TeamCollectionViewCell.swift */; };
		272F313B270EFF5500C467DA /* UIViewController+Extension.swift in Sources */ = {isa = PBXBuildFile; fileRef = 272F313A270EFF5500C467DA /* UIViewController+Extension.swift */; };
		272F313D270EFF6C00C467DA /* Array+Extension.swift in Sources */ = {isa = PBXBuildFile; fileRef = 272F313C270EFF6C00C467DA /* Array+Extension.swift */; };
		272F3144270F873300C467DA /* Colours.swift in Sources */ = {isa = PBXBuildFile; fileRef = 272F3143270F873300C467DA /* Colours.swift */; };
		272F314A2714291800C467DA /* TeamViewModelTests.swift in Sources */ = {isa = PBXBuildFile; fileRef = 272F31492714291800C467DA /* TeamViewModelTests.swift */; };
		272F31532715C45D00C467DA /* Endpoints.swift in Sources */ = {isa = PBXBuildFile; fileRef = 27C901BA270C837A00FAE650 /* Endpoints.swift */; };
		272F31542715C48B00C467DA /* Array+Extension.swift in Sources */ = {isa = PBXBuildFile; fileRef = 272F313C270EFF6C00C467DA /* Array+Extension.swift */; };
		272F31552716C22E00C467DA /* .swiftlint.yml in Resources */ = {isa = PBXBuildFile; fileRef = 27C901A5270B46D100FAE650 /* .swiftlint.yml */; };
		279023EB2738D6490086012E /* fixtures.html in Resources */ = {isa = PBXBuildFile; fileRef = 279023E82738D6490086012E /* fixtures.html */; };
		279023EC2738D6490086012E /* livescores.html in Resources */ = {isa = PBXBuildFile; fileRef = 279023E92738D6490086012E /* livescores.html */; };
		279023ED2738D6490086012E /* single fixture.html in Resources */ = {isa = PBXBuildFile; fileRef = 279023EA2738D6490086012E /* single fixture.html */; };
		279100CA272A77FA007546F5 /* SingleVenueViewModelTests.swift in Sources */ = {isa = PBXBuildFile; fileRef = 279100C9272A77FA007546F5 /* SingleVenueViewModelTests.swift */; };
		279100E6273115F6007546F5 /* SingleFixtureViewController.swift in Sources */ = {isa = PBXBuildFile; fileRef = 279100E5273115F6007546F5 /* SingleFixtureViewController.swift */; };
		279100E827311610007546F5 /* SingleFixtureViewModel.swift in Sources */ = {isa = PBXBuildFile; fileRef = 279100E727311610007546F5 /* SingleFixtureViewModel.swift */; };
		27A22843271D930A00686D91 /* SingleVenueViewController.m in Sources */ = {isa = PBXBuildFile; fileRef = 27A22842271D930A00686D91 /* SingleVenueViewController.m */; };
		27A22847271D9B0D00686D91 /* SingleVenueViewModel.m in Sources */ = {isa = PBXBuildFile; fileRef = 27A22846271D9B0D00686D91 /* SingleVenueViewModel.m */; };
		27A2284A271F325900686D91 /* LeagueTableViewController.swift in Sources */ = {isa = PBXBuildFile; fileRef = 27A22849271F325900686D91 /* LeagueTableViewController.swift */; };
		27A2284C271F329A00686D91 /* LeagueTableViewCell.swift in Sources */ = {isa = PBXBuildFile; fileRef = 27A2284B271F329A00686D91 /* LeagueTableViewCell.swift */; };
		27A2284E271F32FF00686D91 /* LeagueViewModel.swift in Sources */ = {isa = PBXBuildFile; fileRef = 27A2284D271F32FF00686D91 /* LeagueViewModel.swift */; };
		27A2285927201BF400686D91 /* GoogleService-Info.plist in Resources */ = {isa = PBXBuildFile; fileRef = 27A2285827201BF400686D91 /* GoogleService-Info.plist */; };
		27A2285A27201BF400686D91 /* GoogleService-Info.plist in Resources */ = {isa = PBXBuildFile; fileRef = 27A2285827201BF400686D91 /* GoogleService-Info.plist */; };
		27A2285B27201BF400686D91 /* GoogleService-Info.plist in Resources */ = {isa = PBXBuildFile; fileRef = 27A2285827201BF400686D91 /* GoogleService-Info.plist */; };
		27A2286527215B1600686D91 /* LeagueRepository.swift in Sources */ = {isa = PBXBuildFile; fileRef = 27A2286427215B1600686D91 /* LeagueRepository.swift */; };
		27A2286727215B4700686D91 /* LeagueRepositable.swift in Sources */ = {isa = PBXBuildFile; fileRef = 27A2286627215B4700686D91 /* LeagueRepositable.swift */; };
		27A228692721677E00686D91 /* LeagueViewModelDelegate.swift in Sources */ = {isa = PBXBuildFile; fileRef = 27A228682721677E00686D91 /* LeagueViewModelDelegate.swift */; };
		27A2287027217F4500686D91 /* ResultsViewController.swift in Sources */ = {isa = PBXBuildFile; fileRef = 27A2286F27217F4500686D91 /* ResultsViewController.swift */; };
		27A22876272973BD00686D91 /* LeagueViewModelTests.swift in Sources */ = {isa = PBXBuildFile; fileRef = 27A22875272973BD00686D91 /* LeagueViewModelTests.swift */; };
		27A2287827297C7D00686D91 /* LeagueViewModel.swift in Sources */ = {isa = PBXBuildFile; fileRef = 27A2284D271F32FF00686D91 /* LeagueViewModel.swift */; };
		27A2287A27297CB500686D91 /* LeagueRepositable.swift in Sources */ = {isa = PBXBuildFile; fileRef = 27A2286627215B4700686D91 /* LeagueRepositable.swift */; };
		27A2287B27297CE200686D91 /* LeagueViewModelDelegate.swift in Sources */ = {isa = PBXBuildFile; fileRef = 27A228682721677E00686D91 /* LeagueViewModelDelegate.swift */; };
		27C90171270AED4300FAE650 /* AppDelegate.swift in Sources */ = {isa = PBXBuildFile; fileRef = 27C90170270AED4300FAE650 /* AppDelegate.swift */; };
		27C90173270AED4300FAE650 /* SceneDelegate.swift in Sources */ = {isa = PBXBuildFile; fileRef = 27C90172270AED4300FAE650 /* SceneDelegate.swift */; };
		27C90175270AED4300FAE650 /* TeamViewController.swift in Sources */ = {isa = PBXBuildFile; fileRef = 27C90174270AED4300FAE650 /* TeamViewController.swift */; };
		27C90178270AED4300FAE650 /* Main.storyboard in Resources */ = {isa = PBXBuildFile; fileRef = 27C90176270AED4300FAE650 /* Main.storyboard */; };
		27C9017A270AED4700FAE650 /* Assets.xcassets in Resources */ = {isa = PBXBuildFile; fileRef = 27C90179270AED4700FAE650 /* Assets.xcassets */; };
		27C9017D270AED4700FAE650 /* LaunchScreen.storyboard in Resources */ = {isa = PBXBuildFile; fileRef = 27C9017B270AED4700FAE650 /* LaunchScreen.storyboard */; };
		27C90192270AED4700FAE650 /* Kick_StarterUITests.swift in Sources */ = {isa = PBXBuildFile; fileRef = 27C90191270AED4700FAE650 /* Kick_StarterUITests.swift */; };
		27C90194270AED4700FAE650 /* Kick_StarterUITestsLaunchTests.swift in Sources */ = {isa = PBXBuildFile; fileRef = 27C90193270AED4700FAE650 /* Kick_StarterUITestsLaunchTests.swift */; };
		27C901A6270B46D100FAE650 /* .swiftlint.yml in Resources */ = {isa = PBXBuildFile; fileRef = 27C901A5270B46D100FAE650 /* .swiftlint.yml */; };
		27C901B9270C5CCB00FAE650 /* Constants.swift in Sources */ = {isa = PBXBuildFile; fileRef = 27C901B3270C540900FAE650 /* Constants.swift */; };
		27C901BB270C837A00FAE650 /* Endpoints.swift in Sources */ = {isa = PBXBuildFile; fileRef = 27C901BA270C837A00FAE650 /* Endpoints.swift */; };
		3AE049F6D5FD5FD24ACB6BA4 /* Pods_Kick_StarterTests.framework in Frameworks */ = {isa = PBXBuildFile; fileRef = 0EA3E0D7AB0F9786E0A2E5B8 /* Pods_Kick_StarterTests.framework */; };
		C56BBE9A1D964D03893F9C74 /* Pods_Kick_Starter.framework in Frameworks */ = {isa = PBXBuildFile; fileRef = A947B71E9BF5384704088AB1 /* Pods_Kick_Starter.framework */; };
/* End PBXBuildFile section */

/* Begin PBXContainerItemProxy section */
		27C90184270AED4700FAE650 /* PBXContainerItemProxy */ = {
			isa = PBXContainerItemProxy;
			containerPortal = 27C90165270AED4300FAE650 /* Project object */;
			proxyType = 1;
			remoteGlobalIDString = 27C9016C270AED4300FAE650;
			remoteInfo = "Kick-Starter";
		};
		27C9018E270AED4700FAE650 /* PBXContainerItemProxy */ = {
			isa = PBXContainerItemProxy;
			containerPortal = 27C90165270AED4300FAE650 /* Project object */;
			proxyType = 1;
			remoteGlobalIDString = 27C9016C270AED4300FAE650;
			remoteInfo = "Kick-Starter";
		};
/* End PBXContainerItemProxy section */

/* Begin PBXFileReference section */
		02725314BDDBA74BCCDE9789 /* Pods-Kick-StarterTests.release.xcconfig */ = {isa = PBXFileReference; includeInIndex = 1; lastKnownFileType = text.xcconfig; name = "Pods-Kick-StarterTests.release.xcconfig"; path = "Target Support Files/Pods-Kick-StarterTests/Pods-Kick-StarterTests.release.xcconfig"; sourceTree = "<group>"; };
		081457751F71D7E6072554B4 /* Pods-Kick-Starter-Kick-StarterUITests.release.xcconfig */ = {isa = PBXFileReference; includeInIndex = 1; lastKnownFileType = text.xcconfig; name = "Pods-Kick-Starter-Kick-StarterUITests.release.xcconfig"; path = "Target Support Files/Pods-Kick-Starter-Kick-StarterUITests/Pods-Kick-Starter-Kick-StarterUITests.release.xcconfig"; sourceTree = "<group>"; };
		0EA3E0D7AB0F9786E0A2E5B8 /* Pods_Kick_StarterTests.framework */ = {isa = PBXFileReference; explicitFileType = wrapper.framework; includeInIndex = 0; path = Pods_Kick_StarterTests.framework; sourceTree = BUILT_PRODUCTS_DIR; };
		272F3136270DBBB000C467DA /* UIImageView+Extensions.swift */ = {isa = PBXFileReference; lastKnownFileType = sourcecode.swift; path = "UIImageView+Extensions.swift"; sourceTree = "<group>"; };
		272F3138270EFBBA00C467DA /* TeamCollectionViewCell.swift */ = {isa = PBXFileReference; lastKnownFileType = sourcecode.swift; path = TeamCollectionViewCell.swift; sourceTree = "<group>"; };
		272F313A270EFF5500C467DA /* UIViewController+Extension.swift */ = {isa = PBXFileReference; lastKnownFileType = sourcecode.swift; path = "UIViewController+Extension.swift"; sourceTree = "<group>"; };
		272F313C270EFF6C00C467DA /* Array+Extension.swift */ = {isa = PBXFileReference; lastKnownFileType = sourcecode.swift; path = "Array+Extension.swift"; sourceTree = "<group>"; };
		272F3143270F873300C467DA /* Colours.swift */ = {isa = PBXFileReference; lastKnownFileType = sourcecode.swift; path = Colours.swift; sourceTree = "<group>"; };
		272F31492714291800C467DA /* TeamViewModelTests.swift */ = {isa = PBXFileReference; lastKnownFileType = sourcecode.swift; path = TeamViewModelTests.swift; sourceTree = "<group>"; };
		279023E82738D6490086012E /* fixtures.html */ = {isa = PBXFileReference; fileEncoding = 4; lastKnownFileType = text.html; path = fixtures.html; sourceTree = "<group>"; };
		279023E92738D6490086012E /* livescores.html */ = {isa = PBXFileReference; fileEncoding = 4; lastKnownFileType = text.html; path = livescores.html; sourceTree = "<group>"; };
		279023EA2738D6490086012E /* single fixture.html */ = {isa = PBXFileReference; fileEncoding = 4; lastKnownFileType = text.html; path = "single fixture.html"; sourceTree = "<group>"; };
		279100C9272A77FA007546F5 /* SingleVenueViewModelTests.swift */ = {isa = PBXFileReference; lastKnownFileType = sourcecode.swift; path = SingleVenueViewModelTests.swift; sourceTree = "<group>"; };
		279100E5273115F6007546F5 /* SingleFixtureViewController.swift */ = {isa = PBXFileReference; lastKnownFileType = sourcecode.swift; path = SingleFixtureViewController.swift; sourceTree = "<group>"; };
		279100E727311610007546F5 /* SingleFixtureViewModel.swift */ = {isa = PBXFileReference; lastKnownFileType = sourcecode.swift; path = SingleFixtureViewModel.swift; sourceTree = "<group>"; };
		27A22840271D930A00686D91 /* Kick-Starter-Bridging-Header.h */ = {isa = PBXFileReference; lastKnownFileType = sourcecode.c.h; path = "Kick-Starter-Bridging-Header.h"; sourceTree = "<group>"; };
		27A22841271D930A00686D91 /* SingleVenueViewController.h */ = {isa = PBXFileReference; lastKnownFileType = sourcecode.c.h; path = SingleVenueViewController.h; sourceTree = "<group>"; };
		27A22842271D930A00686D91 /* SingleVenueViewController.m */ = {isa = PBXFileReference; lastKnownFileType = sourcecode.c.objc; path = SingleVenueViewController.m; sourceTree = "<group>"; };
		27A22845271D9B0D00686D91 /* SingleVenueViewModel.h */ = {isa = PBXFileReference; lastKnownFileType = sourcecode.c.h; path = SingleVenueViewModel.h; sourceTree = "<group>"; };
		27A22846271D9B0D00686D91 /* SingleVenueViewModel.m */ = {isa = PBXFileReference; lastKnownFileType = sourcecode.c.objc; path = SingleVenueViewModel.m; sourceTree = "<group>"; };
		27A22849271F325900686D91 /* LeagueTableViewController.swift */ = {isa = PBXFileReference; lastKnownFileType = sourcecode.swift; path = LeagueTableViewController.swift; sourceTree = "<group>"; };
		27A2284B271F329A00686D91 /* LeagueTableViewCell.swift */ = {isa = PBXFileReference; lastKnownFileType = sourcecode.swift; path = LeagueTableViewCell.swift; sourceTree = "<group>"; };
		27A2284D271F32FF00686D91 /* LeagueViewModel.swift */ = {isa = PBXFileReference; lastKnownFileType = sourcecode.swift; path = LeagueViewModel.swift; sourceTree = "<group>"; };
		27A2285827201BF400686D91 /* GoogleService-Info.plist */ = {isa = PBXFileReference; fileEncoding = 4; lastKnownFileType = text.plist.xml; path = "GoogleService-Info.plist"; sourceTree = "<group>"; };
		27A2286427215B1600686D91 /* LeagueRepository.swift */ = {isa = PBXFileReference; lastKnownFileType = sourcecode.swift; path = LeagueRepository.swift; sourceTree = "<group>"; };
		27A2286627215B4700686D91 /* LeagueRepositable.swift */ = {isa = PBXFileReference; lastKnownFileType = sourcecode.swift; path = LeagueRepositable.swift; sourceTree = "<group>"; };
		27A228682721677E00686D91 /* LeagueViewModelDelegate.swift */ = {isa = PBXFileReference; lastKnownFileType = sourcecode.swift; path = LeagueViewModelDelegate.swift; sourceTree = "<group>"; };
		27A2286F27217F4500686D91 /* ResultsViewController.swift */ = {isa = PBXFileReference; lastKnownFileType = sourcecode.swift; path = ResultsViewController.swift; sourceTree = "<group>"; };
		27A22875272973BD00686D91 /* LeagueViewModelTests.swift */ = {isa = PBXFileReference; lastKnownFileType = sourcecode.swift; path = LeagueViewModelTests.swift; sourceTree = "<group>"; };
		27C9016D270AED4300FAE650 /* Kick-Starter.app */ = {isa = PBXFileReference; explicitFileType = wrapper.application; includeInIndex = 0; path = "Kick-Starter.app"; sourceTree = BUILT_PRODUCTS_DIR; };
		27C90170270AED4300FAE650 /* AppDelegate.swift */ = {isa = PBXFileReference; lastKnownFileType = sourcecode.swift; path = AppDelegate.swift; sourceTree = "<group>"; };
		27C90172270AED4300FAE650 /* SceneDelegate.swift */ = {isa = PBXFileReference; lastKnownFileType = sourcecode.swift; path = SceneDelegate.swift; sourceTree = "<group>"; };
		27C90174270AED4300FAE650 /* TeamViewController.swift */ = {isa = PBXFileReference; lastKnownFileType = sourcecode.swift; path = TeamViewController.swift; sourceTree = "<group>"; };
		27C90177270AED4300FAE650 /* Base */ = {isa = PBXFileReference; lastKnownFileType = file.storyboard; name = Base; path = Base.lproj/Main.storyboard; sourceTree = "<group>"; };
		27C90179270AED4700FAE650 /* Assets.xcassets */ = {isa = PBXFileReference; lastKnownFileType = folder.assetcatalog; path = Assets.xcassets; sourceTree = "<group>"; };
		27C9017C270AED4700FAE650 /* Base */ = {isa = PBXFileReference; lastKnownFileType = file.storyboard; name = Base; path = Base.lproj/LaunchScreen.storyboard; sourceTree = "<group>"; };
		27C9017E270AED4700FAE650 /* Info.plist */ = {isa = PBXFileReference; lastKnownFileType = text.plist.xml; path = Info.plist; sourceTree = "<group>"; };
		27C90183270AED4700FAE650 /* Kick-StarterTests.xctest */ = {isa = PBXFileReference; explicitFileType = wrapper.cfbundle; includeInIndex = 0; path = "Kick-StarterTests.xctest"; sourceTree = BUILT_PRODUCTS_DIR; };
		27C9018D270AED4700FAE650 /* Kick-StarterUITests.xctest */ = {isa = PBXFileReference; explicitFileType = wrapper.cfbundle; includeInIndex = 0; path = "Kick-StarterUITests.xctest"; sourceTree = BUILT_PRODUCTS_DIR; };
		27C90191270AED4700FAE650 /* Kick_StarterUITests.swift */ = {isa = PBXFileReference; lastKnownFileType = sourcecode.swift; path = Kick_StarterUITests.swift; sourceTree = "<group>"; };
		27C90193270AED4700FAE650 /* Kick_StarterUITestsLaunchTests.swift */ = {isa = PBXFileReference; lastKnownFileType = sourcecode.swift; path = Kick_StarterUITestsLaunchTests.swift; sourceTree = "<group>"; };
		27C901A5270B46D100FAE650 /* .swiftlint.yml */ = {isa = PBXFileReference; lastKnownFileType = text.yaml; path = .swiftlint.yml; sourceTree = "<group>"; };
		27C901B3270C540900FAE650 /* Constants.swift */ = {isa = PBXFileReference; lastKnownFileType = sourcecode.swift; path = Constants.swift; sourceTree = "<group>"; };
		27C901BA270C837A00FAE650 /* Endpoints.swift */ = {isa = PBXFileReference; lastKnownFileType = sourcecode.swift; path = Endpoints.swift; sourceTree = "<group>"; };
		375696D65D664863F68B9726 /* Pods-Kick-Starter.release.xcconfig */ = {isa = PBXFileReference; includeInIndex = 1; lastKnownFileType = text.xcconfig; name = "Pods-Kick-Starter.release.xcconfig"; path = "Target Support Files/Pods-Kick-Starter/Pods-Kick-Starter.release.xcconfig"; sourceTree = "<group>"; };
		87A6A612D3F4EA9C83E01C18 /* Pods-Kick-Starter.debug.xcconfig */ = {isa = PBXFileReference; includeInIndex = 1; lastKnownFileType = text.xcconfig; name = "Pods-Kick-Starter.debug.xcconfig"; path = "Target Support Files/Pods-Kick-Starter/Pods-Kick-Starter.debug.xcconfig"; sourceTree = "<group>"; };
		A947B71E9BF5384704088AB1 /* Pods_Kick_Starter.framework */ = {isa = PBXFileReference; explicitFileType = wrapper.framework; includeInIndex = 0; path = Pods_Kick_Starter.framework; sourceTree = BUILT_PRODUCTS_DIR; };
		D561F1E3749D7FD1BBE8C4CF /* Pods-Kick-StarterTests.debug.xcconfig */ = {isa = PBXFileReference; includeInIndex = 1; lastKnownFileType = text.xcconfig; name = "Pods-Kick-StarterTests.debug.xcconfig"; path = "Target Support Files/Pods-Kick-StarterTests/Pods-Kick-StarterTests.debug.xcconfig"; sourceTree = "<group>"; };
		DFD1277844989EC31DDE8EEF /* Pods-Kick-Starter-Kick-StarterUITests.debug.xcconfig */ = {isa = PBXFileReference; includeInIndex = 1; lastKnownFileType = text.xcconfig; name = "Pods-Kick-Starter-Kick-StarterUITests.debug.xcconfig"; path = "Target Support Files/Pods-Kick-Starter-Kick-StarterUITests/Pods-Kick-Starter-Kick-StarterUITests.debug.xcconfig"; sourceTree = "<group>"; };
		E95DE316E19FB129B02D5D81 /* Pods_Kick_Starter_Kick_StarterUITests.framework */ = {isa = PBXFileReference; explicitFileType = wrapper.framework; includeInIndex = 0; path = Pods_Kick_Starter_Kick_StarterUITests.framework; sourceTree = BUILT_PRODUCTS_DIR; };
/* End PBXFileReference section */

/* Begin PBXFrameworksBuildPhase section */
		27C9016A270AED4300FAE650 /* Frameworks */ = {
			isa = PBXFrameworksBuildPhase;
			buildActionMask = 2147483647;
			files = (
				C56BBE9A1D964D03893F9C74 /* Pods_Kick_Starter.framework in Frameworks */,
			);
			runOnlyForDeploymentPostprocessing = 0;
		};
		27C90180270AED4700FAE650 /* Frameworks */ = {
			isa = PBXFrameworksBuildPhase;
			buildActionMask = 2147483647;
			files = (
				3AE049F6D5FD5FD24ACB6BA4 /* Pods_Kick_StarterTests.framework in Frameworks */,
			);
			runOnlyForDeploymentPostprocessing = 0;
		};
		27C9018A270AED4700FAE650 /* Frameworks */ = {
			isa = PBXFrameworksBuildPhase;
			buildActionMask = 2147483647;
			files = (
				04BA8FC4722E0C742F88768A /* Pods_Kick_Starter_Kick_StarterUITests.framework in Frameworks */,
			);
			runOnlyForDeploymentPostprocessing = 0;
		};
/* End PBXFrameworksBuildPhase section */

/* Begin PBXGroup section */
		272F312C270D7D8A00C467DA /* Display Teams */ = {
			isa = PBXGroup;
			children = (
				27C901A8270B47B500FAE650 /* ViewControllers */,
			);
			path = "Display Teams";
			sourceTree = "<group>";
		};
		272F312D270D7E3300C467DA /* API Enums */ = {
			isa = PBXGroup;
			children = (
				27C901BA270C837A00FAE650 /* Endpoints.swift */,
			);
			path = "API Enums";
			sourceTree = "<group>";
		};
		272F312E270D7EE500C467DA /* Screens */ = {
			isa = PBXGroup;
			children = (
				27C90176270AED4300FAE650 /* Main.storyboard */,
				27C9017B270AED4700FAE650 /* LaunchScreen.storyboard */,
				27A2284B271F329A00686D91 /* LeagueTableViewCell.swift */,
				272F3138270EFBBA00C467DA /* TeamCollectionViewCell.swift */,
			);
			path = Screens;
			sourceTree = "<group>";
		};
		272F3135270DBB9E00C467DA /* Extensions */ = {
			isa = PBXGroup;
			children = (
				272F3136270DBBB000C467DA /* UIImageView+Extensions.swift */,
				272F313A270EFF5500C467DA /* UIViewController+Extension.swift */,
				272F313C270EFF6C00C467DA /* Array+Extension.swift */,
			);
			path = Extensions;
			sourceTree = "<group>";
		};
		272F3142270F871E00C467DA /* Styling */ = {
			isa = PBXGroup;
			children = (
				272F3143270F873300C467DA /* Colours.swift */,
			);
			path = Styling;
			sourceTree = "<group>";
		};
		279100E4273115AD007546F5 /* Display Single Fixture */ = {
			isa = PBXGroup;
			children = (
				279100E5273115F6007546F5 /* SingleFixtureViewController.swift */,
				279100E727311610007546F5 /* SingleFixtureViewModel.swift */,
			);
			path = "Display Single Fixture";
			sourceTree = "<group>";
		};
		279100ED2732BBBE007546F5 /* HTML Files */ = {
			isa = PBXGroup;
			children = (
				279023E82738D6490086012E /* fixtures.html */,
				279023E92738D6490086012E /* livescores.html */,
				279023EA2738D6490086012E /* single fixture.html */,
			);
			path = "HTML Files";
			sourceTree = "<group>";
		};
		279B2B47273B7A6800FDA2B2 /* Registration And Login */ = {
			isa = PBXGroup;
			children = (
			);
			path = "Registration And Login";
			sourceTree = "<group>";
		};
		27A2283C271D924700686D91 /* Single Venue */ = {
			isa = PBXGroup;
			children = (
				27A22844271D9A8900686D91 /* Single Venue View Model */,
				27A2283F271D92CE00686D91 /* Single Venue View Controller */,
			);
			path = "Single Venue";
			sourceTree = "<group>";
		};
		27A2283F271D92CE00686D91 /* Single Venue View Controller */ = {
			isa = PBXGroup;
			children = (
				27A22841271D930A00686D91 /* SingleVenueViewController.h */,
				27A22842271D930A00686D91 /* SingleVenueViewController.m */,
				27A22840271D930A00686D91 /* Kick-Starter-Bridging-Header.h */,
			);
			path = "Single Venue View Controller";
			sourceTree = "<group>";
		};
		27A22844271D9A8900686D91 /* Single Venue View Model */ = {
			isa = PBXGroup;
			children = (
				27A22845271D9B0D00686D91 /* SingleVenueViewModel.h */,
				27A22846271D9B0D00686D91 /* SingleVenueViewModel.m */,
			);
			path = "Single Venue View Model";
			sourceTree = "<group>";
		};
		27A22848271F323D00686D91 /* Display Leagues */ = {
			isa = PBXGroup;
			children = (
				27A2286C2721699300686D91 /* Repository */,
				27A22853271FE78000686D91 /* View Controllers */,
				27A22851271FE76F00686D91 /* View Models */,
			);
			path = "Display Leagues";
			sourceTree = "<group>";
		};
		27A22851271FE76F00686D91 /* View Models */ = {
			isa = PBXGroup;
			children = (
				27A2284D271F32FF00686D91 /* LeagueViewModel.swift */,
			);
			path = "View Models";
			sourceTree = "<group>";
		};
		27A22853271FE78000686D91 /* View Controllers */ = {
			isa = PBXGroup;
			children = (
				27A2286A272168DE00686D91 /* Protocol */,
				27A22849271F325900686D91 /* LeagueTableViewController.swift */,
			);
			path = "View Controllers";
			sourceTree = "<group>";
		};
		27A2286A272168DE00686D91 /* Protocol */ = {
			isa = PBXGroup;
			children = (
				27A228682721677E00686D91 /* LeagueViewModelDelegate.swift */,
			);
			path = Protocol;
			sourceTree = "<group>";
		};
		27A2286C2721699300686D91 /* Repository */ = {
			isa = PBXGroup;
			children = (
				27A2286D272169A900686D91 /* Protocol */,
				27A2286427215B1600686D91 /* LeagueRepository.swift */,
			);
			path = Repository;
			sourceTree = "<group>";
		};
		27A2286D272169A900686D91 /* Protocol */ = {
			isa = PBXGroup;
			children = (
				27A2286627215B4700686D91 /* LeagueRepositable.swift */,
			);
			path = Protocol;
			sourceTree = "<group>";
		};
		27A2286E27217F2B00686D91 /* Display Results */ = {
			isa = PBXGroup;
			children = (
				27A2286F27217F4500686D91 /* ResultsViewController.swift */,
			);
			path = "Display Results";
			sourceTree = "<group>";
		};
		27C90164270AED4300FAE650 = {
			isa = PBXGroup;
			children = (
				27C9016F270AED4300FAE650 /* Kick-Starter */,
				27C90186270AED4700FAE650 /* Kick-StarterTests */,
				27C90190270AED4700FAE650 /* Kick-StarterUITests */,
				27C9016E270AED4300FAE650 /* Products */,
				CBAAD775925C57E48CD698DB /* Pods */,
				7609BD8DC64EBE92A93F8132 /* Frameworks */,
			);
			sourceTree = "<group>";
		};
		27C9016E270AED4300FAE650 /* Products */ = {
			isa = PBXGroup;
			children = (
				27C9016D270AED4300FAE650 /* Kick-Starter.app */,
				27C90183270AED4700FAE650 /* Kick-StarterTests.xctest */,
				27C9018D270AED4700FAE650 /* Kick-StarterUITests.xctest */,
			);
			name = Products;
			sourceTree = "<group>";
		};
		27C9016F270AED4300FAE650 /* Kick-Starter */ = {
			isa = PBXGroup;
			children = (
				279B2B47273B7A6800FDA2B2 /* Registration And Login */,
				279100ED2732BBBE007546F5 /* HTML Files */,
				279100E4273115AD007546F5 /* Display Single Fixture */,
				27A2286E27217F2B00686D91 /* Display Results */,
				27A22848271F323D00686D91 /* Display Leagues */,
				27A2283C271D924700686D91 /* Single Venue */,
				272F312C270D7D8A00C467DA /* Display Teams */,
				272F3142270F871E00C467DA /* Styling */,
				272F3135270DBB9E00C467DA /* Extensions */,
				272F312E270D7EE500C467DA /* Screens */,
				272F312D270D7E3300C467DA /* API Enums */,
				27C901B2270C53FB00FAE650 /* Constants */,
				27C901A7270B47A600FAE650 /* Delegates */,
				27C90179270AED4700FAE650 /* Assets.xcassets */,
				27C9017E270AED4700FAE650 /* Info.plist */,
				27C901A5270B46D100FAE650 /* .swiftlint.yml */,
				27A2285827201BF400686D91 /* GoogleService-Info.plist */,
			);
			path = "Kick-Starter";
			sourceTree = "<group>";
		};
		27C90186270AED4700FAE650 /* Kick-StarterTests */ = {
			isa = PBXGroup;
			children = (
				272F31492714291800C467DA /* TeamViewModelTests.swift */,
				27A22875272973BD00686D91 /* LeagueViewModelTests.swift */,
				279100C9272A77FA007546F5 /* SingleVenueViewModelTests.swift */,
			);
			path = "Kick-StarterTests";
			sourceTree = "<group>";
		};
		27C90190270AED4700FAE650 /* Kick-StarterUITests */ = {
			isa = PBXGroup;
			children = (
				27C90191270AED4700FAE650 /* Kick_StarterUITests.swift */,
				27C90193270AED4700FAE650 /* Kick_StarterUITestsLaunchTests.swift */,
			);
			path = "Kick-StarterUITests";
			sourceTree = "<group>";
		};
		27C901A7270B47A600FAE650 /* Delegates */ = {
			isa = PBXGroup;
			children = (
				27C90170270AED4300FAE650 /* AppDelegate.swift */,
				27C90172270AED4300FAE650 /* SceneDelegate.swift */,
			);
			path = Delegates;
			sourceTree = "<group>";
		};
		27C901A8270B47B500FAE650 /* ViewControllers */ = {
			isa = PBXGroup;
			children = (
				27C90174270AED4300FAE650 /* TeamViewController.swift */,
			);
			path = ViewControllers;
			sourceTree = "<group>";
		};
		27C901B2270C53FB00FAE650 /* Constants */ = {
			isa = PBXGroup;
			children = (
				27C901B3270C540900FAE650 /* Constants.swift */,
			);
			path = Constants;
			sourceTree = "<group>";
		};
		7609BD8DC64EBE92A93F8132 /* Frameworks */ = {
			isa = PBXGroup;
			children = (
				A947B71E9BF5384704088AB1 /* Pods_Kick_Starter.framework */,
				E95DE316E19FB129B02D5D81 /* Pods_Kick_Starter_Kick_StarterUITests.framework */,
				0EA3E0D7AB0F9786E0A2E5B8 /* Pods_Kick_StarterTests.framework */,
			);
			name = Frameworks;
			sourceTree = "<group>";
		};
		CBAAD775925C57E48CD698DB /* Pods */ = {
			isa = PBXGroup;
			children = (
				87A6A612D3F4EA9C83E01C18 /* Pods-Kick-Starter.debug.xcconfig */,
				375696D65D664863F68B9726 /* Pods-Kick-Starter.release.xcconfig */,
				DFD1277844989EC31DDE8EEF /* Pods-Kick-Starter-Kick-StarterUITests.debug.xcconfig */,
				081457751F71D7E6072554B4 /* Pods-Kick-Starter-Kick-StarterUITests.release.xcconfig */,
				D561F1E3749D7FD1BBE8C4CF /* Pods-Kick-StarterTests.debug.xcconfig */,
				02725314BDDBA74BCCDE9789 /* Pods-Kick-StarterTests.release.xcconfig */,
			);
			path = Pods;
			sourceTree = "<group>";
		};
/* End PBXGroup section */

/* Begin PBXNativeTarget section */
		27C9016C270AED4300FAE650 /* Kick-Starter */ = {
			isa = PBXNativeTarget;
			buildConfigurationList = 27C90197270AED4700FAE650 /* Build configuration list for PBXNativeTarget "Kick-Starter" */;
			buildPhases = (
				6192C69DD3A3A2E2A3010D63 /* [CP] Check Pods Manifest.lock */,
				27C90169270AED4300FAE650 /* Sources */,
				27C9016A270AED4300FAE650 /* Frameworks */,
				27C9016B270AED4300FAE650 /* Resources */,
				27C901A4270B463800FAE650 /* ShellScript */,
				398C3FF53D951797BEE8044B /* [CP] Embed Pods Frameworks */,
			);
			buildRules = (
			);
			dependencies = (
			);
			name = "Kick-Starter";
			productName = "Kick-Starter";
			productReference = 27C9016D270AED4300FAE650 /* Kick-Starter.app */;
			productType = "com.apple.product-type.application";
		};
		27C90182270AED4700FAE650 /* Kick-StarterTests */ = {
			isa = PBXNativeTarget;
			buildConfigurationList = 27C9019A270AED4700FAE650 /* Build configuration list for PBXNativeTarget "Kick-StarterTests" */;
			buildPhases = (
				774489DBD069F80FFD666850 /* [CP] Check Pods Manifest.lock */,
				27C9017F270AED4700FAE650 /* Sources */,
				27C90180270AED4700FAE650 /* Frameworks */,
				27C90181270AED4700FAE650 /* Resources */,
			);
			buildRules = (
			);
			dependencies = (
				27C90185270AED4700FAE650 /* PBXTargetDependency */,
			);
			name = "Kick-StarterTests";
			productName = "Kick-StarterTests";
			productReference = 27C90183270AED4700FAE650 /* Kick-StarterTests.xctest */;
			productType = "com.apple.product-type.bundle.unit-test";
		};
		27C9018C270AED4700FAE650 /* Kick-StarterUITests */ = {
			isa = PBXNativeTarget;
			buildConfigurationList = 27C9019D270AED4700FAE650 /* Build configuration list for PBXNativeTarget "Kick-StarterUITests" */;
			buildPhases = (
				96E21A61EF069355DEFFDBDD /* [CP] Check Pods Manifest.lock */,
				27C90189270AED4700FAE650 /* Sources */,
				27C9018A270AED4700FAE650 /* Frameworks */,
				27C9018B270AED4700FAE650 /* Resources */,
				56D81EBBC59886266A84FC10 /* [CP] Embed Pods Frameworks */,
			);
			buildRules = (
			);
			dependencies = (
				27C9018F270AED4700FAE650 /* PBXTargetDependency */,
			);
			name = "Kick-StarterUITests";
			productName = "Kick-StarterUITests";
			productReference = 27C9018D270AED4700FAE650 /* Kick-StarterUITests.xctest */;
			productType = "com.apple.product-type.bundle.ui-testing";
		};
/* End PBXNativeTarget section */

/* Begin PBXProject section */
		27C90165270AED4300FAE650 /* Project object */ = {
			isa = PBXProject;
			attributes = {
				BuildIndependentTargetsInParallel = 1;
				LastSwiftUpdateCheck = 1300;
				LastUpgradeCheck = 1300;
				TargetAttributes = {
					27C9016C270AED4300FAE650 = {
						CreatedOnToolsVersion = 13.0;
						LastSwiftMigration = 1300;
					};
					27C90182270AED4700FAE650 = {
						CreatedOnToolsVersion = 13.0;
						TestTargetID = 27C9016C270AED4300FAE650;
					};
					27C9018C270AED4700FAE650 = {
						CreatedOnToolsVersion = 13.0;
						TestTargetID = 27C9016C270AED4300FAE650;
					};
				};
			};
			buildConfigurationList = 27C90168270AED4300FAE650 /* Build configuration list for PBXProject "Kick-Starter" */;
			compatibilityVersion = "Xcode 13.0";
			developmentRegion = en;
			hasScannedForEncodings = 0;
			knownRegions = (
				en,
				Base,
			);
			mainGroup = 27C90164270AED4300FAE650;
			productRefGroup = 27C9016E270AED4300FAE650 /* Products */;
			projectDirPath = "";
			projectRoot = "";
			targets = (
				27C9016C270AED4300FAE650 /* Kick-Starter */,
				27C90182270AED4700FAE650 /* Kick-StarterTests */,
				27C9018C270AED4700FAE650 /* Kick-StarterUITests */,
			);
		};
/* End PBXProject section */

/* Begin PBXResourcesBuildPhase section */
		27C9016B270AED4300FAE650 /* Resources */ = {
			isa = PBXResourcesBuildPhase;
			buildActionMask = 2147483647;
			files = (
				27C901A6270B46D100FAE650 /* .swiftlint.yml in Resources */,
				279023EC2738D6490086012E /* livescores.html in Resources */,
				27C9017D270AED4700FAE650 /* LaunchScreen.storyboard in Resources */,
				27C9017A270AED4700FAE650 /* Assets.xcassets in Resources */,
				27C90178270AED4300FAE650 /* Main.storyboard in Resources */,
				279023EB2738D6490086012E /* fixtures.html in Resources */,
				27A2285927201BF400686D91 /* GoogleService-Info.plist in Resources */,
				279023ED2738D6490086012E /* single fixture.html in Resources */,
			);
			runOnlyForDeploymentPostprocessing = 0;
		};
		27C90181270AED4700FAE650 /* Resources */ = {
			isa = PBXResourcesBuildPhase;
			buildActionMask = 2147483647;
			files = (
				272F31552716C22E00C467DA /* .swiftlint.yml in Resources */,
				27A2285A27201BF400686D91 /* GoogleService-Info.plist in Resources */,
			);
			runOnlyForDeploymentPostprocessing = 0;
		};
		27C9018B270AED4700FAE650 /* Resources */ = {
			isa = PBXResourcesBuildPhase;
			buildActionMask = 2147483647;
			files = (
				27A2285B27201BF400686D91 /* GoogleService-Info.plist in Resources */,
			);
			runOnlyForDeploymentPostprocessing = 0;
		};
/* End PBXResourcesBuildPhase section */

/* Begin PBXShellScriptBuildPhase section */
		27C901A4270B463800FAE650 /* ShellScript */ = {
			isa = PBXShellScriptBuildPhase;
			buildActionMask = 2147483647;
			files = (
			);
			inputFileListPaths = (
			);
			inputPaths = (
			);
			outputFileListPaths = (
			);
			outputPaths = (
			);
			runOnlyForDeploymentPostprocessing = 0;
			shellPath = /bin/sh;
			shellScript = "# Type a script or drag a script file from your workspace to insert its path.\nif which swiftlint >/dev/null; then\n  swiftlint\nelse\n  echo \"warning: SwiftLint not installed, download from https://github.com/realm/SwiftLint\"\nfi\n";
		};
		398C3FF53D951797BEE8044B /* [CP] Embed Pods Frameworks */ = {
			isa = PBXShellScriptBuildPhase;
			buildActionMask = 2147483647;
			files = (
			);
			inputFileListPaths = (
				"${PODS_ROOT}/Target Support Files/Pods-Kick-Starter/Pods-Kick-Starter-frameworks-${CONFIGURATION}-input-files.xcfilelist",
			);
			name = "[CP] Embed Pods Frameworks";
			outputFileListPaths = (
				"${PODS_ROOT}/Target Support Files/Pods-Kick-Starter/Pods-Kick-Starter-frameworks-${CONFIGURATION}-output-files.xcfilelist",
			);
			runOnlyForDeploymentPostprocessing = 0;
			shellPath = /bin/sh;
			shellScript = "\"${PODS_ROOT}/Target Support Files/Pods-Kick-Starter/Pods-Kick-Starter-frameworks.sh\"\n";
			showEnvVarsInLog = 0;
		};
		56D81EBBC59886266A84FC10 /* [CP] Embed Pods Frameworks */ = {
			isa = PBXShellScriptBuildPhase;
			buildActionMask = 2147483647;
			files = (
			);
			inputFileListPaths = (
				"${PODS_ROOT}/Target Support Files/Pods-Kick-Starter-Kick-StarterUITests/Pods-Kick-Starter-Kick-StarterUITests-frameworks-${CONFIGURATION}-input-files.xcfilelist",
			);
			name = "[CP] Embed Pods Frameworks";
			outputFileListPaths = (
				"${PODS_ROOT}/Target Support Files/Pods-Kick-Starter-Kick-StarterUITests/Pods-Kick-Starter-Kick-StarterUITests-frameworks-${CONFIGURATION}-output-files.xcfilelist",
			);
			runOnlyForDeploymentPostprocessing = 0;
			shellPath = /bin/sh;
			shellScript = "\"${PODS_ROOT}/Target Support Files/Pods-Kick-Starter-Kick-StarterUITests/Pods-Kick-Starter-Kick-StarterUITests-frameworks.sh\"\n";
			showEnvVarsInLog = 0;
		};
		6192C69DD3A3A2E2A3010D63 /* [CP] Check Pods Manifest.lock */ = {
			isa = PBXShellScriptBuildPhase;
			buildActionMask = 2147483647;
			files = (
			);
			inputFileListPaths = (
			);
			inputPaths = (
				"${PODS_PODFILE_DIR_PATH}/Podfile.lock",
				"${PODS_ROOT}/Manifest.lock",
			);
			name = "[CP] Check Pods Manifest.lock";
			outputFileListPaths = (
			);
			outputPaths = (
				"$(DERIVED_FILE_DIR)/Pods-Kick-Starter-checkManifestLockResult.txt",
			);
			runOnlyForDeploymentPostprocessing = 0;
			shellPath = /bin/sh;
			shellScript = "diff \"${PODS_PODFILE_DIR_PATH}/Podfile.lock\" \"${PODS_ROOT}/Manifest.lock\" > /dev/null\nif [ $? != 0 ] ; then\n    # print error to STDERR\n    echo \"error: The sandbox is not in sync with the Podfile.lock. Run 'pod install' or update your CocoaPods installation.\" >&2\n    exit 1\nfi\n# This output is used by Xcode 'outputs' to avoid re-running this script phase.\necho \"SUCCESS\" > \"${SCRIPT_OUTPUT_FILE_0}\"\n";
			showEnvVarsInLog = 0;
		};
		774489DBD069F80FFD666850 /* [CP] Check Pods Manifest.lock */ = {
			isa = PBXShellScriptBuildPhase;
			buildActionMask = 2147483647;
			files = (
			);
			inputFileListPaths = (
			);
			inputPaths = (
				"${PODS_PODFILE_DIR_PATH}/Podfile.lock",
				"${PODS_ROOT}/Manifest.lock",
			);
			name = "[CP] Check Pods Manifest.lock";
			outputFileListPaths = (
			);
			outputPaths = (
				"$(DERIVED_FILE_DIR)/Pods-Kick-StarterTests-checkManifestLockResult.txt",
			);
			runOnlyForDeploymentPostprocessing = 0;
			shellPath = /bin/sh;
			shellScript = "diff \"${PODS_PODFILE_DIR_PATH}/Podfile.lock\" \"${PODS_ROOT}/Manifest.lock\" > /dev/null\nif [ $? != 0 ] ; then\n    # print error to STDERR\n    echo \"error: The sandbox is not in sync with the Podfile.lock. Run 'pod install' or update your CocoaPods installation.\" >&2\n    exit 1\nfi\n# This output is used by Xcode 'outputs' to avoid re-running this script phase.\necho \"SUCCESS\" > \"${SCRIPT_OUTPUT_FILE_0}\"\n";
			showEnvVarsInLog = 0;
		};
		96E21A61EF069355DEFFDBDD /* [CP] Check Pods Manifest.lock */ = {
			isa = PBXShellScriptBuildPhase;
			buildActionMask = 2147483647;
			files = (
			);
			inputFileListPaths = (
			);
			inputPaths = (
				"${PODS_PODFILE_DIR_PATH}/Podfile.lock",
				"${PODS_ROOT}/Manifest.lock",
			);
			name = "[CP] Check Pods Manifest.lock";
			outputFileListPaths = (
			);
			outputPaths = (
				"$(DERIVED_FILE_DIR)/Pods-Kick-Starter-Kick-StarterUITests-checkManifestLockResult.txt",
			);
			runOnlyForDeploymentPostprocessing = 0;
			shellPath = /bin/sh;
			shellScript = "diff \"${PODS_PODFILE_DIR_PATH}/Podfile.lock\" \"${PODS_ROOT}/Manifest.lock\" > /dev/null\nif [ $? != 0 ] ; then\n    # print error to STDERR\n    echo \"error: The sandbox is not in sync with the Podfile.lock. Run 'pod install' or update your CocoaPods installation.\" >&2\n    exit 1\nfi\n# This output is used by Xcode 'outputs' to avoid re-running this script phase.\necho \"SUCCESS\" > \"${SCRIPT_OUTPUT_FILE_0}\"\n";
			showEnvVarsInLog = 0;
		};
/* End PBXShellScriptBuildPhase section */

/* Begin PBXSourcesBuildPhase section */
		27C90169270AED4300FAE650 /* Sources */ = {
			isa = PBXSourcesBuildPhase;
			buildActionMask = 2147483647;
			files = (
				272F3144270F873300C467DA /* Colours.swift in Sources */,
				27A228692721677E00686D91 /* LeagueViewModelDelegate.swift in Sources */,
				272F313B270EFF5500C467DA /* UIViewController+Extension.swift in Sources */,
				27A2284A271F325900686D91 /* LeagueTableViewController.swift in Sources */,
				272F3137270DBBB000C467DA /* UIImageView+Extensions.swift in Sources */,
				27A2287027217F4500686D91 /* ResultsViewController.swift in Sources */,
				27A2286727215B4700686D91 /* LeagueRepositable.swift in Sources */,
				27C90175270AED4300FAE650 /* TeamViewController.swift in Sources */,
				27C90171270AED4300FAE650 /* AppDelegate.swift in Sources */,
				27A2284C271F329A00686D91 /* LeagueTableViewCell.swift in Sources */,
				27A2286527215B1600686D91 /* LeagueRepository.swift in Sources */,
				27C901B9270C5CCB00FAE650 /* Constants.swift in Sources */,
				27A22843271D930A00686D91 /* SingleVenueViewController.m in Sources */,
				27A22847271D9B0D00686D91 /* SingleVenueViewModel.m in Sources */,
				27A2284E271F32FF00686D91 /* LeagueViewModel.swift in Sources */,
				272F3139270EFBBA00C467DA /* TeamCollectionViewCell.swift in Sources */,
				272F313D270EFF6C00C467DA /* Array+Extension.swift in Sources */,
				279100E827311610007546F5 /* SingleFixtureViewModel.swift in Sources */,
				27C901BB270C837A00FAE650 /* Endpoints.swift in Sources */,
				27C90173270AED4300FAE650 /* SceneDelegate.swift in Sources */,
				279100E6273115F6007546F5 /* SingleFixtureViewController.swift in Sources */,
			);
			runOnlyForDeploymentPostprocessing = 0;
		};
		27C9017F270AED4700FAE650 /* Sources */ = {
			isa = PBXSourcesBuildPhase;
			buildActionMask = 2147483647;
			files = (
				272F31542715C48B00C467DA /* Array+Extension.swift in Sources */,
				27A2287827297C7D00686D91 /* LeagueViewModel.swift in Sources */,
				27A2287A27297CB500686D91 /* LeagueRepositable.swift in Sources */,
				279100CA272A77FA007546F5 /* SingleVenueViewModelTests.swift in Sources */,
				272F31532715C45D00C467DA /* Endpoints.swift in Sources */,
				272F314A2714291800C467DA /* TeamViewModelTests.swift in Sources */,
				27A2287B27297CE200686D91 /* LeagueViewModelDelegate.swift in Sources */,
				27A22876272973BD00686D91 /* LeagueViewModelTests.swift in Sources */,
			);
			runOnlyForDeploymentPostprocessing = 0;
		};
		27C90189270AED4700FAE650 /* Sources */ = {
			isa = PBXSourcesBuildPhase;
			buildActionMask = 2147483647;
			files = (
				27C90194270AED4700FAE650 /* Kick_StarterUITestsLaunchTests.swift in Sources */,
				27C90192270AED4700FAE650 /* Kick_StarterUITests.swift in Sources */,
			);
			runOnlyForDeploymentPostprocessing = 0;
		};
/* End PBXSourcesBuildPhase section */

/* Begin PBXTargetDependency section */
		27C90185270AED4700FAE650 /* PBXTargetDependency */ = {
			isa = PBXTargetDependency;
			target = 27C9016C270AED4300FAE650 /* Kick-Starter */;
			targetProxy = 27C90184270AED4700FAE650 /* PBXContainerItemProxy */;
		};
		27C9018F270AED4700FAE650 /* PBXTargetDependency */ = {
			isa = PBXTargetDependency;
			target = 27C9016C270AED4300FAE650 /* Kick-Starter */;
			targetProxy = 27C9018E270AED4700FAE650 /* PBXContainerItemProxy */;
		};
/* End PBXTargetDependency section */

/* Begin PBXVariantGroup section */
		27C90176270AED4300FAE650 /* Main.storyboard */ = {
			isa = PBXVariantGroup;
			children = (
				27C90177270AED4300FAE650 /* Base */,
			);
			name = Main.storyboard;
			sourceTree = "<group>";
		};
		27C9017B270AED4700FAE650 /* LaunchScreen.storyboard */ = {
			isa = PBXVariantGroup;
			children = (
				27C9017C270AED4700FAE650 /* Base */,
			);
			name = LaunchScreen.storyboard;
			sourceTree = "<group>";
		};
/* End PBXVariantGroup section */

/* Begin XCBuildConfiguration section */
		27C90195270AED4700FAE650 /* Debug */ = {
			isa = XCBuildConfiguration;
			buildSettings = {
				ALWAYS_SEARCH_USER_PATHS = NO;
				CLANG_ANALYZER_LOCALIZABILITY_NONLOCALIZED = YES;
				CLANG_ANALYZER_NONNULL = YES;
				CLANG_ANALYZER_NUMBER_OBJECT_CONVERSION = YES_AGGRESSIVE;
				CLANG_CXX_LANGUAGE_STANDARD = "gnu++17";
				CLANG_CXX_LIBRARY = "libc++";
				CLANG_ENABLE_MODULES = YES;
				CLANG_ENABLE_OBJC_ARC = YES;
				CLANG_ENABLE_OBJC_WEAK = YES;
				CLANG_WARN_BLOCK_CAPTURE_AUTORELEASING = YES;
				CLANG_WARN_BOOL_CONVERSION = YES;
				CLANG_WARN_COMMA = YES;
				CLANG_WARN_CONSTANT_CONVERSION = YES;
				CLANG_WARN_DEPRECATED_OBJC_IMPLEMENTATIONS = YES;
				CLANG_WARN_DIRECT_OBJC_ISA_USAGE = YES_ERROR;
				CLANG_WARN_DOCUMENTATION_COMMENTS = YES;
				CLANG_WARN_EMPTY_BODY = YES;
				CLANG_WARN_ENUM_CONVERSION = YES;
				CLANG_WARN_INFINITE_RECURSION = YES;
				CLANG_WARN_INT_CONVERSION = YES;
				CLANG_WARN_NON_LITERAL_NULL_CONVERSION = YES;
				CLANG_WARN_OBJC_IMPLICIT_RETAIN_SELF = YES;
				CLANG_WARN_OBJC_LITERAL_CONVERSION = YES;
				CLANG_WARN_OBJC_ROOT_CLASS = YES_ERROR;
				CLANG_WARN_QUOTED_INCLUDE_IN_FRAMEWORK_HEADER = YES;
				CLANG_WARN_RANGE_LOOP_ANALYSIS = YES;
				CLANG_WARN_STRICT_PROTOTYPES = YES;
				CLANG_WARN_SUSPICIOUS_MOVE = YES;
				CLANG_WARN_UNGUARDED_AVAILABILITY = YES_AGGRESSIVE;
				CLANG_WARN_UNREACHABLE_CODE = YES;
				CLANG_WARN__DUPLICATE_METHOD_MATCH = YES;
				COPY_PHASE_STRIP = NO;
				DEBUG_INFORMATION_FORMAT = dwarf;
				ENABLE_STRICT_OBJC_MSGSEND = YES;
				ENABLE_TESTABILITY = YES;
				GCC_C_LANGUAGE_STANDARD = gnu11;
				GCC_DYNAMIC_NO_PIC = NO;
				GCC_NO_COMMON_BLOCKS = YES;
				GCC_OPTIMIZATION_LEVEL = 0;
				GCC_PREPROCESSOR_DEFINITIONS = (
					"DEBUG=1",
					"$(inherited)",
				);
				GCC_WARN_64_TO_32_BIT_CONVERSION = YES;
				GCC_WARN_ABOUT_RETURN_TYPE = YES_ERROR;
				GCC_WARN_UNDECLARED_SELECTOR = YES;
				GCC_WARN_UNINITIALIZED_AUTOS = YES_AGGRESSIVE;
				GCC_WARN_UNUSED_FUNCTION = YES;
				GCC_WARN_UNUSED_VARIABLE = YES;
				IPHONEOS_DEPLOYMENT_TARGET = 15.0;
				MTL_ENABLE_DEBUG_INFO = INCLUDE_SOURCE;
				MTL_FAST_MATH = YES;
				ONLY_ACTIVE_ARCH = YES;
				SDKROOT = iphoneos;
				SWIFT_ACTIVE_COMPILATION_CONDITIONS = DEBUG;
				SWIFT_OPTIMIZATION_LEVEL = "-Onone";
			};
			name = Debug;
		};
		27C90196270AED4700FAE650 /* Release */ = {
			isa = XCBuildConfiguration;
			buildSettings = {
				ALWAYS_SEARCH_USER_PATHS = NO;
				CLANG_ANALYZER_LOCALIZABILITY_NONLOCALIZED = YES;
				CLANG_ANALYZER_NONNULL = YES;
				CLANG_ANALYZER_NUMBER_OBJECT_CONVERSION = YES_AGGRESSIVE;
				CLANG_CXX_LANGUAGE_STANDARD = "gnu++17";
				CLANG_CXX_LIBRARY = "libc++";
				CLANG_ENABLE_MODULES = YES;
				CLANG_ENABLE_OBJC_ARC = YES;
				CLANG_ENABLE_OBJC_WEAK = YES;
				CLANG_WARN_BLOCK_CAPTURE_AUTORELEASING = YES;
				CLANG_WARN_BOOL_CONVERSION = YES;
				CLANG_WARN_COMMA = YES;
				CLANG_WARN_CONSTANT_CONVERSION = YES;
				CLANG_WARN_DEPRECATED_OBJC_IMPLEMENTATIONS = YES;
				CLANG_WARN_DIRECT_OBJC_ISA_USAGE = YES_ERROR;
				CLANG_WARN_DOCUMENTATION_COMMENTS = YES;
				CLANG_WARN_EMPTY_BODY = YES;
				CLANG_WARN_ENUM_CONVERSION = YES;
				CLANG_WARN_INFINITE_RECURSION = YES;
				CLANG_WARN_INT_CONVERSION = YES;
				CLANG_WARN_NON_LITERAL_NULL_CONVERSION = YES;
				CLANG_WARN_OBJC_IMPLICIT_RETAIN_SELF = YES;
				CLANG_WARN_OBJC_LITERAL_CONVERSION = YES;
				CLANG_WARN_OBJC_ROOT_CLASS = YES_ERROR;
				CLANG_WARN_QUOTED_INCLUDE_IN_FRAMEWORK_HEADER = YES;
				CLANG_WARN_RANGE_LOOP_ANALYSIS = YES;
				CLANG_WARN_STRICT_PROTOTYPES = YES;
				CLANG_WARN_SUSPICIOUS_MOVE = YES;
				CLANG_WARN_UNGUARDED_AVAILABILITY = YES_AGGRESSIVE;
				CLANG_WARN_UNREACHABLE_CODE = YES;
				CLANG_WARN__DUPLICATE_METHOD_MATCH = YES;
				COPY_PHASE_STRIP = NO;
				DEBUG_INFORMATION_FORMAT = "dwarf-with-dsym";
				ENABLE_NS_ASSERTIONS = NO;
				ENABLE_STRICT_OBJC_MSGSEND = YES;
				GCC_C_LANGUAGE_STANDARD = gnu11;
				GCC_NO_COMMON_BLOCKS = YES;
				GCC_WARN_64_TO_32_BIT_CONVERSION = YES;
				GCC_WARN_ABOUT_RETURN_TYPE = YES_ERROR;
				GCC_WARN_UNDECLARED_SELECTOR = YES;
				GCC_WARN_UNINITIALIZED_AUTOS = YES_AGGRESSIVE;
				GCC_WARN_UNUSED_FUNCTION = YES;
				GCC_WARN_UNUSED_VARIABLE = YES;
				IPHONEOS_DEPLOYMENT_TARGET = 15.0;
				MTL_ENABLE_DEBUG_INFO = NO;
				MTL_FAST_MATH = YES;
				SDKROOT = iphoneos;
				SWIFT_COMPILATION_MODE = wholemodule;
				SWIFT_OPTIMIZATION_LEVEL = "-O";
				VALIDATE_PRODUCT = YES;
			};
			name = Release;
		};
		27C90198270AED4700FAE650 /* Debug */ = {
			isa = XCBuildConfiguration;
			baseConfigurationReference = 87A6A612D3F4EA9C83E01C18 /* Pods-Kick-Starter.debug.xcconfig */;
			buildSettings = {
				ASSETCATALOG_COMPILER_APPICON_NAME = AppIcon;
				ASSETCATALOG_COMPILER_GLOBAL_ACCENT_COLOR_NAME = AccentColor;
				CLANG_ENABLE_MODULES = YES;
				CODE_SIGN_STYLE = Automatic;
				CURRENT_PROJECT_VERSION = 1;
				GENERATE_INFOPLIST_FILE = YES;
				INFOPLIST_FILE = "Kick-Starter/Info.plist";
				INFOPLIST_KEY_UIApplicationSupportsIndirectInputEvents = YES;
				INFOPLIST_KEY_UILaunchStoryboardName = LaunchScreen;
				INFOPLIST_KEY_UIMainStoryboardFile = Main;
				INFOPLIST_KEY_UISupportedInterfaceOrientations_iPad = "UIInterfaceOrientationPortrait UIInterfaceOrientationPortraitUpsideDown UIInterfaceOrientationLandscapeLeft UIInterfaceOrientationLandscapeRight";
				INFOPLIST_KEY_UISupportedInterfaceOrientations_iPhone = "UIInterfaceOrientationPortrait UIInterfaceOrientationLandscapeLeft UIInterfaceOrientationLandscapeRight";
				LD_RUNPATH_SEARCH_PATHS = (
					"$(inherited)",
					"@executable_path/Frameworks",
				);
				MARKETING_VERSION = 1.0;
				PRODUCT_BUNDLE_IDENTIFIER = "com.an.Kick-Starter";
				PRODUCT_NAME = "$(TARGET_NAME)";
				SWIFT_EMIT_LOC_STRINGS = YES;
				SWIFT_OBJC_BRIDGING_HEADER = "Kick-Starter/Single Venue/Single Venue View Controller/Kick-Starter-Bridging-Header.h";
				SWIFT_OBJC_INTERFACE_HEADER_NAME = "$(PROJECT_NAME)-Swift.h";
				SWIFT_OPTIMIZATION_LEVEL = "-Onone";
				SWIFT_VERSION = 5.0;
				TARGETED_DEVICE_FAMILY = "1,2";
			};
			name = Debug;
		};
		27C90199270AED4700FAE650 /* Release */ = {
			isa = XCBuildConfiguration;
			baseConfigurationReference = 375696D65D664863F68B9726 /* Pods-Kick-Starter.release.xcconfig */;
			buildSettings = {
				ASSETCATALOG_COMPILER_APPICON_NAME = AppIcon;
				ASSETCATALOG_COMPILER_GLOBAL_ACCENT_COLOR_NAME = AccentColor;
				CLANG_ENABLE_MODULES = YES;
				CODE_SIGN_STYLE = Automatic;
				CURRENT_PROJECT_VERSION = 1;
				GENERATE_INFOPLIST_FILE = YES;
				INFOPLIST_FILE = "Kick-Starter/Info.plist";
				INFOPLIST_KEY_UIApplicationSupportsIndirectInputEvents = YES;
				INFOPLIST_KEY_UILaunchStoryboardName = LaunchScreen;
				INFOPLIST_KEY_UIMainStoryboardFile = Main;
				INFOPLIST_KEY_UISupportedInterfaceOrientations_iPad = "UIInterfaceOrientationPortrait UIInterfaceOrientationPortraitUpsideDown UIInterfaceOrientationLandscapeLeft UIInterfaceOrientationLandscapeRight";
				INFOPLIST_KEY_UISupportedInterfaceOrientations_iPhone = "UIInterfaceOrientationPortrait UIInterfaceOrientationLandscapeLeft UIInterfaceOrientationLandscapeRight";
				LD_RUNPATH_SEARCH_PATHS = (
					"$(inherited)",
					"@executable_path/Frameworks",
				);
				MARKETING_VERSION = 1.0;
				PRODUCT_BUNDLE_IDENTIFIER = "com.an.Kick-Starter";
				PRODUCT_NAME = "$(TARGET_NAME)";
				SWIFT_EMIT_LOC_STRINGS = YES;
				SWIFT_OBJC_BRIDGING_HEADER = "Kick-Starter/Single Venue/Single Venue View Controller/Kick-Starter-Bridging-Header.h";
				SWIFT_OBJC_INTERFACE_HEADER_NAME = "$(PROJECT_NAME)-Swift.h";
				SWIFT_VERSION = 5.0;
				TARGETED_DEVICE_FAMILY = "1,2";
			};
			name = Release;
		};
		27C9019B270AED4700FAE650 /* Debug */ = {
			isa = XCBuildConfiguration;
			baseConfigurationReference = D561F1E3749D7FD1BBE8C4CF /* Pods-Kick-StarterTests.debug.xcconfig */;
			buildSettings = {
				ALWAYS_EMBED_SWIFT_STANDARD_LIBRARIES = YES;
				BUNDLE_LOADER = "$(TEST_HOST)";
				CODE_SIGN_STYLE = Automatic;
				CURRENT_PROJECT_VERSION = 1;
				GENERATE_INFOPLIST_FILE = YES;
				IPHONEOS_DEPLOYMENT_TARGET = 15.0;
				LD_RUNPATH_SEARCH_PATHS = (
					"$(inherited)",
					"@executable_path/Frameworks",
					"@loader_path/Frameworks",
				);
				MARKETING_VERSION = 1.0;
				PRODUCT_BUNDLE_IDENTIFIER = "com.an.Kick-StarterTests";
				PRODUCT_NAME = "$(TARGET_NAME)";
				SWIFT_EMIT_LOC_STRINGS = NO;
				SWIFT_OBJC_BRIDGING_HEADER = "Kick-Starter/Single Venue/Single Venue View Controller/Kick-Starter-Bridging-Header.h";
				SWIFT_OBJC_INTERFACE_HEADER_NAME = "$(PROJECT_NAME)-Swift.h";
				SWIFT_VERSION = 5.0;
				TARGETED_DEVICE_FAMILY = "1,2";
				TEST_HOST = "$(BUILT_PRODUCTS_DIR)/Kick-Starter.app/Kick-Starter";
			};
			name = Debug;
		};
		27C9019C270AED4700FAE650 /* Release */ = {
			isa = XCBuildConfiguration;
			baseConfigurationReference = 02725314BDDBA74BCCDE9789 /* Pods-Kick-StarterTests.release.xcconfig */;
			buildSettings = {
				ALWAYS_EMBED_SWIFT_STANDARD_LIBRARIES = YES;
				BUNDLE_LOADER = "$(TEST_HOST)";
				CODE_SIGN_STYLE = Automatic;
				CURRENT_PROJECT_VERSION = 1;
				GENERATE_INFOPLIST_FILE = YES;
				IPHONEOS_DEPLOYMENT_TARGET = 15.0;
				LD_RUNPATH_SEARCH_PATHS = (
					"$(inherited)",
					"@executable_path/Frameworks",
					"@loader_path/Frameworks",
				);
				MARKETING_VERSION = 1.0;
				PRODUCT_BUNDLE_IDENTIFIER = "com.an.Kick-StarterTests";
				PRODUCT_NAME = "$(TARGET_NAME)";
				SWIFT_EMIT_LOC_STRINGS = NO;
				SWIFT_OBJC_BRIDGING_HEADER = "Kick-Starter/Single Venue/Single Venue View Controller/Kick-Starter-Bridging-Header.h";
				SWIFT_OBJC_INTERFACE_HEADER_NAME = "$(PROJECT_NAME)-Swift.h";
				SWIFT_VERSION = 5.0;
				TARGETED_DEVICE_FAMILY = "1,2";
				TEST_HOST = "$(BUILT_PRODUCTS_DIR)/Kick-Starter.app/Kick-Starter";
			};
			name = Release;
		};
		27C9019E270AED4700FAE650 /* Debug */ = {
			isa = XCBuildConfiguration;
			baseConfigurationReference = DFD1277844989EC31DDE8EEF /* Pods-Kick-Starter-Kick-StarterUITests.debug.xcconfig */;
			buildSettings = {
				ALWAYS_EMBED_SWIFT_STANDARD_LIBRARIES = YES;
				CODE_SIGN_STYLE = Automatic;
				CURRENT_PROJECT_VERSION = 1;
				GENERATE_INFOPLIST_FILE = YES;
				LD_RUNPATH_SEARCH_PATHS = (
					"$(inherited)",
					"@executable_path/Frameworks",
					"@loader_path/Frameworks",
				);
				MARKETING_VERSION = 1.0;
				PRODUCT_BUNDLE_IDENTIFIER = "com.an.Kick-StarterUITests";
				PRODUCT_NAME = "$(TARGET_NAME)";
				SWIFT_EMIT_LOC_STRINGS = NO;
				SWIFT_VERSION = 5.0;
				TARGETED_DEVICE_FAMILY = "1,2";
				TEST_TARGET_NAME = "Kick-Starter";
			};
			name = Debug;
		};
		27C9019F270AED4700FAE650 /* Release */ = {
			isa = XCBuildConfiguration;
			baseConfigurationReference = 081457751F71D7E6072554B4 /* Pods-Kick-Starter-Kick-StarterUITests.release.xcconfig */;
			buildSettings = {
				ALWAYS_EMBED_SWIFT_STANDARD_LIBRARIES = YES;
				CODE_SIGN_STYLE = Automatic;
				CURRENT_PROJECT_VERSION = 1;
				GENERATE_INFOPLIST_FILE = YES;
				LD_RUNPATH_SEARCH_PATHS = (
					"$(inherited)",
					"@executable_path/Frameworks",
					"@loader_path/Frameworks",
				);
				MARKETING_VERSION = 1.0;
				PRODUCT_BUNDLE_IDENTIFIER = "com.an.Kick-StarterUITests";
				PRODUCT_NAME = "$(TARGET_NAME)";
				SWIFT_EMIT_LOC_STRINGS = NO;
				SWIFT_VERSION = 5.0;
				TARGETED_DEVICE_FAMILY = "1,2";
				TEST_TARGET_NAME = "Kick-Starter";
			};
			name = Release;
		};
/* End XCBuildConfiguration section */

/* Begin XCConfigurationList section */
		27C90168270AED4300FAE650 /* Build configuration list for PBXProject "Kick-Starter" */ = {
			isa = XCConfigurationList;
			buildConfigurations = (
				27C90195270AED4700FAE650 /* Debug */,
				27C90196270AED4700FAE650 /* Release */,
			);
			defaultConfigurationIsVisible = 0;
			defaultConfigurationName = Release;
		};
		27C90197270AED4700FAE650 /* Build configuration list for PBXNativeTarget "Kick-Starter" */ = {
			isa = XCConfigurationList;
			buildConfigurations = (
				27C90198270AED4700FAE650 /* Debug */,
				27C90199270AED4700FAE650 /* Release */,
			);
			defaultConfigurationIsVisible = 0;
			defaultConfigurationName = Release;
		};
		27C9019A270AED4700FAE650 /* Build configuration list for PBXNativeTarget "Kick-StarterTests" */ = {
			isa = XCConfigurationList;
			buildConfigurations = (
				27C9019B270AED4700FAE650 /* Debug */,
				27C9019C270AED4700FAE650 /* Release */,
			);
			defaultConfigurationIsVisible = 0;
			defaultConfigurationName = Release;
		};
		27C9019D270AED4700FAE650 /* Build configuration list for PBXNativeTarget "Kick-StarterUITests" */ = {
			isa = XCConfigurationList;
			buildConfigurations = (
				27C9019E270AED4700FAE650 /* Debug */,
				27C9019F270AED4700FAE650 /* Release */,
			);
			defaultConfigurationIsVisible = 0;
			defaultConfigurationName = Release;
		};
/* End XCConfigurationList section */
	};
	rootObject = 27C90165270AED4300FAE650 /* Project object */;
}
