// !$*UTF8*$!
{
	archiveVersion = 1;
	classes = {
	};
	objectVersion = 55;
	objects = {

/* Begin PBXBuildFile section */
		27C90171270AED4300FAE650 /* AppDelegate.swift in Sources */ = {isa = PBXBuildFile; fileRef = 27C90170270AED4300FAE650 /* AppDelegate.swift */; };
		27C90173270AED4300FAE650 /* SceneDelegate.swift in Sources */ = {isa = PBXBuildFile; fileRef = 27C90172270AED4300FAE650 /* SceneDelegate.swift */; };
		27C90175270AED4300FAE650 /* TeamViewController.swift in Sources */ = {isa = PBXBuildFile; fileRef = 27C90174270AED4300FAE650 /* TeamViewController.swift */; };
		27C90178270AED4300FAE650 /* Main.storyboard in Resources */ = {isa = PBXBuildFile; fileRef = 27C90176270AED4300FAE650 /* Main.storyboard */; };
		27C9017A270AED4700FAE650 /* Assets.xcassets in Resources */ = {isa = PBXBuildFile; fileRef = 27C90179270AED4700FAE650 /* Assets.xcassets */; };
		27C9017D270AED4700FAE650 /* LaunchScreen.storyboard in Resources */ = {isa = PBXBuildFile; fileRef = 27C9017B270AED4700FAE650 /* LaunchScreen.storyboard */; };
		27C90188270AED4700FAE650 /* Kick_StarterTests.swift in Sources */ = {isa = PBXBuildFile; fileRef = 27C90187270AED4700FAE650 /* Kick_StarterTests.swift */; };
		27C90192270AED4700FAE650 /* Kick_StarterUITests.swift in Sources */ = {isa = PBXBuildFile; fileRef = 27C90191270AED4700FAE650 /* Kick_StarterUITests.swift */; };
		27C90194270AED4700FAE650 /* Kick_StarterUITestsLaunchTests.swift in Sources */ = {isa = PBXBuildFile; fileRef = 27C90193270AED4700FAE650 /* Kick_StarterUITestsLaunchTests.swift */; };
		27C901A1270B30A200FAE650 /* SoccerTeamResponseModel.swift in Sources */ = {isa = PBXBuildFile; fileRef = 27C901A0270B30A200FAE650 /* SoccerTeamResponseModel.swift */; };
		27C901A3270B30AF00FAE650 /* TeamViewModel.swift in Sources */ = {isa = PBXBuildFile; fileRef = 27C901A2270B30AF00FAE650 /* TeamViewModel.swift */; };
		27C901A6270B46D100FAE650 /* .swiftlint.yml in Resources */ = {isa = PBXBuildFile; fileRef = 27C901A5270B46D100FAE650 /* .swiftlint.yml */; };
		27C901B8270C5CB800FAE650 /* TeamRepository.swift in Sources */ = {isa = PBXBuildFile; fileRef = 27C901B5270C559B00FAE650 /* TeamRepository.swift */; };
		27C901B9270C5CCB00FAE650 /* Constants.swift in Sources */ = {isa = PBXBuildFile; fileRef = 27C901B3270C540900FAE650 /* Constants.swift */; };
		27C901BB270C837A00FAE650 /* Endpoints.swift in Sources */ = {isa = PBXBuildFile; fileRef = 27C901BA270C837A00FAE650 /* Endpoints.swift */; };
/* End PBXBuildFile section */

/* Begin PBXContainerItemProxy section */
		27C90184270AED4700FAE650 /* PBXContainerItemProxy */ = {
			isa = PBXContainerItemProxy;
			containerPortal = 27C90165270AED4300FAE650 /* Project object */;
			proxyType = 1;
			remoteGlobalIDString = 27C9016C270AED4300FAE650;
			remoteInfo = "Kick-Starter";
		};
		27C9018E270AED4700FAE650 /* PBXContainerItemProxy */ = {
			isa = PBXContainerItemProxy;
			containerPortal = 27C90165270AED4300FAE650 /* Project object */;
			proxyType = 1;
			remoteGlobalIDString = 27C9016C270AED4300FAE650;
			remoteInfo = "Kick-Starter";
		};
/* End PBXContainerItemProxy section */

/* Begin PBXFileReference section */
		27C9016D270AED4300FAE650 /* Kick-Starter.app */ = {isa = PBXFileReference; explicitFileType = wrapper.application; includeInIndex = 0; path = "Kick-Starter.app"; sourceTree = BUILT_PRODUCTS_DIR; };
		27C90170270AED4300FAE650 /* AppDelegate.swift */ = {isa = PBXFileReference; lastKnownFileType = sourcecode.swift; path = AppDelegate.swift; sourceTree = "<group>"; };
		27C90172270AED4300FAE650 /* SceneDelegate.swift */ = {isa = PBXFileReference; lastKnownFileType = sourcecode.swift; path = SceneDelegate.swift; sourceTree = "<group>"; };
		27C90174270AED4300FAE650 /* TeamViewController.swift */ = {isa = PBXFileReference; lastKnownFileType = sourcecode.swift; path = TeamViewController.swift; sourceTree = "<group>"; };
		27C90177270AED4300FAE650 /* Base */ = {isa = PBXFileReference; lastKnownFileType = file.storyboard; name = Base; path = Base.lproj/Main.storyboard; sourceTree = "<group>"; };
		27C90179270AED4700FAE650 /* Assets.xcassets */ = {isa = PBXFileReference; lastKnownFileType = folder.assetcatalog; path = Assets.xcassets; sourceTree = "<group>"; };
		27C9017C270AED4700FAE650 /* Base */ = {isa = PBXFileReference; lastKnownFileType = file.storyboard; name = Base; path = Base.lproj/LaunchScreen.storyboard; sourceTree = "<group>"; };
		27C9017E270AED4700FAE650 /* Info.plist */ = {isa = PBXFileReference; lastKnownFileType = text.plist.xml; path = Info.plist; sourceTree = "<group>"; };
		27C90183270AED4700FAE650 /* Kick-StarterTests.xctest */ = {isa = PBXFileReference; explicitFileType = wrapper.cfbundle; includeInIndex = 0; path = "Kick-StarterTests.xctest"; sourceTree = BUILT_PRODUCTS_DIR; };
		27C90187270AED4700FAE650 /* Kick_StarterTests.swift */ = {isa = PBXFileReference; lastKnownFileType = sourcecode.swift; path = Kick_StarterTests.swift; sourceTree = "<group>"; };
		27C9018D270AED4700FAE650 /* Kick-StarterUITests.xctest */ = {isa = PBXFileReference; explicitFileType = wrapper.cfbundle; includeInIndex = 0; path = "Kick-StarterUITests.xctest"; sourceTree = BUILT_PRODUCTS_DIR; };
		27C90191270AED4700FAE650 /* Kick_StarterUITests.swift */ = {isa = PBXFileReference; lastKnownFileType = sourcecode.swift; path = Kick_StarterUITests.swift; sourceTree = "<group>"; };
		27C90193270AED4700FAE650 /* Kick_StarterUITestsLaunchTests.swift */ = {isa = PBXFileReference; lastKnownFileType = sourcecode.swift; path = Kick_StarterUITestsLaunchTests.swift; sourceTree = "<group>"; };
		27C901A0270B30A200FAE650 /* SoccerTeamResponseModel.swift */ = {isa = PBXFileReference; lastKnownFileType = sourcecode.swift; path = SoccerTeamResponseModel.swift; sourceTree = "<group>"; };
		27C901A2270B30AF00FAE650 /* TeamViewModel.swift */ = {isa = PBXFileReference; lastKnownFileType = sourcecode.swift; path = TeamViewModel.swift; sourceTree = "<group>"; };
		27C901A5270B46D100FAE650 /* .swiftlint.yml */ = {isa = PBXFileReference; lastKnownFileType = text.yaml; path = .swiftlint.yml; sourceTree = "<group>"; };
		27C901B3270C540900FAE650 /* Constants.swift */ = {isa = PBXFileReference; lastKnownFileType = sourcecode.swift; path = Constants.swift; sourceTree = "<group>"; };
		27C901B5270C559B00FAE650 /* TeamRepository.swift */ = {isa = PBXFileReference; lastKnownFileType = sourcecode.swift; path = TeamRepository.swift; sourceTree = "<group>"; };
		27C901BA270C837A00FAE650 /* Endpoints.swift */ = {isa = PBXFileReference; lastKnownFileType = sourcecode.swift; path = Endpoints.swift; sourceTree = "<group>"; };
/* End PBXFileReference section */

/* Begin PBXFrameworksBuildPhase section */
		27C9016A270AED4300FAE650 /* Frameworks */ = {
			isa = PBXFrameworksBuildPhase;
			buildActionMask = 2147483647;
			files = (
			);
			runOnlyForDeploymentPostprocessing = 0;
		};
		27C90180270AED4700FAE650 /* Frameworks */ = {
			isa = PBXFrameworksBuildPhase;
			buildActionMask = 2147483647;
			files = (
			);
			runOnlyForDeploymentPostprocessing = 0;
		};
		27C9018A270AED4700FAE650 /* Frameworks */ = {
			isa = PBXFrameworksBuildPhase;
			buildActionMask = 2147483647;
			files = (
			);
			runOnlyForDeploymentPostprocessing = 0;
		};
/* End PBXFrameworksBuildPhase section */

/* Begin PBXGroup section */
		27C90164270AED4300FAE650 = {
			isa = PBXGroup;
			children = (
				27C9016F270AED4300FAE650 /* Kick-Starter */,
				27C90186270AED4700FAE650 /* Kick-StarterTests */,
				27C90190270AED4700FAE650 /* Kick-StarterUITests */,
				27C9016E270AED4300FAE650 /* Products */,
			);
			sourceTree = "<group>";
		};
		27C9016E270AED4300FAE650 /* Products */ = {
			isa = PBXGroup;
			children = (
				27C9016D270AED4300FAE650 /* Kick-Starter.app */,
				27C90183270AED4700FAE650 /* Kick-StarterTests.xctest */,
				27C9018D270AED4700FAE650 /* Kick-StarterUITests.xctest */,
			);
			name = Products;
			sourceTree = "<group>";
		};
		27C9016F270AED4300FAE650 /* Kick-Starter */ = {
			isa = PBXGroup;
			children = (
				27C901B7270C591600FAE650 /* Repository */,
				27C901B2270C53FB00FAE650 /* Constants */,
				27C901AA270B482300FAE650 /* Models */,
				27C901A9270B481600FAE650 /* View Models */,
				27C901A8270B47B500FAE650 /* ViewControllers */,
				27C901A7270B47A600FAE650 /* Delegates */,
				27C90179270AED4700FAE650 /* Assets.xcassets */,
				27C9017E270AED4700FAE650 /* Info.plist */,
				27C901A5270B46D100FAE650 /* .swiftlint.yml */,
				27C901BA270C837A00FAE650 /* Endpoints.swift */,
			);
			path = "Kick-Starter";
			sourceTree = "<group>";
		};
		27C90186270AED4700FAE650 /* Kick-StarterTests */ = {
			isa = PBXGroup;
			children = (
				27C90187270AED4700FAE650 /* Kick_StarterTests.swift */,
			);
			path = "Kick-StarterTests";
			sourceTree = "<group>";
		};
		27C90190270AED4700FAE650 /* Kick-StarterUITests */ = {
			isa = PBXGroup;
			children = (
				27C90191270AED4700FAE650 /* Kick_StarterUITests.swift */,
				27C90193270AED4700FAE650 /* Kick_StarterUITestsLaunchTests.swift */,
			);
			path = "Kick-StarterUITests";
			sourceTree = "<group>";
		};
		27C901A7270B47A600FAE650 /* Delegates */ = {
			isa = PBXGroup;
			children = (
				27C90170270AED4300FAE650 /* AppDelegate.swift */,
				27C90172270AED4300FAE650 /* SceneDelegate.swift */,
			);
			path = Delegates;
			sourceTree = "<group>";
		};
		27C901A8270B47B500FAE650 /* ViewControllers */ = {
			isa = PBXGroup;
			children = (
				27C90174270AED4300FAE650 /* TeamViewController.swift */,
				27C90176270AED4300FAE650 /* Main.storyboard */,
				27C9017B270AED4700FAE650 /* LaunchScreen.storyboard */,
			);
			path = ViewControllers;
			sourceTree = "<group>";
		};
		27C901A9270B481600FAE650 /* View Models */ = {
			isa = PBXGroup;
			children = (
				27C901A2270B30AF00FAE650 /* TeamViewModel.swift */,
			);
			path = "View Models";
			sourceTree = "<group>";
		};
		27C901AA270B482300FAE650 /* Models */ = {
			isa = PBXGroup;
			children = (
				27C901A0270B30A200FAE650 /* SoccerTeamResponseModel.swift */,
			);
			path = Models;
			sourceTree = "<group>";
		};
		27C901B2270C53FB00FAE650 /* Constants */ = {
			isa = PBXGroup;
			children = (
				27C901B3270C540900FAE650 /* Constants.swift */,
			);
			path = Constants;
			sourceTree = "<group>";
		};
		27C901B7270C591600FAE650 /* Repository */ = {
			isa = PBXGroup;
			children = (
				27C901B5270C559B00FAE650 /* TeamRepository.swift */,
			);
			path = Repository;
			sourceTree = "<group>";
		};
/* End PBXGroup section */

/* Begin PBXNativeTarget section */
		27C9016C270AED4300FAE650 /* Kick-Starter */ = {
			isa = PBXNativeTarget;
			buildConfigurationList = 27C90197270AED4700FAE650 /* Build configuration list for PBXNativeTarget "Kick-Starter" */;
			buildPhases = (
				27C90169270AED4300FAE650 /* Sources */,
				27C9016A270AED4300FAE650 /* Frameworks */,
				27C9016B270AED4300FAE650 /* Resources */,
				27C901A4270B463800FAE650 /* ShellScript */,
			);
			buildRules = (
			);
			dependencies = (
			);
			name = "Kick-Starter";
			productName = "Kick-Starter";
			productReference = 27C9016D270AED4300FAE650 /* Kick-Starter.app */;
			productType = "com.apple.product-type.application";
		};
		27C90182270AED4700FAE650 /* Kick-StarterTests */ = {
			isa = PBXNativeTarget;
			buildConfigurationList = 27C9019A270AED4700FAE650 /* Build configuration list for PBXNativeTarget "Kick-StarterTests" */;
			buildPhases = (
				27C9017F270AED4700FAE650 /* Sources */,
				27C90180270AED4700FAE650 /* Frameworks */,
				27C90181270AED4700FAE650 /* Resources */,
			);
			buildRules = (
			);
			dependencies = (
				27C90185270AED4700FAE650 /* PBXTargetDependency */,
			);
			name = "Kick-StarterTests";
			productName = "Kick-StarterTests";
			productReference = 27C90183270AED4700FAE650 /* Kick-StarterTests.xctest */;
			productType = "com.apple.product-type.bundle.unit-test";
		};
		27C9018C270AED4700FAE650 /* Kick-StarterUITests */ = {
			isa = PBXNativeTarget;
			buildConfigurationList = 27C9019D270AED4700FAE650 /* Build configuration list for PBXNativeTarget "Kick-StarterUITests" */;
			buildPhases = (
				27C90189270AED4700FAE650 /* Sources */,
				27C9018A270AED4700FAE650 /* Frameworks */,
				27C9018B270AED4700FAE650 /* Resources */,
			);
			buildRules = (
			);
			dependencies = (
				27C9018F270AED4700FAE650 /* PBXTargetDependency */,
			);
			name = "Kick-StarterUITests";
			productName = "Kick-StarterUITests";
			productReference = 27C9018D270AED4700FAE650 /* Kick-StarterUITests.xctest */;
			productType = "com.apple.product-type.bundle.ui-testing";
		};
/* End PBXNativeTarget section */

/* Begin PBXProject section */
		27C90165270AED4300FAE650 /* Project object */ = {
			isa = PBXProject;
			attributes = {
				BuildIndependentTargetsInParallel = 1;
				LastSwiftUpdateCheck = 1300;
				LastUpgradeCheck = 1300;
				TargetAttributes = {
					27C9016C270AED4300FAE650 = {
						CreatedOnToolsVersion = 13.0;
					};
					27C90182270AED4700FAE650 = {
						CreatedOnToolsVersion = 13.0;
						TestTargetID = 27C9016C270AED4300FAE650;
					};
					27C9018C270AED4700FAE650 = {
						CreatedOnToolsVersion = 13.0;
						TestTargetID = 27C9016C270AED4300FAE650;
					};
				};
			};
			buildConfigurationList = 27C90168270AED4300FAE650 /* Build configuration list for PBXProject "Kick-Starter" */;
			compatibilityVersion = "Xcode 13.0";
			developmentRegion = en;
			hasScannedForEncodings = 0;
			knownRegions = (
				en,
				Base,
			);
			mainGroup = 27C90164270AED4300FAE650;
			productRefGroup = 27C9016E270AED4300FAE650 /* Products */;
			projectDirPath = "";
			projectRoot = "";
			targets = (
				27C9016C270AED4300FAE650 /* Kick-Starter */,
				27C90182270AED4700FAE650 /* Kick-StarterTests */,
				27C9018C270AED4700FAE650 /* Kick-StarterUITests */,
			);
		};
/* End PBXProject section */

/* Begin PBXResourcesBuildPhase section */
		27C9016B270AED4300FAE650 /* Resources */ = {
			isa = PBXResourcesBuildPhase;
			buildActionMask = 2147483647;
			files = (
				27C901A6270B46D100FAE650 /* .swiftlint.yml in Resources */,
				27C9017D270AED4700FAE650 /* LaunchScreen.storyboard in Resources */,
				27C9017A270AED4700FAE650 /* Assets.xcassets in Resources */,
				27C90178270AED4300FAE650 /* Main.storyboard in Resources */,
			);
			runOnlyForDeploymentPostprocessing = 0;
		};
		27C90181270AED4700FAE650 /* Resources */ = {
			isa = PBXResourcesBuildPhase;
			buildActionMask = 2147483647;
			files = (
			);
			runOnlyForDeploymentPostprocessing = 0;
		};
		27C9018B270AED4700FAE650 /* Resources */ = {
			isa = PBXResourcesBuildPhase;
			buildActionMask = 2147483647;
			files = (
			);
			runOnlyForDeploymentPostprocessing = 0;
		};
/* End PBXResourcesBuildPhase section */

/* Begin PBXShellScriptBuildPhase section */
		27C901A4270B463800FAE650 /* ShellScript */ = {
			isa = PBXShellScriptBuildPhase;
			buildActionMask = 2147483647;
			files = (
			);
			inputFileListPaths = (
			);
			inputPaths = (
			);
			outputFileListPaths = (
			);
			outputPaths = (
			);
			runOnlyForDeploymentPostprocessing = 0;
			shellPath = /bin/sh;
			shellScript = "# Type a script or drag a script file from your workspace to insert its path.\nif which swiftlint >/dev/null; then\n  swiftlint\nelse\n  echo \"warning: SwiftLint not installed, download from https://github.com/realm/SwiftLint\"\nfi\n";
		};
/* End PBXShellScriptBuildPhase section */

/* Begin PBXSourcesBuildPhase section */
		27C90169270AED4300FAE650 /* Sources */ = {
			isa = PBXSourcesBuildPhase;
			buildActionMask = 2147483647;
			files = (
				27C901A3270B30AF00FAE650 /* TeamViewModel.swift in Sources */,
				27C90175270AED4300FAE650 /* TeamViewController.swift in Sources */,
				27C90171270AED4300FAE650 /* AppDelegate.swift in Sources */,
				27C901A1270B30A200FAE650 /* SoccerTeamResponseModel.swift in Sources */,
				27C901B9270C5CCB00FAE650 /* Constants.swift in Sources */,
				27C901B8270C5CB800FAE650 /* TeamRepository.swift in Sources */,
				27C901BB270C837A00FAE650 /* Endpoints.swift in Sources */,
				27C90173270AED4300FAE650 /* SceneDelegate.swift in Sources */,
			);
			runOnlyForDeploymentPostprocessing = 0;
		};
		27C9017F270AED4700FAE650 /* Sources */ = {
			isa = PBXSourcesBuildPhase;
			buildActionMask = 2147483647;
			files = (
				27C90188270AED4700FAE650 /* Kick_StarterTests.swift in Sources */,
			);
			runOnlyForDeploymentPostprocessing = 0;
		};
		27C90189270AED4700FAE650 /* Sources */ = {
			isa = PBXSourcesBuildPhase;
			buildActionMask = 2147483647;
			files = (
				27C90194270AED4700FAE650 /* Kick_StarterUITestsLaunchTests.swift in Sources */,
				27C90192270AED4700FAE650 /* Kick_StarterUITests.swift in Sources */,
			);
			runOnlyForDeploymentPostprocessing = 0;
		};
/* End PBXSourcesBuildPhase section */

/* Begin PBXTargetDependency section */
		27C90185270AED4700FAE650 /* PBXTargetDependency */ = {
			isa = PBXTargetDependency;
			target = 27C9016C270AED4300FAE650 /* Kick-Starter */;
			targetProxy = 27C90184270AED4700FAE650 /* PBXContainerItemProxy */;
		};
		27C9018F270AED4700FAE650 /* PBXTargetDependency */ = {
			isa = PBXTargetDependency;
			target = 27C9016C270AED4300FAE650 /* Kick-Starter */;
			targetProxy = 27C9018E270AED4700FAE650 /* PBXContainerItemProxy */;
		};
/* End PBXTargetDependency section */

/* Begin PBXVariantGroup section */
		27C90176270AED4300FAE650 /* Main.storyboard */ = {
			isa = PBXVariantGroup;
			children = (
				27C90177270AED4300FAE650 /* Base */,
			);
			name = Main.storyboard;
			sourceTree = "<group>";
		};
		27C9017B270AED4700FAE650 /* LaunchScreen.storyboard */ = {
			isa = PBXVariantGroup;
			children = (
				27C9017C270AED4700FAE650 /* Base */,
			);
			name = LaunchScreen.storyboard;
			sourceTree = "<group>";
		};
/* End PBXVariantGroup section */

/* Begin XCBuildConfiguration section */
		27C90195270AED4700FAE650 /* Debug */ = {
			isa = XCBuildConfiguration;
			buildSettings = {
				ALWAYS_SEARCH_USER_PATHS = NO;
				CLANG_ANALYZER_NONNULL = YES;
				CLANG_ANALYZER_NUMBER_OBJECT_CONVERSION = YES_AGGRESSIVE;
				CLANG_CXX_LANGUAGE_STANDARD = "gnu++17";
				CLANG_CXX_LIBRARY = "libc++";
				CLANG_ENABLE_MODULES = YES;
				CLANG_ENABLE_OBJC_ARC = YES;
				CLANG_ENABLE_OBJC_WEAK = YES;
				CLANG_WARN_BLOCK_CAPTURE_AUTORELEASING = YES;
				CLANG_WARN_BOOL_CONVERSION = YES;
				CLANG_WARN_COMMA = YES;
				CLANG_WARN_CONSTANT_CONVERSION = YES;
				CLANG_WARN_DEPRECATED_OBJC_IMPLEMENTATIONS = YES;
				CLANG_WARN_DIRECT_OBJC_ISA_USAGE = YES_ERROR;
				CLANG_WARN_DOCUMENTATION_COMMENTS = YES;
				CLANG_WARN_EMPTY_BODY = YES;
				CLANG_WARN_ENUM_CONVERSION = YES;
				CLANG_WARN_INFINITE_RECURSION = YES;
				CLANG_WARN_INT_CONVERSION = YES;
				CLANG_WARN_NON_LITERAL_NULL_CONVERSION = YES;
				CLANG_WARN_OBJC_IMPLICIT_RETAIN_SELF = YES;
				CLANG_WARN_OBJC_LITERAL_CONVERSION = YES;
				CLANG_WARN_OBJC_ROOT_CLASS = YES_ERROR;
				CLANG_WARN_QUOTED_INCLUDE_IN_FRAMEWORK_HEADER = YES;
				CLANG_WARN_RANGE_LOOP_ANALYSIS = YES;
				CLANG_WARN_STRICT_PROTOTYPES = YES;
				CLANG_WARN_SUSPICIOUS_MOVE = YES;
				CLANG_WARN_UNGUARDED_AVAILABILITY = YES_AGGRESSIVE;
				CLANG_WARN_UNREACHABLE_CODE = YES;
				CLANG_WARN__DUPLICATE_METHOD_MATCH = YES;
				COPY_PHASE_STRIP = NO;
				DEBUG_INFORMATION_FORMAT = dwarf;
				ENABLE_STRICT_OBJC_MSGSEND = YES;
				ENABLE_TESTABILITY = YES;
				GCC_C_LANGUAGE_STANDARD = gnu11;
				GCC_DYNAMIC_NO_PIC = NO;
				GCC_NO_COMMON_BLOCKS = YES;
				GCC_OPTIMIZATION_LEVEL = 0;
				GCC_PREPROCESSOR_DEFINITIONS = (
					"DEBUG=1",
					"$(inherited)",
				);
				GCC_WARN_64_TO_32_BIT_CONVERSION = YES;
				GCC_WARN_ABOUT_RETURN_TYPE = YES_ERROR;
				GCC_WARN_UNDECLARED_SELECTOR = YES;
				GCC_WARN_UNINITIALIZED_AUTOS = YES_AGGRESSIVE;
				GCC_WARN_UNUSED_FUNCTION = YES;
				GCC_WARN_UNUSED_VARIABLE = YES;
				IPHONEOS_DEPLOYMENT_TARGET = 15.0;
				MTL_ENABLE_DEBUG_INFO = INCLUDE_SOURCE;
				MTL_FAST_MATH = YES;
				ONLY_ACTIVE_ARCH = YES;
				SDKROOT = iphoneos;
				SWIFT_ACTIVE_COMPILATION_CONDITIONS = DEBUG;
				SWIFT_OPTIMIZATION_LEVEL = "-Onone";
			};
			name = Debug;
		};
		27C90196270AED4700FAE650 /* Release */ = {
			isa = XCBuildConfiguration;
			buildSettings = {
				ALWAYS_SEARCH_USER_PATHS = NO;
				CLANG_ANALYZER_NONNULL = YES;
				CLANG_ANALYZER_NUMBER_OBJECT_CONVERSION = YES_AGGRESSIVE;
				CLANG_CXX_LANGUAGE_STANDARD = "gnu++17";
				CLANG_CXX_LIBRARY = "libc++";
				CLANG_ENABLE_MODULES = YES;
				CLANG_ENABLE_OBJC_ARC = YES;
				CLANG_ENABLE_OBJC_WEAK = YES;
				CLANG_WARN_BLOCK_CAPTURE_AUTORELEASING = YES;
				CLANG_WARN_BOOL_CONVERSION = YES;
				CLANG_WARN_COMMA = YES;
				CLANG_WARN_CONSTANT_CONVERSION = YES;
				CLANG_WARN_DEPRECATED_OBJC_IMPLEMENTATIONS = YES;
				CLANG_WARN_DIRECT_OBJC_ISA_USAGE = YES_ERROR;
				CLANG_WARN_DOCUMENTATION_COMMENTS = YES;
				CLANG_WARN_EMPTY_BODY = YES;
				CLANG_WARN_ENUM_CONVERSION = YES;
				CLANG_WARN_INFINITE_RECURSION = YES;
				CLANG_WARN_INT_CONVERSION = YES;
				CLANG_WARN_NON_LITERAL_NULL_CONVERSION = YES;
				CLANG_WARN_OBJC_IMPLICIT_RETAIN_SELF = YES;
				CLANG_WARN_OBJC_LITERAL_CONVERSION = YES;
				CLANG_WARN_OBJC_ROOT_CLASS = YES_ERROR;
				CLANG_WARN_QUOTED_INCLUDE_IN_FRAMEWORK_HEADER = YES;
				CLANG_WARN_RANGE_LOOP_ANALYSIS = YES;
				CLANG_WARN_STRICT_PROTOTYPES = YES;
				CLANG_WARN_SUSPICIOUS_MOVE = YES;
				CLANG_WARN_UNGUARDED_AVAILABILITY = YES_AGGRESSIVE;
				CLANG_WARN_UNREACHABLE_CODE = YES;
				CLANG_WARN__DUPLICATE_METHOD_MATCH = YES;
				COPY_PHASE_STRIP = NO;
				DEBUG_INFORMATION_FORMAT = "dwarf-with-dsym";
				ENABLE_NS_ASSERTIONS = NO;
				ENABLE_STRICT_OBJC_MSGSEND = YES;
				GCC_C_LANGUAGE_STANDARD = gnu11;
				GCC_NO_COMMON_BLOCKS = YES;
				GCC_WARN_64_TO_32_BIT_CONVERSION = YES;
				GCC_WARN_ABOUT_RETURN_TYPE = YES_ERROR;
				GCC_WARN_UNDECLARED_SELECTOR = YES;
				GCC_WARN_UNINITIALIZED_AUTOS = YES_AGGRESSIVE;
				GCC_WARN_UNUSED_FUNCTION = YES;
				GCC_WARN_UNUSED_VARIABLE = YES;
				IPHONEOS_DEPLOYMENT_TARGET = 15.0;
				MTL_ENABLE_DEBUG_INFO = NO;
				MTL_FAST_MATH = YES;
				SDKROOT = iphoneos;
				SWIFT_COMPILATION_MODE = wholemodule;
				SWIFT_OPTIMIZATION_LEVEL = "-O";
				VALIDATE_PRODUCT = YES;
			};
			name = Release;
		};
		27C90198270AED4700FAE650 /* Debug */ = {
			isa = XCBuildConfiguration;
			buildSettings = {
				ASSETCATALOG_COMPILER_APPICON_NAME = AppIcon;
				ASSETCATALOG_COMPILER_GLOBAL_ACCENT_COLOR_NAME = AccentColor;
				CODE_SIGN_STYLE = Automatic;
				CURRENT_PROJECT_VERSION = 1;
				GENERATE_INFOPLIST_FILE = YES;
				INFOPLIST_FILE = "Kick-Starter/Info.plist";
				INFOPLIST_KEY_UIApplicationSupportsIndirectInputEvents = YES;
				INFOPLIST_KEY_UILaunchStoryboardName = LaunchScreen;
				INFOPLIST_KEY_UIMainStoryboardFile = Main;
				INFOPLIST_KEY_UISupportedInterfaceOrientations_iPad = "UIInterfaceOrientationPortrait UIInterfaceOrientationPortraitUpsideDown UIInterfaceOrientationLandscapeLeft UIInterfaceOrientationLandscapeRight";
				INFOPLIST_KEY_UISupportedInterfaceOrientations_iPhone = "UIInterfaceOrientationPortrait UIInterfaceOrientationLandscapeLeft UIInterfaceOrientationLandscapeRight";
				LD_RUNPATH_SEARCH_PATHS = (
					"$(inherited)",
					"@executable_path/Frameworks",
				);
				MARKETING_VERSION = 1.0;
				PRODUCT_BUNDLE_IDENTIFIER = "com.an.Kick-Starter";
				PRODUCT_NAME = "$(TARGET_NAME)";
				SWIFT_EMIT_LOC_STRINGS = YES;
				SWIFT_VERSION = 5.0;
				TARGETED_DEVICE_FAMILY = "1,2";
			};
			name = Debug;
		};
		27C90199270AED4700FAE650 /* Release */ = {
			isa = XCBuildConfiguration;
			buildSettings = {
				ASSETCATALOG_COMPILER_APPICON_NAME = AppIcon;
				ASSETCATALOG_COMPILER_GLOBAL_ACCENT_COLOR_NAME = AccentColor;
				CODE_SIGN_STYLE = Automatic;
				CURRENT_PROJECT_VERSION = 1;
				GENERATE_INFOPLIST_FILE = YES;
				INFOPLIST_FILE = "Kick-Starter/Info.plist";
				INFOPLIST_KEY_UIApplicationSupportsIndirectInputEvents = YES;
				INFOPLIST_KEY_UILaunchStoryboardName = LaunchScreen;
				INFOPLIST_KEY_UIMainStoryboardFile = Main;
				INFOPLIST_KEY_UISupportedInterfaceOrientations_iPad = "UIInterfaceOrientationPortrait UIInterfaceOrientationPortraitUpsideDown UIInterfaceOrientationLandscapeLeft UIInterfaceOrientationLandscapeRight";
				INFOPLIST_KEY_UISupportedInterfaceOrientations_iPhone = "UIInterfaceOrientationPortrait UIInterfaceOrientationLandscapeLeft UIInterfaceOrientationLandscapeRight";
				LD_RUNPATH_SEARCH_PATHS = (
					"$(inherited)",
					"@executable_path/Frameworks",
				);
				MARKETING_VERSION = 1.0;
				PRODUCT_BUNDLE_IDENTIFIER = "com.an.Kick-Starter";
				PRODUCT_NAME = "$(TARGET_NAME)";
				SWIFT_EMIT_LOC_STRINGS = YES;
				SWIFT_VERSION = 5.0;
				TARGETED_DEVICE_FAMILY = "1,2";
			};
			name = Release;
		};
		27C9019B270AED4700FAE650 /* Debug */ = {
			isa = XCBuildConfiguration;
			buildSettings = {
				ALWAYS_EMBED_SWIFT_STANDARD_LIBRARIES = YES;
				BUNDLE_LOADER = "$(TEST_HOST)";
				CODE_SIGN_STYLE = Automatic;
				CURRENT_PROJECT_VERSION = 1;
				GENERATE_INFOPLIST_FILE = YES;
				IPHONEOS_DEPLOYMENT_TARGET = 15.0;
				LD_RUNPATH_SEARCH_PATHS = (
					"$(inherited)",
					"@executable_path/Frameworks",
					"@loader_path/Frameworks",
				);
				MARKETING_VERSION = 1.0;
				PRODUCT_BUNDLE_IDENTIFIER = "com.an.Kick-StarterTests";
				PRODUCT_NAME = "$(TARGET_NAME)";
				SWIFT_EMIT_LOC_STRINGS = NO;
				SWIFT_VERSION = 5.0;
				TARGETED_DEVICE_FAMILY = "1,2";
				TEST_HOST = "$(BUILT_PRODUCTS_DIR)/Kick-Starter.app/Kick-Starter";
			};
			name = Debug;
		};
		27C9019C270AED4700FAE650 /* Release */ = {
			isa = XCBuildConfiguration;
			buildSettings = {
				ALWAYS_EMBED_SWIFT_STANDARD_LIBRARIES = YES;
				BUNDLE_LOADER = "$(TEST_HOST)";
				CODE_SIGN_STYLE = Automatic;
				CURRENT_PROJECT_VERSION = 1;
				GENERATE_INFOPLIST_FILE = YES;
				IPHONEOS_DEPLOYMENT_TARGET = 15.0;
				LD_RUNPATH_SEARCH_PATHS = (
					"$(inherited)",
					"@executable_path/Frameworks",
					"@loader_path/Frameworks",
				);
				MARKETING_VERSION = 1.0;
				PRODUCT_BUNDLE_IDENTIFIER = "com.an.Kick-StarterTests";
				PRODUCT_NAME = "$(TARGET_NAME)";
				SWIFT_EMIT_LOC_STRINGS = NO;
				SWIFT_VERSION = 5.0;
				TARGETED_DEVICE_FAMILY = "1,2";
				TEST_HOST = "$(BUILT_PRODUCTS_DIR)/Kick-Starter.app/Kick-Starter";
			};
			name = Release;
		};
		27C9019E270AED4700FAE650 /* Debug */ = {
			isa = XCBuildConfiguration;
			buildSettings = {
				ALWAYS_EMBED_SWIFT_STANDARD_LIBRARIES = YES;
				CODE_SIGN_STYLE = Automatic;
				CURRENT_PROJECT_VERSION = 1;
				GENERATE_INFOPLIST_FILE = YES;
				LD_RUNPATH_SEARCH_PATHS = (
					"$(inherited)",
					"@executable_path/Frameworks",
					"@loader_path/Frameworks",
				);
				MARKETING_VERSION = 1.0;
				PRODUCT_BUNDLE_IDENTIFIER = "com.an.Kick-StarterUITests";
				PRODUCT_NAME = "$(TARGET_NAME)";
				SWIFT_EMIT_LOC_STRINGS = NO;
				SWIFT_VERSION = 5.0;
				TARGETED_DEVICE_FAMILY = "1,2";
				TEST_TARGET_NAME = "Kick-Starter";
			};
			name = Debug;
		};
		27C9019F270AED4700FAE650 /* Release */ = {
			isa = XCBuildConfiguration;
			buildSettings = {
				ALWAYS_EMBED_SWIFT_STANDARD_LIBRARIES = YES;
				CODE_SIGN_STYLE = Automatic;
				CURRENT_PROJECT_VERSION = 1;
				GENERATE_INFOPLIST_FILE = YES;
				LD_RUNPATH_SEARCH_PATHS = (
					"$(inherited)",
					"@executable_path/Frameworks",
					"@loader_path/Frameworks",
				);
				MARKETING_VERSION = 1.0;
				PRODUCT_BUNDLE_IDENTIFIER = "com.an.Kick-StarterUITests";
				PRODUCT_NAME = "$(TARGET_NAME)";
				SWIFT_EMIT_LOC_STRINGS = NO;
				SWIFT_VERSION = 5.0;
				TARGETED_DEVICE_FAMILY = "1,2";
				TEST_TARGET_NAME = "Kick-Starter";
			};
			name = Release;
		};
/* End XCBuildConfiguration section */

/* Begin XCConfigurationList section */
		27C90168270AED4300FAE650 /* Build configuration list for PBXProject "Kick-Starter" */ = {
			isa = XCConfigurationList;
			buildConfigurations = (
				27C90195270AED4700FAE650 /* Debug */,
				27C90196270AED4700FAE650 /* Release */,
			);
			defaultConfigurationIsVisible = 0;
			defaultConfigurationName = Release;
		};
		27C90197270AED4700FAE650 /* Build configuration list for PBXNativeTarget "Kick-Starter" */ = {
			isa = XCConfigurationList;
			buildConfigurations = (
				27C90198270AED4700FAE650 /* Debug */,
				27C90199270AED4700FAE650 /* Release */,
			);
			defaultConfigurationIsVisible = 0;
			defaultConfigurationName = Release;
		};
		27C9019A270AED4700FAE650 /* Build configuration list for PBXNativeTarget "Kick-StarterTests" */ = {
			isa = XCConfigurationList;
			buildConfigurations = (
				27C9019B270AED4700FAE650 /* Debug */,
				27C9019C270AED4700FAE650 /* Release */,
			);
			defaultConfigurationIsVisible = 0;
			defaultConfigurationName = Release;
		};
		27C9019D270AED4700FAE650 /* Build configuration list for PBXNativeTarget "Kick-StarterUITests" */ = {
			isa = XCConfigurationList;
			buildConfigurations = (
				27C9019E270AED4700FAE650 /* Debug */,
				27C9019F270AED4700FAE650 /* Release */,
			);
			defaultConfigurationIsVisible = 0;
			defaultConfigurationName = Release;
		};
/* End XCConfigurationList section */
	};
	rootObject = 27C90165270AED4300FAE650 /* Project object */;
}
