// !$*UTF8*$!
{
	archiveVersion = 1;
	classes = {
	};
	objectVersion = 55;
	objects = {

/* Begin PBXBuildFile section */
		272F3137270DBBB000C467DA /* UIImageView+Extensions.swift in Sources */ = {isa = PBXBuildFile; fileRef = 272F3136270DBBB000C467DA /* UIImageView+Extensions.swift */; };
		272F3139270EFBBA00C467DA /* TeamCollectionViewCell.swift in Sources */ = {isa = PBXBuildFile; fileRef = 272F3138270EFBBA00C467DA /* TeamCollectionViewCell.swift */; };
		272F313B270EFF5500C467DA /* UIViewController+Extension.swift in Sources */ = {isa = PBXBuildFile; fileRef = 272F313A270EFF5500C467DA /* UIViewController+Extension.swift */; };
		272F313D270EFF6C00C467DA /* Array+Extension.swift in Sources */ = {isa = PBXBuildFile; fileRef = 272F313C270EFF6C00C467DA /* Array+Extension.swift */; };
		272F3144270F873300C467DA /* Colours+Extensions.swift in Sources */ = {isa = PBXBuildFile; fileRef = 272F3143270F873300C467DA /* Colours+Extensions.swift */; };
		272F31532715C45D00C467DA /* Endpoints.swift in Sources */ = {isa = PBXBuildFile; fileRef = 27C901BA270C837A00FAE650 /* Endpoints.swift */; };
		272F31542715C48B00C467DA /* Array+Extension.swift in Sources */ = {isa = PBXBuildFile; fileRef = 272F313C270EFF6C00C467DA /* Array+Extension.swift */; };
		273941FA2742ADCC0087315F /* DisplayPlayersViewController.swift in Sources */ = {isa = PBXBuildFile; fileRef = 273941F92742ADCC0087315F /* DisplayPlayersViewController.swift */; };
		273941FF2742B69F0087315F /* TeamsInformationViewController.swift in Sources */ = {isa = PBXBuildFile; fileRef = 273941FE2742B69F0087315F /* TeamsInformationViewController.swift */; };
		273942012742B71B0087315F /* TeamsInformationViewModel.swift in Sources */ = {isa = PBXBuildFile; fileRef = 273942002742B71B0087315F /* TeamsInformationViewModel.swift */; };
		2739420927439A1E0087315F /* DisplayPlayersCollectionViewCell.swift in Sources */ = {isa = PBXBuildFile; fileRef = 2739420827439A1E0087315F /* DisplayPlayersCollectionViewCell.swift */; };
		2739420E2743E6510087315F /* DisplayCoachesViewController.swift in Sources */ = {isa = PBXBuildFile; fileRef = 2739420D2743E6500087315F /* DisplayCoachesViewController.swift */; };
		2739421A2743EA140087315F /* DisplayCoachesTableViewCell.swift in Sources */ = {isa = PBXBuildFile; fileRef = 273942192743EA140087315F /* DisplayCoachesTableViewCell.swift */; };
		273B364427563DFE004D69D4 /* WKInterfaceImage + Extension.swift in Sources */ = {isa = PBXBuildFile; fileRef = 273B364327563DFE004D69D4 /* WKInterfaceImage + Extension.swift */; };
		279023EB2738D6490086012E /* fixtures.html in Resources */ = {isa = PBXBuildFile; fileRef = 279023E82738D6490086012E /* fixtures.html */; };
		279023EC2738D6490086012E /* livescores.html in Resources */ = {isa = PBXBuildFile; fileRef = 279023E92738D6490086012E /* livescores.html */; };
		279023ED2738D6490086012E /* single fixture.html in Resources */ = {isa = PBXBuildFile; fileRef = 279023EA2738D6490086012E /* single fixture.html */; };
		279100CA272A77FA007546F5 /* SingleVenueViewModelTests.swift in Sources */ = {isa = PBXBuildFile; fileRef = 279100C9272A77FA007546F5 /* SingleVenueViewModelTests.swift */; };
		279100E6273115F6007546F5 /* SingleFixtureViewController.swift in Sources */ = {isa = PBXBuildFile; fileRef = 279100E5273115F6007546F5 /* SingleFixtureViewController.swift */; };
		279100E827311610007546F5 /* SingleFixtureViewModel.swift in Sources */ = {isa = PBXBuildFile; fileRef = 279100E727311610007546F5 /* SingleFixtureViewModel.swift */; };
		279B2B49273B7B5E00FDA2B2 /* StartViewController.swift in Sources */ = {isa = PBXBuildFile; fileRef = 279B2B48273B7B5E00FDA2B2 /* StartViewController.swift */; };
		279B2B4C273B7B9D00FDA2B2 /* SignUpViewController.swift in Sources */ = {isa = PBXBuildFile; fileRef = 279B2B4B273B7B9D00FDA2B2 /* SignUpViewController.swift */; };
		279B2B4E273B7BB600FDA2B2 /* LoginViewController.swift in Sources */ = {isa = PBXBuildFile; fileRef = 279B2B4D273B7BB600FDA2B2 /* LoginViewController.swift */; };
		279B2B51273B83BD00FDA2B2 /* AuthenticationRepositable.swift in Sources */ = {isa = PBXBuildFile; fileRef = 279B2B50273B83BD00FDA2B2 /* AuthenticationRepositable.swift */; };
		279B2B54273B83F300FDA2B2 /* AuthenticationRepository.swift in Sources */ = {isa = PBXBuildFile; fileRef = 279B2B53273B83F300FDA2B2 /* AuthenticationRepository.swift */; };
		279B2B57273B849C00FDA2B2 /* SignUpViewModel.swift in Sources */ = {isa = PBXBuildFile; fileRef = 279B2B56273B849C00FDA2B2 /* SignUpViewModel.swift */; };
		279B2B59273B84A800FDA2B2 /* LogInViewModel.swift in Sources */ = {isa = PBXBuildFile; fileRef = 279B2B58273B84A800FDA2B2 /* LogInViewModel.swift */; };
		279B2B5B273BA1D400FDA2B2 /* UIFont+Extensions.swift in Sources */ = {isa = PBXBuildFile; fileRef = 279B2B5A273BA1D400FDA2B2 /* UIFont+Extensions.swift */; };
		279B2B5D273BB0F000FDA2B2 /* LoaderViewController.swift in Sources */ = {isa = PBXBuildFile; fileRef = 279B2B5C273BB0F000FDA2B2 /* LoaderViewController.swift */; };
		27A22843271D930A00686D91 /* SingleVenueViewController.m in Sources */ = {isa = PBXBuildFile; fileRef = 27A22842271D930A00686D91 /* SingleVenueViewController.m */; };
		27A22847271D9B0D00686D91 /* SingleVenueViewModel.m in Sources */ = {isa = PBXBuildFile; fileRef = 27A22846271D9B0D00686D91 /* SingleVenueViewModel.m */; };
		27A2284A271F325900686D91 /* LeagueTableViewController.swift in Sources */ = {isa = PBXBuildFile; fileRef = 27A22849271F325900686D91 /* LeagueTableViewController.swift */; };
		27A2284C271F329A00686D91 /* LeagueTableViewCell.swift in Sources */ = {isa = PBXBuildFile; fileRef = 27A2284B271F329A00686D91 /* LeagueTableViewCell.swift */; };
		27A2284E271F32FF00686D91 /* LeagueViewModel.swift in Sources */ = {isa = PBXBuildFile; fileRef = 27A2284D271F32FF00686D91 /* LeagueViewModel.swift */; };
		27A2285927201BF400686D91 /* GoogleService-Info.plist in Resources */ = {isa = PBXBuildFile; fileRef = 27A2285827201BF400686D91 /* GoogleService-Info.plist */; };
		27A2285A27201BF400686D91 /* GoogleService-Info.plist in Resources */ = {isa = PBXBuildFile; fileRef = 27A2285827201BF400686D91 /* GoogleService-Info.plist */; };
		27A2285B27201BF400686D91 /* GoogleService-Info.plist in Resources */ = {isa = PBXBuildFile; fileRef = 27A2285827201BF400686D91 /* GoogleService-Info.plist */; };
		27A2286527215B1600686D91 /* LeagueRepository.swift in Sources */ = {isa = PBXBuildFile; fileRef = 27A2286427215B1600686D91 /* LeagueRepository.swift */; };
		27A2286727215B4700686D91 /* LeagueRepositable.swift in Sources */ = {isa = PBXBuildFile; fileRef = 27A2286627215B4700686D91 /* LeagueRepositable.swift */; };
		27A2287027217F4500686D91 /* ResultsViewController.swift in Sources */ = {isa = PBXBuildFile; fileRef = 27A2286F27217F4500686D91 /* ResultsViewController.swift */; };
		27A22876272973BD00686D91 /* LeagueViewModelTests.swift in Sources */ = {isa = PBXBuildFile; fileRef = 27A22875272973BD00686D91 /* LeagueViewModelTests.swift */; };
		27A2287827297C7D00686D91 /* LeagueViewModel.swift in Sources */ = {isa = PBXBuildFile; fileRef = 27A2284D271F32FF00686D91 /* LeagueViewModel.swift */; };
		27A2287A27297CB500686D91 /* LeagueRepositable.swift in Sources */ = {isa = PBXBuildFile; fileRef = 27A2286627215B4700686D91 /* LeagueRepositable.swift */; };
		27B0765127541828007CD1CB /* Interface.storyboard in Resources */ = {isa = PBXBuildFile; fileRef = 27B0764F27541828007CD1CB /* Interface.storyboard */; };
		27B076532754182D007CD1CB /* Assets.xcassets in Resources */ = {isa = PBXBuildFile; fileRef = 27B076522754182D007CD1CB /* Assets.xcassets */; };
		27B076592754182E007CD1CB /* TeamInformationWatch WatchKit Extension.appex in Embed App Extensions */ = {isa = PBXBuildFile; fileRef = 27B076582754182E007CD1CB /* TeamInformationWatch WatchKit Extension.appex */; settings = {ATTRIBUTES = (RemoveHeadersOnCopy, ); }; };
		27B0765E2754182E007CD1CB /* InterfaceController.swift in Sources */ = {isa = PBXBuildFile; fileRef = 27B0765D2754182E007CD1CB /* InterfaceController.swift */; };
		27B076602754182E007CD1CB /* ExtensionDelegate.swift in Sources */ = {isa = PBXBuildFile; fileRef = 27B0765F2754182E007CD1CB /* ExtensionDelegate.swift */; };
		27B076622754182E007CD1CB /* NotificationController.swift in Sources */ = {isa = PBXBuildFile; fileRef = 27B076612754182E007CD1CB /* NotificationController.swift */; };
		27B076642754182E007CD1CB /* ComplicationController.swift in Sources */ = {isa = PBXBuildFile; fileRef = 27B076632754182E007CD1CB /* ComplicationController.swift */; };
		27B0766627541831007CD1CB /* Assets.xcassets in Resources */ = {isa = PBXBuildFile; fileRef = 27B0766527541831007CD1CB /* Assets.xcassets */; };
		27B0767227541831007CD1CB /* TeamInformationWatchTests.swift in Sources */ = {isa = PBXBuildFile; fileRef = 27B0767127541831007CD1CB /* TeamInformationWatchTests.swift */; };
		27B0767C27541831007CD1CB /* TeamInformationWatchUITests.swift in Sources */ = {isa = PBXBuildFile; fileRef = 27B0767B27541831007CD1CB /* TeamInformationWatchUITests.swift */; };
		27B0767E27541831007CD1CB /* TeamInformationWatchUITestsLaunchTests.swift in Sources */ = {isa = PBXBuildFile; fileRef = 27B0767D27541831007CD1CB /* TeamInformationWatchUITestsLaunchTests.swift */; };
		27B0768127541831007CD1CB /* TeamInformationWatch.app in Embed Watch Content */ = {isa = PBXBuildFile; fileRef = 27B0764D27541828007CD1CB /* TeamInformationWatch.app */; settings = {ATTRIBUTES = (RemoveHeadersOnCopy, ); }; };
		27C90171270AED4300FAE650 /* AppDelegate.swift in Sources */ = {isa = PBXBuildFile; fileRef = 27C90170270AED4300FAE650 /* AppDelegate.swift */; };
		27C90173270AED4300FAE650 /* SceneDelegate.swift in Sources */ = {isa = PBXBuildFile; fileRef = 27C90172270AED4300FAE650 /* SceneDelegate.swift */; };
		27C90175270AED4300FAE650 /* TeamViewController.swift in Sources */ = {isa = PBXBuildFile; fileRef = 27C90174270AED4300FAE650 /* TeamViewController.swift */; };
		27C90178270AED4300FAE650 /* Main.storyboard in Resources */ = {isa = PBXBuildFile; fileRef = 27C90176270AED4300FAE650 /* Main.storyboard */; };
		27C9017A270AED4700FAE650 /* Assets.xcassets in Resources */ = {isa = PBXBuildFile; fileRef = 27C90179270AED4700FAE650 /* Assets.xcassets */; };
		27C9017D270AED4700FAE650 /* LaunchScreen.storyboard in Resources */ = {isa = PBXBuildFile; fileRef = 27C9017B270AED4700FAE650 /* LaunchScreen.storyboard */; };
		27C90192270AED4700FAE650 /* Kick_StarterUITests.swift in Sources */ = {isa = PBXBuildFile; fileRef = 27C90191270AED4700FAE650 /* Kick_StarterUITests.swift */; };
		27C90194270AED4700FAE650 /* Kick_StarterUITestsLaunchTests.swift in Sources */ = {isa = PBXBuildFile; fileRef = 27C90193270AED4700FAE650 /* Kick_StarterUITestsLaunchTests.swift */; };
		27C901A6270B46D100FAE650 /* .swiftlint.yml in Resources */ = {isa = PBXBuildFile; fileRef = 27C901A5270B46D100FAE650 /* .swiftlint.yml */; };
		27C901B9270C5CCB00FAE650 /* Constants.swift in Sources */ = {isa = PBXBuildFile; fileRef = 27C901B3270C540900FAE650 /* Constants.swift */; };
		27C901BB270C837A00FAE650 /* Endpoints.swift in Sources */ = {isa = PBXBuildFile; fileRef = 27C901BA270C837A00FAE650 /* Endpoints.swift */; };
		A6D37ACDDFEDCD95F69ECC65 /* Pods_Kick_Starter_Kick_StarterUITests.framework in Frameworks */ = {isa = PBXBuildFile; fileRef = 4BF3F8E239AD527417783AC9 /* Pods_Kick_Starter_Kick_StarterUITests.framework */; };
		E1C1D4B5766D0FC81A950444 /* Pods_Kick_StarterTests.framework in Frameworks */ = {isa = PBXBuildFile; fileRef = 5762F79093198313CC0E7306 /* Pods_Kick_StarterTests.framework */; };
		E4E7CD5752F1810A4AF5730E /* Pods_Kick_Starter.framework in Frameworks */ = {isa = PBXBuildFile; fileRef = 8C60F8FE911B8583629754DD /* Pods_Kick_Starter.framework */; };
/* End PBXBuildFile section */

/* Begin PBXContainerItemProxy section */
		27B0765A2754182E007CD1CB /* PBXContainerItemProxy */ = {
			isa = PBXContainerItemProxy;
			containerPortal = 27C90165270AED4300FAE650 /* Project object */;
			proxyType = 1;
			remoteGlobalIDString = 27B076572754182E007CD1CB;
			remoteInfo = "TeamInformationWatch WatchKit Extension";
		};
		27B0766E27541831007CD1CB /* PBXContainerItemProxy */ = {
			isa = PBXContainerItemProxy;
			containerPortal = 27C90165270AED4300FAE650 /* Project object */;
			proxyType = 1;
			remoteGlobalIDString = 27B076572754182E007CD1CB;
			remoteInfo = "TeamInformationWatch WatchKit Extension";
		};
		27B0767827541831007CD1CB /* PBXContainerItemProxy */ = {
			isa = PBXContainerItemProxy;
			containerPortal = 27C90165270AED4300FAE650 /* Project object */;
			proxyType = 1;
			remoteGlobalIDString = 27B0764C27541828007CD1CB;
			remoteInfo = TeamInformationWatch;
		};
		27B0767F27541831007CD1CB /* PBXContainerItemProxy */ = {
			isa = PBXContainerItemProxy;
			containerPortal = 27C90165270AED4300FAE650 /* Project object */;
			proxyType = 1;
			remoteGlobalIDString = 27B0764C27541828007CD1CB;
			remoteInfo = TeamInformationWatch;
		};
		27C90184270AED4700FAE650 /* PBXContainerItemProxy */ = {
			isa = PBXContainerItemProxy;
			containerPortal = 27C90165270AED4300FAE650 /* Project object */;
			proxyType = 1;
			remoteGlobalIDString = 27C9016C270AED4300FAE650;
			remoteInfo = "Kick-Starter";
		};
		27C9018E270AED4700FAE650 /* PBXContainerItemProxy */ = {
			isa = PBXContainerItemProxy;
			containerPortal = 27C90165270AED4300FAE650 /* Project object */;
			proxyType = 1;
			remoteGlobalIDString = 27C9016C270AED4300FAE650;
			remoteInfo = "Kick-Starter";
		};
/* End PBXContainerItemProxy section */

/* Begin PBXCopyFilesBuildPhase section */
		27B0768227541831007CD1CB /* Embed Watch Content */ = {
			isa = PBXCopyFilesBuildPhase;
			buildActionMask = 2147483647;
			dstPath = "$(CONTENTS_FOLDER_PATH)/Watch";
			dstSubfolderSpec = 16;
			files = (
				27B0768127541831007CD1CB /* TeamInformationWatch.app in Embed Watch Content */,
			);
			name = "Embed Watch Content";
			runOnlyForDeploymentPostprocessing = 0;
		};
		27B0768527541831007CD1CB /* Embed App Extensions */ = {
			isa = PBXCopyFilesBuildPhase;
			buildActionMask = 2147483647;
			dstPath = "";
			dstSubfolderSpec = 13;
			files = (
				27B076592754182E007CD1CB /* TeamInformationWatch WatchKit Extension.appex in Embed App Extensions */,
			);
			name = "Embed App Extensions";
			runOnlyForDeploymentPostprocessing = 0;
		};
/* End PBXCopyFilesBuildPhase section */

/* Begin PBXFileReference section */
		00913A5E69A12D2FF1DB064C /* Pods-Kick-StarterTests.debug.xcconfig */ = {isa = PBXFileReference; includeInIndex = 1; lastKnownFileType = text.xcconfig; name = "Pods-Kick-StarterTests.debug.xcconfig"; path = "Target Support Files/Pods-Kick-StarterTests/Pods-Kick-StarterTests.debug.xcconfig"; sourceTree = "<group>"; };
		272F3136270DBBB000C467DA /* UIImageView+Extensions.swift */ = {isa = PBXFileReference; lastKnownFileType = sourcecode.swift; path = "UIImageView+Extensions.swift"; sourceTree = "<group>"; };
		272F3138270EFBBA00C467DA /* TeamCollectionViewCell.swift */ = {isa = PBXFileReference; lastKnownFileType = sourcecode.swift; path = TeamCollectionViewCell.swift; sourceTree = "<group>"; };
		272F313A270EFF5500C467DA /* UIViewController+Extension.swift */ = {isa = PBXFileReference; lastKnownFileType = sourcecode.swift; path = "UIViewController+Extension.swift"; sourceTree = "<group>"; };
		272F313C270EFF6C00C467DA /* Array+Extension.swift */ = {isa = PBXFileReference; lastKnownFileType = sourcecode.swift; path = "Array+Extension.swift"; sourceTree = "<group>"; };
		272F3143270F873300C467DA /* Colours+Extensions.swift */ = {isa = PBXFileReference; lastKnownFileType = sourcecode.swift; path = "Colours+Extensions.swift"; sourceTree = "<group>"; };
		273941F92742ADCC0087315F /* DisplayPlayersViewController.swift */ = {isa = PBXFileReference; lastKnownFileType = sourcecode.swift; path = DisplayPlayersViewController.swift; sourceTree = "<group>"; };
		273941FE2742B69F0087315F /* TeamsInformationViewController.swift */ = {isa = PBXFileReference; lastKnownFileType = sourcecode.swift; path = TeamsInformationViewController.swift; sourceTree = "<group>"; };
		273942002742B71B0087315F /* TeamsInformationViewModel.swift */ = {isa = PBXFileReference; lastKnownFileType = sourcecode.swift; path = TeamsInformationViewModel.swift; sourceTree = "<group>"; };
		2739420827439A1E0087315F /* DisplayPlayersCollectionViewCell.swift */ = {isa = PBXFileReference; lastKnownFileType = sourcecode.swift; path = DisplayPlayersCollectionViewCell.swift; sourceTree = "<group>"; };
		2739420D2743E6500087315F /* DisplayCoachesViewController.swift */ = {isa = PBXFileReference; fileEncoding = 4; lastKnownFileType = sourcecode.swift; path = DisplayCoachesViewController.swift; sourceTree = "<group>"; };
		273942192743EA140087315F /* DisplayCoachesTableViewCell.swift */ = {isa = PBXFileReference; lastKnownFileType = sourcecode.swift; path = DisplayCoachesTableViewCell.swift; sourceTree = "<group>"; };
		273B364327563DFE004D69D4 /* WKInterfaceImage + Extension.swift */ = {isa = PBXFileReference; lastKnownFileType = sourcecode.swift; path = "WKInterfaceImage + Extension.swift"; sourceTree = "<group>"; };
		279023E82738D6490086012E /* fixtures.html */ = {isa = PBXFileReference; fileEncoding = 4; lastKnownFileType = text.html; path = fixtures.html; sourceTree = "<group>"; };
		279023E92738D6490086012E /* livescores.html */ = {isa = PBXFileReference; fileEncoding = 4; lastKnownFileType = text.html; path = livescores.html; sourceTree = "<group>"; };
		279023EA2738D6490086012E /* single fixture.html */ = {isa = PBXFileReference; fileEncoding = 4; lastKnownFileType = text.html; path = "single fixture.html"; sourceTree = "<group>"; };
		279100C9272A77FA007546F5 /* SingleVenueViewModelTests.swift */ = {isa = PBXFileReference; lastKnownFileType = sourcecode.swift; path = SingleVenueViewModelTests.swift; sourceTree = "<group>"; };
		279100E5273115F6007546F5 /* SingleFixtureViewController.swift */ = {isa = PBXFileReference; lastKnownFileType = sourcecode.swift; path = SingleFixtureViewController.swift; sourceTree = "<group>"; };
		279100E727311610007546F5 /* SingleFixtureViewModel.swift */ = {isa = PBXFileReference; lastKnownFileType = sourcecode.swift; path = SingleFixtureViewModel.swift; sourceTree = "<group>"; };
		279B2B48273B7B5E00FDA2B2 /* StartViewController.swift */ = {isa = PBXFileReference; lastKnownFileType = sourcecode.swift; path = StartViewController.swift; sourceTree = "<group>"; };
		279B2B4B273B7B9D00FDA2B2 /* SignUpViewController.swift */ = {isa = PBXFileReference; lastKnownFileType = sourcecode.swift; path = SignUpViewController.swift; sourceTree = "<group>"; };
		279B2B4D273B7BB600FDA2B2 /* LoginViewController.swift */ = {isa = PBXFileReference; lastKnownFileType = sourcecode.swift; path = LoginViewController.swift; sourceTree = "<group>"; };
		279B2B50273B83BD00FDA2B2 /* AuthenticationRepositable.swift */ = {isa = PBXFileReference; lastKnownFileType = sourcecode.swift; path = AuthenticationRepositable.swift; sourceTree = "<group>"; };
		279B2B53273B83F300FDA2B2 /* AuthenticationRepository.swift */ = {isa = PBXFileReference; lastKnownFileType = sourcecode.swift; path = AuthenticationRepository.swift; sourceTree = "<group>"; };
		279B2B56273B849C00FDA2B2 /* SignUpViewModel.swift */ = {isa = PBXFileReference; lastKnownFileType = sourcecode.swift; path = SignUpViewModel.swift; sourceTree = "<group>"; };
		279B2B58273B84A800FDA2B2 /* LogInViewModel.swift */ = {isa = PBXFileReference; lastKnownFileType = sourcecode.swift; path = LogInViewModel.swift; sourceTree = "<group>"; };
		279B2B5A273BA1D400FDA2B2 /* UIFont+Extensions.swift */ = {isa = PBXFileReference; lastKnownFileType = sourcecode.swift; path = "UIFont+Extensions.swift"; sourceTree = "<group>"; };
		279B2B5C273BB0F000FDA2B2 /* LoaderViewController.swift */ = {isa = PBXFileReference; lastKnownFileType = sourcecode.swift; path = LoaderViewController.swift; sourceTree = "<group>"; };
		27A22840271D930A00686D91 /* Kick-Starter-Bridging-Header.h */ = {isa = PBXFileReference; lastKnownFileType = sourcecode.c.h; path = "Kick-Starter-Bridging-Header.h"; sourceTree = "<group>"; };
		27A22841271D930A00686D91 /* SingleVenueViewController.h */ = {isa = PBXFileReference; lastKnownFileType = sourcecode.c.h; path = SingleVenueViewController.h; sourceTree = "<group>"; };
		27A22842271D930A00686D91 /* SingleVenueViewController.m */ = {isa = PBXFileReference; lastKnownFileType = sourcecode.c.objc; path = SingleVenueViewController.m; sourceTree = "<group>"; };
		27A22845271D9B0D00686D91 /* SingleVenueViewModel.h */ = {isa = PBXFileReference; lastKnownFileType = sourcecode.c.h; path = SingleVenueViewModel.h; sourceTree = "<group>"; };
		27A22846271D9B0D00686D91 /* SingleVenueViewModel.m */ = {isa = PBXFileReference; lastKnownFileType = sourcecode.c.objc; path = SingleVenueViewModel.m; sourceTree = "<group>"; };
		27A22849271F325900686D91 /* LeagueTableViewController.swift */ = {isa = PBXFileReference; lastKnownFileType = sourcecode.swift; path = LeagueTableViewController.swift; sourceTree = "<group>"; };
		27A2284B271F329A00686D91 /* LeagueTableViewCell.swift */ = {isa = PBXFileReference; lastKnownFileType = sourcecode.swift; path = LeagueTableViewCell.swift; sourceTree = "<group>"; };
		27A2284D271F32FF00686D91 /* LeagueViewModel.swift */ = {isa = PBXFileReference; lastKnownFileType = sourcecode.swift; path = LeagueViewModel.swift; sourceTree = "<group>"; };
		27A2285827201BF400686D91 /* GoogleService-Info.plist */ = {isa = PBXFileReference; fileEncoding = 4; lastKnownFileType = text.plist.xml; path = "GoogleService-Info.plist"; sourceTree = "<group>"; };
		27A2286427215B1600686D91 /* LeagueRepository.swift */ = {isa = PBXFileReference; lastKnownFileType = sourcecode.swift; path = LeagueRepository.swift; sourceTree = "<group>"; };
		27A2286627215B4700686D91 /* LeagueRepositable.swift */ = {isa = PBXFileReference; lastKnownFileType = sourcecode.swift; path = LeagueRepositable.swift; sourceTree = "<group>"; };
		27A2286F27217F4500686D91 /* ResultsViewController.swift */ = {isa = PBXFileReference; lastKnownFileType = sourcecode.swift; path = ResultsViewController.swift; sourceTree = "<group>"; };
		27A22875272973BD00686D91 /* LeagueViewModelTests.swift */ = {isa = PBXFileReference; lastKnownFileType = sourcecode.swift; path = LeagueViewModelTests.swift; sourceTree = "<group>"; };
		27B0764D27541828007CD1CB /* TeamInformationWatch.app */ = {isa = PBXFileReference; explicitFileType = wrapper.application; includeInIndex = 0; path = TeamInformationWatch.app; sourceTree = BUILT_PRODUCTS_DIR; };
		27B0765027541828007CD1CB /* Base */ = {isa = PBXFileReference; lastKnownFileType = file.storyboard; name = Base; path = Base.lproj/Interface.storyboard; sourceTree = "<group>"; };
		27B076522754182D007CD1CB /* Assets.xcassets */ = {isa = PBXFileReference; lastKnownFileType = folder.assetcatalog; path = Assets.xcassets; sourceTree = "<group>"; };
		27B076582754182E007CD1CB /* TeamInformationWatch WatchKit Extension.appex */ = {isa = PBXFileReference; explicitFileType = "wrapper.app-extension"; includeInIndex = 0; path = "TeamInformationWatch WatchKit Extension.appex"; sourceTree = BUILT_PRODUCTS_DIR; };
		27B0765D2754182E007CD1CB /* InterfaceController.swift */ = {isa = PBXFileReference; lastKnownFileType = sourcecode.swift; path = InterfaceController.swift; sourceTree = "<group>"; };
		27B0765F2754182E007CD1CB /* ExtensionDelegate.swift */ = {isa = PBXFileReference; lastKnownFileType = sourcecode.swift; path = ExtensionDelegate.swift; sourceTree = "<group>"; };
		27B076612754182E007CD1CB /* NotificationController.swift */ = {isa = PBXFileReference; lastKnownFileType = sourcecode.swift; path = NotificationController.swift; sourceTree = "<group>"; };
		27B076632754182E007CD1CB /* ComplicationController.swift */ = {isa = PBXFileReference; lastKnownFileType = sourcecode.swift; path = ComplicationController.swift; sourceTree = "<group>"; };
		27B0766527541831007CD1CB /* Assets.xcassets */ = {isa = PBXFileReference; lastKnownFileType = folder.assetcatalog; path = Assets.xcassets; sourceTree = "<group>"; };
		27B0766727541831007CD1CB /* Info.plist */ = {isa = PBXFileReference; lastKnownFileType = text.plist.xml; path = Info.plist; sourceTree = "<group>"; };
		27B0766827541831007CD1CB /* PushNotificationPayload.apns */ = {isa = PBXFileReference; lastKnownFileType = text; path = PushNotificationPayload.apns; sourceTree = "<group>"; };
		27B0766D27541831007CD1CB /* TeamInformationWatchTests.xctest */ = {isa = PBXFileReference; explicitFileType = wrapper.cfbundle; includeInIndex = 0; path = TeamInformationWatchTests.xctest; sourceTree = BUILT_PRODUCTS_DIR; };
		27B0767127541831007CD1CB /* TeamInformationWatchTests.swift */ = {isa = PBXFileReference; lastKnownFileType = sourcecode.swift; path = TeamInformationWatchTests.swift; sourceTree = "<group>"; };
		27B0767727541831007CD1CB /* TeamInformationWatchUITests.xctest */ = {isa = PBXFileReference; explicitFileType = wrapper.cfbundle; includeInIndex = 0; path = TeamInformationWatchUITests.xctest; sourceTree = BUILT_PRODUCTS_DIR; };
		27B0767B27541831007CD1CB /* TeamInformationWatchUITests.swift */ = {isa = PBXFileReference; lastKnownFileType = sourcecode.swift; path = TeamInformationWatchUITests.swift; sourceTree = "<group>"; };
		27B0767D27541831007CD1CB /* TeamInformationWatchUITestsLaunchTests.swift */ = {isa = PBXFileReference; lastKnownFileType = sourcecode.swift; path = TeamInformationWatchUITestsLaunchTests.swift; sourceTree = "<group>"; };
		27C9016D270AED4300FAE650 /* Kick-Starter.app */ = {isa = PBXFileReference; explicitFileType = wrapper.application; includeInIndex = 0; path = "Kick-Starter.app"; sourceTree = BUILT_PRODUCTS_DIR; };
		27C90170270AED4300FAE650 /* AppDelegate.swift */ = {isa = PBXFileReference; lastKnownFileType = sourcecode.swift; path = AppDelegate.swift; sourceTree = "<group>"; };
		27C90172270AED4300FAE650 /* SceneDelegate.swift */ = {isa = PBXFileReference; lastKnownFileType = sourcecode.swift; path = SceneDelegate.swift; sourceTree = "<group>"; };
		27C90174270AED4300FAE650 /* TeamViewController.swift */ = {isa = PBXFileReference; lastKnownFileType = sourcecode.swift; path = TeamViewController.swift; sourceTree = "<group>"; };
		27C90177270AED4300FAE650 /* Base */ = {isa = PBXFileReference; lastKnownFileType = file.storyboard; name = Base; path = Base.lproj/Main.storyboard; sourceTree = "<group>"; };
		27C90179270AED4700FAE650 /* Assets.xcassets */ = {isa = PBXFileReference; lastKnownFileType = folder.assetcatalog; path = Assets.xcassets; sourceTree = "<group>"; };
		27C9017C270AED4700FAE650 /* Base */ = {isa = PBXFileReference; lastKnownFileType = file.storyboard; name = Base; path = Base.lproj/LaunchScreen.storyboard; sourceTree = "<group>"; };
		27C9017E270AED4700FAE650 /* Info.plist */ = {isa = PBXFileReference; lastKnownFileType = text.plist.xml; path = Info.plist; sourceTree = "<group>"; };
		27C90183270AED4700FAE650 /* Kick-StarterTests.xctest */ = {isa = PBXFileReference; explicitFileType = wrapper.cfbundle; includeInIndex = 0; path = "Kick-StarterTests.xctest"; sourceTree = BUILT_PRODUCTS_DIR; };
		27C9018D270AED4700FAE650 /* Kick-StarterUITests.xctest */ = {isa = PBXFileReference; explicitFileType = wrapper.cfbundle; includeInIndex = 0; path = "Kick-StarterUITests.xctest"; sourceTree = BUILT_PRODUCTS_DIR; };
		27C90191270AED4700FAE650 /* Kick_StarterUITests.swift */ = {isa = PBXFileReference; lastKnownFileType = sourcecode.swift; path = Kick_StarterUITests.swift; sourceTree = "<group>"; };
		27C90193270AED4700FAE650 /* Kick_StarterUITestsLaunchTests.swift */ = {isa = PBXFileReference; lastKnownFileType = sourcecode.swift; path = Kick_StarterUITestsLaunchTests.swift; sourceTree = "<group>"; };
		27C901A5270B46D100FAE650 /* .swiftlint.yml */ = {isa = PBXFileReference; lastKnownFileType = text.yaml; path = .swiftlint.yml; sourceTree = "<group>"; };
		27C901B3270C540900FAE650 /* Constants.swift */ = {isa = PBXFileReference; lastKnownFileType = sourcecode.swift; path = Constants.swift; sourceTree = "<group>"; };
		27C901BA270C837A00FAE650 /* Endpoints.swift */ = {isa = PBXFileReference; lastKnownFileType = sourcecode.swift; path = Endpoints.swift; sourceTree = "<group>"; };
		2AA23E371D9C52425F893427 /* Pods-Kick-Starter.release.xcconfig */ = {isa = PBXFileReference; includeInIndex = 1; lastKnownFileType = text.xcconfig; name = "Pods-Kick-Starter.release.xcconfig"; path = "Target Support Files/Pods-Kick-Starter/Pods-Kick-Starter.release.xcconfig"; sourceTree = "<group>"; };
		34AD2679D73F8CE194E3E5F7 /* Pods-Kick-Starter.debug.xcconfig */ = {isa = PBXFileReference; includeInIndex = 1; lastKnownFileType = text.xcconfig; name = "Pods-Kick-Starter.debug.xcconfig"; path = "Target Support Files/Pods-Kick-Starter/Pods-Kick-Starter.debug.xcconfig"; sourceTree = "<group>"; };
		4BF3F8E239AD527417783AC9 /* Pods_Kick_Starter_Kick_StarterUITests.framework */ = {isa = PBXFileReference; explicitFileType = wrapper.framework; includeInIndex = 0; path = Pods_Kick_Starter_Kick_StarterUITests.framework; sourceTree = BUILT_PRODUCTS_DIR; };
		5762F79093198313CC0E7306 /* Pods_Kick_StarterTests.framework */ = {isa = PBXFileReference; explicitFileType = wrapper.framework; includeInIndex = 0; path = Pods_Kick_StarterTests.framework; sourceTree = BUILT_PRODUCTS_DIR; };
		750B5B41735A8B3375615E01 /* Pods-Kick-Starter-Kick-StarterUITests.debug.xcconfig */ = {isa = PBXFileReference; includeInIndex = 1; lastKnownFileType = text.xcconfig; name = "Pods-Kick-Starter-Kick-StarterUITests.debug.xcconfig"; path = "Target Support Files/Pods-Kick-Starter-Kick-StarterUITests/Pods-Kick-Starter-Kick-StarterUITests.debug.xcconfig"; sourceTree = "<group>"; };
		8C60F8FE911B8583629754DD /* Pods_Kick_Starter.framework */ = {isa = PBXFileReference; explicitFileType = wrapper.framework; includeInIndex = 0; path = Pods_Kick_Starter.framework; sourceTree = BUILT_PRODUCTS_DIR; };
		D72DFA94FC3ADC1DFA5468C4 /* Pods-Kick-StarterTests.release.xcconfig */ = {isa = PBXFileReference; includeInIndex = 1; lastKnownFileType = text.xcconfig; name = "Pods-Kick-StarterTests.release.xcconfig"; path = "Target Support Files/Pods-Kick-StarterTests/Pods-Kick-StarterTests.release.xcconfig"; sourceTree = "<group>"; };
		F4FB5672A0C5B83E57D2EC52 /* Pods-Kick-Starter-Kick-StarterUITests.release.xcconfig */ = {isa = PBXFileReference; includeInIndex = 1; lastKnownFileType = text.xcconfig; name = "Pods-Kick-Starter-Kick-StarterUITests.release.xcconfig"; path = "Target Support Files/Pods-Kick-Starter-Kick-StarterUITests/Pods-Kick-Starter-Kick-StarterUITests.release.xcconfig"; sourceTree = "<group>"; };
/* End PBXFileReference section */

/* Begin PBXFrameworksBuildPhase section */
		27B076552754182E007CD1CB /* Frameworks */ = {
			isa = PBXFrameworksBuildPhase;
			buildActionMask = 2147483647;
			files = (
			);
			runOnlyForDeploymentPostprocessing = 0;
		};
		27B0766A27541831007CD1CB /* Frameworks */ = {
			isa = PBXFrameworksBuildPhase;
			buildActionMask = 2147483647;
			files = (
			);
			runOnlyForDeploymentPostprocessing = 0;
		};
		27B0767427541831007CD1CB /* Frameworks */ = {
			isa = PBXFrameworksBuildPhase;
			buildActionMask = 2147483647;
			files = (
			);
			runOnlyForDeploymentPostprocessing = 0;
		};
		27C9016A270AED4300FAE650 /* Frameworks */ = {
			isa = PBXFrameworksBuildPhase;
			buildActionMask = 2147483647;
			files = (
				E4E7CD5752F1810A4AF5730E /* Pods_Kick_Starter.framework in Frameworks */,
			);
			runOnlyForDeploymentPostprocessing = 0;
		};
		27C90180270AED4700FAE650 /* Frameworks */ = {
			isa = PBXFrameworksBuildPhase;
			buildActionMask = 2147483647;
			files = (
				E1C1D4B5766D0FC81A950444 /* Pods_Kick_StarterTests.framework in Frameworks */,
			);
			runOnlyForDeploymentPostprocessing = 0;
		};
		27C9018A270AED4700FAE650 /* Frameworks */ = {
			isa = PBXFrameworksBuildPhase;
			buildActionMask = 2147483647;
			files = (
				A6D37ACDDFEDCD95F69ECC65 /* Pods_Kick_Starter_Kick_StarterUITests.framework in Frameworks */,
			);
			runOnlyForDeploymentPostprocessing = 0;
		};
/* End PBXFrameworksBuildPhase section */

/* Begin PBXGroup section */
		272F312C270D7D8A00C467DA /* Display Teams */ = {
			isa = PBXGroup;
			children = (
				27C901A8270B47B500FAE650 /* ViewControllers */,
			);
			path = "Display Teams";
			sourceTree = "<group>";
		};
		272F312D270D7E3300C467DA /* API Enums */ = {
			isa = PBXGroup;
			children = (
				27C901BA270C837A00FAE650 /* Endpoints.swift */,
			);
			path = "API Enums";
			sourceTree = "<group>";
		};
		272F312E270D7EE500C467DA /* Screens */ = {
			isa = PBXGroup;
			children = (
				27C90176270AED4300FAE650 /* Main.storyboard */,
				27C9017B270AED4700FAE650 /* LaunchScreen.storyboard */,
				27A2284B271F329A00686D91 /* LeagueTableViewCell.swift */,
				272F3138270EFBBA00C467DA /* TeamCollectionViewCell.swift */,
			);
			path = Screens;
			sourceTree = "<group>";
		};
		272F3135270DBB9E00C467DA /* Extensions */ = {
			isa = PBXGroup;
			children = (
				272F3143270F873300C467DA /* Colours+Extensions.swift */,
				272F3136270DBBB000C467DA /* UIImageView+Extensions.swift */,
				272F313A270EFF5500C467DA /* UIViewController+Extension.swift */,
				272F313C270EFF6C00C467DA /* Array+Extension.swift */,
				279B2B5A273BA1D400FDA2B2 /* UIFont+Extensions.swift */,
			);
			path = Extensions;
			sourceTree = "<group>";
		};
		273941F82742ADBC0087315F /* Display Players */ = {
			isa = PBXGroup;
			children = (
				273941F92742ADCC0087315F /* DisplayPlayersViewController.swift */,
				2739420827439A1E0087315F /* DisplayPlayersCollectionViewCell.swift */,
			);
			path = "Display Players";
			sourceTree = "<group>";
		};
		273941FD2742B6890087315F /* Teams Information */ = {
			isa = PBXGroup;
			children = (
				273941FE2742B69F0087315F /* TeamsInformationViewController.swift */,
				273942002742B71B0087315F /* TeamsInformationViewModel.swift */,
			);
			path = "Teams Information";
			sourceTree = "<group>";
		};
		2739420A2743E5590087315F /* Display Coaches */ = {
			isa = PBXGroup;
			children = (
				2739420D2743E6500087315F /* DisplayCoachesViewController.swift */,
				273942192743EA140087315F /* DisplayCoachesTableViewCell.swift */,
			);
			path = "Display Coaches";
			sourceTree = "<group>";
		};
		279100E4273115AD007546F5 /* Display Single Fixture */ = {
			isa = PBXGroup;
			children = (
				279100E5273115F6007546F5 /* SingleFixtureViewController.swift */,
				279100E727311610007546F5 /* SingleFixtureViewModel.swift */,
			);
			path = "Display Single Fixture";
			sourceTree = "<group>";
		};
		279100ED2732BBBE007546F5 /* HTML Files */ = {
			isa = PBXGroup;
			children = (
				279023E82738D6490086012E /* fixtures.html */,
				279023E92738D6490086012E /* livescores.html */,
				279023EA2738D6490086012E /* single fixture.html */,
			);
			path = "HTML Files";
			sourceTree = "<group>";
		};
		279B2B47273B7A6800FDA2B2 /* Registration And Login */ = {
			isa = PBXGroup;
			children = (
				279B2B55273B848A00FDA2B2 /* View Models */,
				279B2B52273B83E000FDA2B2 /* Repository */,
				279B2B4F273B83AB00FDA2B2 /* Protocols */,
				279B2B4A273B7B8300FDA2B2 /* View Controllers */,
			);
			path = "Registration And Login";
			sourceTree = "<group>";
		};
		279B2B4A273B7B8300FDA2B2 /* View Controllers */ = {
			isa = PBXGroup;
			children = (
				279B2B48273B7B5E00FDA2B2 /* StartViewController.swift */,
				279B2B4B273B7B9D00FDA2B2 /* SignUpViewController.swift */,
				279B2B4D273B7BB600FDA2B2 /* LoginViewController.swift */,
				279B2B5C273BB0F000FDA2B2 /* LoaderViewController.swift */,
			);
			path = "View Controllers";
			sourceTree = "<group>";
		};
		279B2B4F273B83AB00FDA2B2 /* Protocols */ = {
			isa = PBXGroup;
			children = (
				279B2B50273B83BD00FDA2B2 /* AuthenticationRepositable.swift */,
			);
			path = Protocols;
			sourceTree = "<group>";
		};
		279B2B52273B83E000FDA2B2 /* Repository */ = {
			isa = PBXGroup;
			children = (
				279B2B53273B83F300FDA2B2 /* AuthenticationRepository.swift */,
			);
			path = Repository;
			sourceTree = "<group>";
		};
		279B2B55273B848A00FDA2B2 /* View Models */ = {
			isa = PBXGroup;
			children = (
				279B2B56273B849C00FDA2B2 /* SignUpViewModel.swift */,
				279B2B58273B84A800FDA2B2 /* LogInViewModel.swift */,
			);
			path = "View Models";
			sourceTree = "<group>";
		};
		27A2283C271D924700686D91 /* Single Venue */ = {
			isa = PBXGroup;
			children = (
				27A22844271D9A8900686D91 /* Single Venue View Model */,
				27A2283F271D92CE00686D91 /* Single Venue View Controller */,
			);
			path = "Single Venue";
			sourceTree = "<group>";
		};
		27A2283F271D92CE00686D91 /* Single Venue View Controller */ = {
			isa = PBXGroup;
			children = (
				27A22841271D930A00686D91 /* SingleVenueViewController.h */,
				27A22842271D930A00686D91 /* SingleVenueViewController.m */,
				27A22840271D930A00686D91 /* Kick-Starter-Bridging-Header.h */,
			);
			path = "Single Venue View Controller";
			sourceTree = "<group>";
		};
		27A22844271D9A8900686D91 /* Single Venue View Model */ = {
			isa = PBXGroup;
			children = (
				27A22845271D9B0D00686D91 /* SingleVenueViewModel.h */,
				27A22846271D9B0D00686D91 /* SingleVenueViewModel.m */,
			);
			path = "Single Venue View Model";
			sourceTree = "<group>";
		};
		27A22848271F323D00686D91 /* Display Leagues */ = {
			isa = PBXGroup;
			children = (
				27A2286C2721699300686D91 /* Repository */,
				27A22853271FE78000686D91 /* View Controllers */,
				27A22851271FE76F00686D91 /* View Models */,
			);
			path = "Display Leagues";
			sourceTree = "<group>";
		};
		27A22851271FE76F00686D91 /* View Models */ = {
			isa = PBXGroup;
			children = (
				27A2284D271F32FF00686D91 /* LeagueViewModel.swift */,
			);
			path = "View Models";
			sourceTree = "<group>";
		};
		27A22853271FE78000686D91 /* View Controllers */ = {
			isa = PBXGroup;
			children = (
				27A22849271F325900686D91 /* LeagueTableViewController.swift */,
			);
			path = "View Controllers";
			sourceTree = "<group>";
		};
		27A2286C2721699300686D91 /* Repository */ = {
			isa = PBXGroup;
			children = (
				27A2286D272169A900686D91 /* Protocol */,
				27A2286427215B1600686D91 /* LeagueRepository.swift */,
			);
			path = Repository;
			sourceTree = "<group>";
		};
		27A2286D272169A900686D91 /* Protocol */ = {
			isa = PBXGroup;
			children = (
				27A2286627215B4700686D91 /* LeagueRepositable.swift */,
			);
			path = Protocol;
			sourceTree = "<group>";
		};
		27A2286E27217F2B00686D91 /* Display Results */ = {
			isa = PBXGroup;
			children = (
				27A2286F27217F4500686D91 /* ResultsViewController.swift */,
			);
			path = "Display Results";
			sourceTree = "<group>";
		};
		27B0764E27541828007CD1CB /* TeamInformationWatch */ = {
			isa = PBXGroup;
			children = (
				27B0764F27541828007CD1CB /* Interface.storyboard */,
				27B076522754182D007CD1CB /* Assets.xcassets */,
			);
			path = TeamInformationWatch;
			sourceTree = "<group>";
		};
		27B0765C2754182E007CD1CB /* TeamInformationWatch WatchKit Extension */ = {
			isa = PBXGroup;
			children = (
				27B0765D2754182E007CD1CB /* InterfaceController.swift */,
				27B0765F2754182E007CD1CB /* ExtensionDelegate.swift */,
				27B076612754182E007CD1CB /* NotificationController.swift */,
				27B076632754182E007CD1CB /* ComplicationController.swift */,
				27B0766527541831007CD1CB /* Assets.xcassets */,
				27B0766727541831007CD1CB /* Info.plist */,
				27B0766827541831007CD1CB /* PushNotificationPayload.apns */,
				273B364327563DFE004D69D4 /* WKInterfaceImage + Extension.swift */,
			);
			path = "TeamInformationWatch WatchKit Extension";
			sourceTree = "<group>";
		};
		27B0767027541831007CD1CB /* TeamInformationWatchTests */ = {
			isa = PBXGroup;
			children = (
				27B0767127541831007CD1CB /* TeamInformationWatchTests.swift */,
			);
			path = TeamInformationWatchTests;
			sourceTree = "<group>";
		};
		27B0767A27541831007CD1CB /* TeamInformationWatchUITests */ = {
			isa = PBXGroup;
			children = (
				27B0767B27541831007CD1CB /* TeamInformationWatchUITests.swift */,
				27B0767D27541831007CD1CB /* TeamInformationWatchUITestsLaunchTests.swift */,
			);
			path = TeamInformationWatchUITests;
			sourceTree = "<group>";
		};
		27C90164270AED4300FAE650 = {
			isa = PBXGroup;
			children = (
				27C9016F270AED4300FAE650 /* Kick-Starter */,
				27C90186270AED4700FAE650 /* Kick-StarterTests */,
				27C90190270AED4700FAE650 /* Kick-StarterUITests */,
				27B0764E27541828007CD1CB /* TeamInformationWatch */,
				27B0765C2754182E007CD1CB /* TeamInformationWatch WatchKit Extension */,
				27B0767027541831007CD1CB /* TeamInformationWatchTests */,
				27B0767A27541831007CD1CB /* TeamInformationWatchUITests */,
				27C9016E270AED4300FAE650 /* Products */,
				4494011CBB1A21DA9118F992 /* Pods */,
				5521A1CDA9A97E4F51515334 /* Frameworks */,
			);
			sourceTree = "<group>";
		};
		27C9016E270AED4300FAE650 /* Products */ = {
			isa = PBXGroup;
			children = (
				27C9016D270AED4300FAE650 /* Kick-Starter.app */,
				27C90183270AED4700FAE650 /* Kick-StarterTests.xctest */,
				27C9018D270AED4700FAE650 /* Kick-StarterUITests.xctest */,
				27B0764D27541828007CD1CB /* TeamInformationWatch.app */,
				27B076582754182E007CD1CB /* TeamInformationWatch WatchKit Extension.appex */,
				27B0766D27541831007CD1CB /* TeamInformationWatchTests.xctest */,
				27B0767727541831007CD1CB /* TeamInformationWatchUITests.xctest */,
			);
			name = Products;
			sourceTree = "<group>";
		};
		27C9016F270AED4300FAE650 /* Kick-Starter */ = {
			isa = PBXGroup;
			children = (
				2739420A2743E5590087315F /* Display Coaches */,
				273941FD2742B6890087315F /* Teams Information */,
				273941F82742ADBC0087315F /* Display Players */,
				279B2B47273B7A6800FDA2B2 /* Registration And Login */,
				279100ED2732BBBE007546F5 /* HTML Files */,
				279100E4273115AD007546F5 /* Display Single Fixture */,
				27A2286E27217F2B00686D91 /* Display Results */,
				27A22848271F323D00686D91 /* Display Leagues */,
				27A2283C271D924700686D91 /* Single Venue */,
				272F312C270D7D8A00C467DA /* Display Teams */,
				272F3135270DBB9E00C467DA /* Extensions */,
				272F312E270D7EE500C467DA /* Screens */,
				272F312D270D7E3300C467DA /* API Enums */,
				27C901B2270C53FB00FAE650 /* Constants */,
				27C901A7270B47A600FAE650 /* Delegates */,
				27C90179270AED4700FAE650 /* Assets.xcassets */,
				27C9017E270AED4700FAE650 /* Info.plist */,
				27C901A5270B46D100FAE650 /* .swiftlint.yml */,
				27A2285827201BF400686D91 /* GoogleService-Info.plist */,
			);
			path = "Kick-Starter";
			sourceTree = "<group>";
		};
		27C90186270AED4700FAE650 /* Kick-StarterTests */ = {
			isa = PBXGroup;
			children = (
				27A22875272973BD00686D91 /* LeagueViewModelTests.swift */,
				279100C9272A77FA007546F5 /* SingleVenueViewModelTests.swift */,
			);
			path = "Kick-StarterTests";
			sourceTree = "<group>";
		};
		27C90190270AED4700FAE650 /* Kick-StarterUITests */ = {
			isa = PBXGroup;
			children = (
				27C90191270AED4700FAE650 /* Kick_StarterUITests.swift */,
				27C90193270AED4700FAE650 /* Kick_StarterUITestsLaunchTests.swift */,
			);
			path = "Kick-StarterUITests";
			sourceTree = "<group>";
		};
		27C901A7270B47A600FAE650 /* Delegates */ = {
			isa = PBXGroup;
			children = (
				27C90170270AED4300FAE650 /* AppDelegate.swift */,
				27C90172270AED4300FAE650 /* SceneDelegate.swift */,
			);
			path = Delegates;
			sourceTree = "<group>";
		};
		27C901A8270B47B500FAE650 /* ViewControllers */ = {
			isa = PBXGroup;
			children = (
				27C90174270AED4300FAE650 /* TeamViewController.swift */,
			);
			path = ViewControllers;
			sourceTree = "<group>";
		};
		27C901B2270C53FB00FAE650 /* Constants */ = {
			isa = PBXGroup;
			children = (
				27C901B3270C540900FAE650 /* Constants.swift */,
			);
			path = Constants;
			sourceTree = "<group>";
		};
		4494011CBB1A21DA9118F992 /* Pods */ = {
			isa = PBXGroup;
			children = (
				34AD2679D73F8CE194E3E5F7 /* Pods-Kick-Starter.debug.xcconfig */,
				2AA23E371D9C52425F893427 /* Pods-Kick-Starter.release.xcconfig */,
				750B5B41735A8B3375615E01 /* Pods-Kick-Starter-Kick-StarterUITests.debug.xcconfig */,
				F4FB5672A0C5B83E57D2EC52 /* Pods-Kick-Starter-Kick-StarterUITests.release.xcconfig */,
				00913A5E69A12D2FF1DB064C /* Pods-Kick-StarterTests.debug.xcconfig */,
				D72DFA94FC3ADC1DFA5468C4 /* Pods-Kick-StarterTests.release.xcconfig */,
			);
			path = Pods;
			sourceTree = "<group>";
		};
		5521A1CDA9A97E4F51515334 /* Frameworks */ = {
			isa = PBXGroup;
			children = (
				8C60F8FE911B8583629754DD /* Pods_Kick_Starter.framework */,
				4BF3F8E239AD527417783AC9 /* Pods_Kick_Starter_Kick_StarterUITests.framework */,
				5762F79093198313CC0E7306 /* Pods_Kick_StarterTests.framework */,
			);
			name = Frameworks;
			sourceTree = "<group>";
		};
/* End PBXGroup section */

/* Begin PBXNativeTarget section */
		27B0764C27541828007CD1CB /* TeamInformationWatch */ = {
			isa = PBXNativeTarget;
			buildConfigurationList = 27B0768D27541831007CD1CB /* Build configuration list for PBXNativeTarget "TeamInformationWatch" */;
			buildPhases = (
				27B0764B27541828007CD1CB /* Resources */,
				27B0768527541831007CD1CB /* Embed App Extensions */,
			);
			buildRules = (
			);
			dependencies = (
				27B0765B2754182E007CD1CB /* PBXTargetDependency */,
			);
			name = TeamInformationWatch;
			productName = TeamInformationWatch;
			productReference = 27B0764D27541828007CD1CB /* TeamInformationWatch.app */;
			productType = "com.apple.product-type.application.watchapp2";
		};
		27B076572754182E007CD1CB /* TeamInformationWatch WatchKit Extension */ = {
			isa = PBXNativeTarget;
			buildConfigurationList = 27B0768C27541831007CD1CB /* Build configuration list for PBXNativeTarget "TeamInformationWatch WatchKit Extension" */;
			buildPhases = (
				27B076542754182E007CD1CB /* Sources */,
				27B076552754182E007CD1CB /* Frameworks */,
				27B076562754182E007CD1CB /* Resources */,
			);
			buildRules = (
			);
			dependencies = (
			);
			name = "TeamInformationWatch WatchKit Extension";
			productName = "TeamInformationWatch WatchKit Extension";
			productReference = 27B076582754182E007CD1CB /* TeamInformationWatch WatchKit Extension.appex */;
			productType = "com.apple.product-type.watchkit2-extension";
		};
		27B0766C27541831007CD1CB /* TeamInformationWatchTests */ = {
			isa = PBXNativeTarget;
			buildConfigurationList = 27B0768E27541831007CD1CB /* Build configuration list for PBXNativeTarget "TeamInformationWatchTests" */;
			buildPhases = (
				27B0766927541831007CD1CB /* Sources */,
				27B0766A27541831007CD1CB /* Frameworks */,
				27B0766B27541831007CD1CB /* Resources */,
			);
			buildRules = (
			);
			dependencies = (
				27B0766F27541831007CD1CB /* PBXTargetDependency */,
			);
			name = TeamInformationWatchTests;
			productName = TeamInformationWatchTests;
			productReference = 27B0766D27541831007CD1CB /* TeamInformationWatchTests.xctest */;
			productType = "com.apple.product-type.bundle.unit-test";
		};
		27B0767627541831007CD1CB /* TeamInformationWatchUITests */ = {
			isa = PBXNativeTarget;
			buildConfigurationList = 27B0768F27541831007CD1CB /* Build configuration list for PBXNativeTarget "TeamInformationWatchUITests" */;
			buildPhases = (
				27B0767327541831007CD1CB /* Sources */,
				27B0767427541831007CD1CB /* Frameworks */,
				27B0767527541831007CD1CB /* Resources */,
			);
			buildRules = (
			);
			dependencies = (
				27B0767927541831007CD1CB /* PBXTargetDependency */,
			);
			name = TeamInformationWatchUITests;
			productName = TeamInformationWatchUITests;
			productReference = 27B0767727541831007CD1CB /* TeamInformationWatchUITests.xctest */;
			productType = "com.apple.product-type.bundle.ui-testing";
		};
		27C9016C270AED4300FAE650 /* Kick-Starter */ = {
			isa = PBXNativeTarget;
			buildConfigurationList = 27C90197270AED4700FAE650 /* Build configuration list for PBXNativeTarget "Kick-Starter" */;
			buildPhases = (
				1B750FE92D01F41EB23F689E /* [CP] Check Pods Manifest.lock */,
				27C90169270AED4300FAE650 /* Sources */,
				27C9016A270AED4300FAE650 /* Frameworks */,
				27C9016B270AED4300FAE650 /* Resources */,
				27C901A4270B463800FAE650 /* ShellScript */,
				27B0768227541831007CD1CB /* Embed Watch Content */,
				03E2B872BC151A1C04386ABF /* [CP] Embed Pods Frameworks */,
			);
			buildRules = (
			);
			dependencies = (
				27B0768027541831007CD1CB /* PBXTargetDependency */,
			);
			name = "Kick-Starter";
			productName = "Kick-Starter";
			productReference = 27C9016D270AED4300FAE650 /* Kick-Starter.app */;
			productType = "com.apple.product-type.application";
		};
		27C90182270AED4700FAE650 /* Kick-StarterTests */ = {
			isa = PBXNativeTarget;
			buildConfigurationList = 27C9019A270AED4700FAE650 /* Build configuration list for PBXNativeTarget "Kick-StarterTests" */;
			buildPhases = (
				E68B3F032A45A2E82B258DF9 /* [CP] Check Pods Manifest.lock */,
				27C9017F270AED4700FAE650 /* Sources */,
				27C90180270AED4700FAE650 /* Frameworks */,
				27C90181270AED4700FAE650 /* Resources */,
			);
			buildRules = (
			);
			dependencies = (
				27C90185270AED4700FAE650 /* PBXTargetDependency */,
			);
			name = "Kick-StarterTests";
			productName = "Kick-StarterTests";
			productReference = 27C90183270AED4700FAE650 /* Kick-StarterTests.xctest */;
			productType = "com.apple.product-type.bundle.unit-test";
		};
		27C9018C270AED4700FAE650 /* Kick-StarterUITests */ = {
			isa = PBXNativeTarget;
			buildConfigurationList = 27C9019D270AED4700FAE650 /* Build configuration list for PBXNativeTarget "Kick-StarterUITests" */;
			buildPhases = (
				8B822E4E806FCC591E83955B /* [CP] Check Pods Manifest.lock */,
				27C90189270AED4700FAE650 /* Sources */,
				27C9018A270AED4700FAE650 /* Frameworks */,
				27C9018B270AED4700FAE650 /* Resources */,
				069F3F12B7CB3D7722FCF878 /* [CP] Embed Pods Frameworks */,
			);
			buildRules = (
			);
			dependencies = (
				27C9018F270AED4700FAE650 /* PBXTargetDependency */,
			);
			name = "Kick-StarterUITests";
			productName = "Kick-StarterUITests";
			productReference = 27C9018D270AED4700FAE650 /* Kick-StarterUITests.xctest */;
			productType = "com.apple.product-type.bundle.ui-testing";
		};
/* End PBXNativeTarget section */

/* Begin PBXProject section */
		27C90165270AED4300FAE650 /* Project object */ = {
			isa = PBXProject;
			attributes = {
				BuildIndependentTargetsInParallel = 1;
				LastSwiftUpdateCheck = 1310;
				LastUpgradeCheck = 1300;
				TargetAttributes = {
					27B0764C27541828007CD1CB = {
						CreatedOnToolsVersion = 13.1;
					};
					27B076572754182E007CD1CB = {
						CreatedOnToolsVersion = 13.1;
					};
					27B0766C27541831007CD1CB = {
						CreatedOnToolsVersion = 13.1;
						TestTargetID = 27B076572754182E007CD1CB;
					};
					27B0767627541831007CD1CB = {
						CreatedOnToolsVersion = 13.1;
						TestTargetID = 27B0764C27541828007CD1CB;
					};
					27C9016C270AED4300FAE650 = {
						CreatedOnToolsVersion = 13.0;
						LastSwiftMigration = 1300;
					};
					27C90182270AED4700FAE650 = {
						CreatedOnToolsVersion = 13.0;
						TestTargetID = 27C9016C270AED4300FAE650;
					};
					27C9018C270AED4700FAE650 = {
						CreatedOnToolsVersion = 13.0;
						TestTargetID = 27C9016C270AED4300FAE650;
					};
				};
			};
			buildConfigurationList = 27C90168270AED4300FAE650 /* Build configuration list for PBXProject "Kick-Starter" */;
			compatibilityVersion = "Xcode 13.0";
			developmentRegion = en;
			hasScannedForEncodings = 0;
			knownRegions = (
				en,
				Base,
			);
			mainGroup = 27C90164270AED4300FAE650;
			productRefGroup = 27C9016E270AED4300FAE650 /* Products */;
			projectDirPath = "";
			projectRoot = "";
			targets = (
				27C9016C270AED4300FAE650 /* Kick-Starter */,
				27C90182270AED4700FAE650 /* Kick-StarterTests */,
				27C9018C270AED4700FAE650 /* Kick-StarterUITests */,
				27B0764C27541828007CD1CB /* TeamInformationWatch */,
				27B076572754182E007CD1CB /* TeamInformationWatch WatchKit Extension */,
				27B0766C27541831007CD1CB /* TeamInformationWatchTests */,
				27B0767627541831007CD1CB /* TeamInformationWatchUITests */,
			);
		};
/* End PBXProject section */

/* Begin PBXResourcesBuildPhase section */
		27B0764B27541828007CD1CB /* Resources */ = {
			isa = PBXResourcesBuildPhase;
			buildActionMask = 2147483647;
			files = (
				27B076532754182D007CD1CB /* Assets.xcassets in Resources */,
				27B0765127541828007CD1CB /* Interface.storyboard in Resources */,
			);
			runOnlyForDeploymentPostprocessing = 0;
		};
		27B076562754182E007CD1CB /* Resources */ = {
			isa = PBXResourcesBuildPhase;
			buildActionMask = 2147483647;
			files = (
				27B0766627541831007CD1CB /* Assets.xcassets in Resources */,
			);
			runOnlyForDeploymentPostprocessing = 0;
		};
		27B0766B27541831007CD1CB /* Resources */ = {
			isa = PBXResourcesBuildPhase;
			buildActionMask = 2147483647;
			files = (
			);
			runOnlyForDeploymentPostprocessing = 0;
		};
		27B0767527541831007CD1CB /* Resources */ = {
			isa = PBXResourcesBuildPhase;
			buildActionMask = 2147483647;
			files = (
			);
			runOnlyForDeploymentPostprocessing = 0;
		};
		27C9016B270AED4300FAE650 /* Resources */ = {
			isa = PBXResourcesBuildPhase;
			buildActionMask = 2147483647;
			files = (
				27C901A6270B46D100FAE650 /* .swiftlint.yml in Resources */,
				279023EC2738D6490086012E /* livescores.html in Resources */,
				27C9017D270AED4700FAE650 /* LaunchScreen.storyboard in Resources */,
				27C9017A270AED4700FAE650 /* Assets.xcassets in Resources */,
				27C90178270AED4300FAE650 /* Main.storyboard in Resources */,
				279023EB2738D6490086012E /* fixtures.html in Resources */,
				27A2285927201BF400686D91 /* GoogleService-Info.plist in Resources */,
				279023ED2738D6490086012E /* single fixture.html in Resources */,
			);
			runOnlyForDeploymentPostprocessing = 0;
		};
		27C90181270AED4700FAE650 /* Resources */ = {
			isa = PBXResourcesBuildPhase;
			buildActionMask = 2147483647;
			files = (
				27A2285A27201BF400686D91 /* GoogleService-Info.plist in Resources */,
			);
			runOnlyForDeploymentPostprocessing = 0;
		};
		27C9018B270AED4700FAE650 /* Resources */ = {
			isa = PBXResourcesBuildPhase;
			buildActionMask = 2147483647;
			files = (
				27A2285B27201BF400686D91 /* GoogleService-Info.plist in Resources */,
			);
			runOnlyForDeploymentPostprocessing = 0;
		};
/* End PBXResourcesBuildPhase section */

/* Begin PBXShellScriptBuildPhase section */
		03E2B872BC151A1C04386ABF /* [CP] Embed Pods Frameworks */ = {
			isa = PBXShellScriptBuildPhase;
			buildActionMask = 2147483647;
			files = (
			);
			inputFileListPaths = (
				"${PODS_ROOT}/Target Support Files/Pods-Kick-Starter/Pods-Kick-Starter-frameworks-${CONFIGURATION}-input-files.xcfilelist",
			);
			name = "[CP] Embed Pods Frameworks";
			outputFileListPaths = (
				"${PODS_ROOT}/Target Support Files/Pods-Kick-Starter/Pods-Kick-Starter-frameworks-${CONFIGURATION}-output-files.xcfilelist",
			);
			runOnlyForDeploymentPostprocessing = 0;
			shellPath = /bin/sh;
			shellScript = "\"${PODS_ROOT}/Target Support Files/Pods-Kick-Starter/Pods-Kick-Starter-frameworks.sh\"\n";
			showEnvVarsInLog = 0;
		};
		069F3F12B7CB3D7722FCF878 /* [CP] Embed Pods Frameworks */ = {
			isa = PBXShellScriptBuildPhase;
			buildActionMask = 2147483647;
			files = (
			);
			inputFileListPaths = (
				"${PODS_ROOT}/Target Support Files/Pods-Kick-Starter-Kick-StarterUITests/Pods-Kick-Starter-Kick-StarterUITests-frameworks-${CONFIGURATION}-input-files.xcfilelist",
			);
			name = "[CP] Embed Pods Frameworks";
			outputFileListPaths = (
				"${PODS_ROOT}/Target Support Files/Pods-Kick-Starter-Kick-StarterUITests/Pods-Kick-Starter-Kick-StarterUITests-frameworks-${CONFIGURATION}-output-files.xcfilelist",
			);
			runOnlyForDeploymentPostprocessing = 0;
			shellPath = /bin/sh;
			shellScript = "\"${PODS_ROOT}/Target Support Files/Pods-Kick-Starter-Kick-StarterUITests/Pods-Kick-Starter-Kick-StarterUITests-frameworks.sh\"\n";
			showEnvVarsInLog = 0;
		};
		1B750FE92D01F41EB23F689E /* [CP] Check Pods Manifest.lock */ = {
			isa = PBXShellScriptBuildPhase;
			buildActionMask = 2147483647;
			files = (
			);
			inputFileListPaths = (
			);
			inputPaths = (
				"${PODS_PODFILE_DIR_PATH}/Podfile.lock",
				"${PODS_ROOT}/Manifest.lock",
			);
			name = "[CP] Check Pods Manifest.lock";
			outputFileListPaths = (
			);
			outputPaths = (
				"$(DERIVED_FILE_DIR)/Pods-Kick-Starter-checkManifestLockResult.txt",
			);
			runOnlyForDeploymentPostprocessing = 0;
			shellPath = /bin/sh;
			shellScript = "diff \"${PODS_PODFILE_DIR_PATH}/Podfile.lock\" \"${PODS_ROOT}/Manifest.lock\" > /dev/null\nif [ $? != 0 ] ; then\n    # print error to STDERR\n    echo \"error: The sandbox is not in sync with the Podfile.lock. Run 'pod install' or update your CocoaPods installation.\" >&2\n    exit 1\nfi\n# This output is used by Xcode 'outputs' to avoid re-running this script phase.\necho \"SUCCESS\" > \"${SCRIPT_OUTPUT_FILE_0}\"\n";
			showEnvVarsInLog = 0;
		};
		27C901A4270B463800FAE650 /* ShellScript */ = {
			isa = PBXShellScriptBuildPhase;
			buildActionMask = 2147483647;
			files = (
			);
			inputFileListPaths = (
			);
			inputPaths = (
			);
			outputFileListPaths = (
			);
			outputPaths = (
			);
			runOnlyForDeploymentPostprocessing = 0;
			shellPath = /bin/sh;
			shellScript = "# Type a script or drag a script file from your workspace to insert its path.\nif which swiftlint >/dev/null; then\n  swiftlint\nelse\n  echo \"warning: SwiftLint not installed, download from https://github.com/realm/SwiftLint\"\nfi\n";
		};
		8B822E4E806FCC591E83955B /* [CP] Check Pods Manifest.lock */ = {
			isa = PBXShellScriptBuildPhase;
			buildActionMask = 2147483647;
			files = (
			);
			inputFileListPaths = (
			);
			inputPaths = (
				"${PODS_PODFILE_DIR_PATH}/Podfile.lock",
				"${PODS_ROOT}/Manifest.lock",
			);
			name = "[CP] Check Pods Manifest.lock";
			outputFileListPaths = (
			);
			outputPaths = (
				"$(DERIVED_FILE_DIR)/Pods-Kick-Starter-Kick-StarterUITests-checkManifestLockResult.txt",
			);
			runOnlyForDeploymentPostprocessing = 0;
			shellPath = /bin/sh;
			shellScript = "diff \"${PODS_PODFILE_DIR_PATH}/Podfile.lock\" \"${PODS_ROOT}/Manifest.lock\" > /dev/null\nif [ $? != 0 ] ; then\n    # print error to STDERR\n    echo \"error: The sandbox is not in sync with the Podfile.lock. Run 'pod install' or update your CocoaPods installation.\" >&2\n    exit 1\nfi\n# This output is used by Xcode 'outputs' to avoid re-running this script phase.\necho \"SUCCESS\" > \"${SCRIPT_OUTPUT_FILE_0}\"\n";
			showEnvVarsInLog = 0;
		};
		E68B3F032A45A2E82B258DF9 /* [CP] Check Pods Manifest.lock */ = {
			isa = PBXShellScriptBuildPhase;
			buildActionMask = 2147483647;
			files = (
			);
			inputFileListPaths = (
			);
			inputPaths = (
				"${PODS_PODFILE_DIR_PATH}/Podfile.lock",
				"${PODS_ROOT}/Manifest.lock",
			);
			name = "[CP] Check Pods Manifest.lock";
			outputFileListPaths = (
			);
			outputPaths = (
				"$(DERIVED_FILE_DIR)/Pods-Kick-StarterTests-checkManifestLockResult.txt",
			);
			runOnlyForDeploymentPostprocessing = 0;
			shellPath = /bin/sh;
			shellScript = "diff \"${PODS_PODFILE_DIR_PATH}/Podfile.lock\" \"${PODS_ROOT}/Manifest.lock\" > /dev/null\nif [ $? != 0 ] ; then\n    # print error to STDERR\n    echo \"error: The sandbox is not in sync with the Podfile.lock. Run 'pod install' or update your CocoaPods installation.\" >&2\n    exit 1\nfi\n# This output is used by Xcode 'outputs' to avoid re-running this script phase.\necho \"SUCCESS\" > \"${SCRIPT_OUTPUT_FILE_0}\"\n";
			showEnvVarsInLog = 0;
		};
/* End PBXShellScriptBuildPhase section */

/* Begin PBXSourcesBuildPhase section */
		27B076542754182E007CD1CB /* Sources */ = {
			isa = PBXSourcesBuildPhase;
			buildActionMask = 2147483647;
			files = (
				273B364427563DFE004D69D4 /* WKInterfaceImage + Extension.swift in Sources */,
				27B076622754182E007CD1CB /* NotificationController.swift in Sources */,
				27B076642754182E007CD1CB /* ComplicationController.swift in Sources */,
				27B076602754182E007CD1CB /* ExtensionDelegate.swift in Sources */,
				27B0765E2754182E007CD1CB /* InterfaceController.swift in Sources */,
			);
			runOnlyForDeploymentPostprocessing = 0;
		};
		27B0766927541831007CD1CB /* Sources */ = {
			isa = PBXSourcesBuildPhase;
			buildActionMask = 2147483647;
			files = (
				27B0767227541831007CD1CB /* TeamInformationWatchTests.swift in Sources */,
			);
			runOnlyForDeploymentPostprocessing = 0;
		};
		27B0767327541831007CD1CB /* Sources */ = {
			isa = PBXSourcesBuildPhase;
			buildActionMask = 2147483647;
			files = (
				27B0767E27541831007CD1CB /* TeamInformationWatchUITestsLaunchTests.swift in Sources */,
				27B0767C27541831007CD1CB /* TeamInformationWatchUITests.swift in Sources */,
			);
			runOnlyForDeploymentPostprocessing = 0;
		};
		27C90169270AED4300FAE650 /* Sources */ = {
			isa = PBXSourcesBuildPhase;
			buildActionMask = 2147483647;
			files = (
				279B2B59273B84A800FDA2B2 /* LogInViewModel.swift in Sources */,
				272F3144270F873300C467DA /* Colours+Extensions.swift in Sources */,
				272F313B270EFF5500C467DA /* UIViewController+Extension.swift in Sources */,
				27A2284A271F325900686D91 /* LeagueTableViewController.swift in Sources */,
				272F3137270DBBB000C467DA /* UIImageView+Extensions.swift in Sources */,
				279B2B5B273BA1D400FDA2B2 /* UIFont+Extensions.swift in Sources */,
				279B2B49273B7B5E00FDA2B2 /* StartViewController.swift in Sources */,
				279B2B4C273B7B9D00FDA2B2 /* SignUpViewController.swift in Sources */,
				273941FA2742ADCC0087315F /* DisplayPlayersViewController.swift in Sources */,
				27A2287027217F4500686D91 /* ResultsViewController.swift in Sources */,
				27A2286727215B4700686D91 /* LeagueRepositable.swift in Sources */,
				273942012742B71B0087315F /* TeamsInformationViewModel.swift in Sources */,
				2739420E2743E6510087315F /* DisplayCoachesViewController.swift in Sources */,
				279B2B51273B83BD00FDA2B2 /* AuthenticationRepositable.swift in Sources */,
				27C90175270AED4300FAE650 /* TeamViewController.swift in Sources */,
				27C90171270AED4300FAE650 /* AppDelegate.swift in Sources */,
				27A2284C271F329A00686D91 /* LeagueTableViewCell.swift in Sources */,
				279B2B57273B849C00FDA2B2 /* SignUpViewModel.swift in Sources */,
				279B2B4E273B7BB600FDA2B2 /* LoginViewController.swift in Sources */,
				27A2286527215B1600686D91 /* LeagueRepository.swift in Sources */,
				27C901B9270C5CCB00FAE650 /* Constants.swift in Sources */,
				27A22843271D930A00686D91 /* SingleVenueViewController.m in Sources */,
				27A22847271D9B0D00686D91 /* SingleVenueViewModel.m in Sources */,
				27A2284E271F32FF00686D91 /* LeagueViewModel.swift in Sources */,
				279B2B54273B83F300FDA2B2 /* AuthenticationRepository.swift in Sources */,
				273941FF2742B69F0087315F /* TeamsInformationViewController.swift in Sources */,
				272F3139270EFBBA00C467DA /* TeamCollectionViewCell.swift in Sources */,
				272F313D270EFF6C00C467DA /* Array+Extension.swift in Sources */,
				2739421A2743EA140087315F /* DisplayCoachesTableViewCell.swift in Sources */,
				279B2B5D273BB0F000FDA2B2 /* LoaderViewController.swift in Sources */,
				279100E827311610007546F5 /* SingleFixtureViewModel.swift in Sources */,
				2739420927439A1E0087315F /* DisplayPlayersCollectionViewCell.swift in Sources */,
				27C901BB270C837A00FAE650 /* Endpoints.swift in Sources */,
				27C90173270AED4300FAE650 /* SceneDelegate.swift in Sources */,
				279100E6273115F6007546F5 /* SingleFixtureViewController.swift in Sources */,
			);
			runOnlyForDeploymentPostprocessing = 0;
		};
		27C9017F270AED4700FAE650 /* Sources */ = {
			isa = PBXSourcesBuildPhase;
			buildActionMask = 2147483647;
			files = (
				272F31542715C48B00C467DA /* Array+Extension.swift in Sources */,
				27A2287827297C7D00686D91 /* LeagueViewModel.swift in Sources */,
				27A2287A27297CB500686D91 /* LeagueRepositable.swift in Sources */,
				279100CA272A77FA007546F5 /* SingleVenueViewModelTests.swift in Sources */,
				272F31532715C45D00C467DA /* Endpoints.swift in Sources */,
				27A22876272973BD00686D91 /* LeagueViewModelTests.swift in Sources */,
			);
			runOnlyForDeploymentPostprocessing = 0;
		};
		27C90189270AED4700FAE650 /* Sources */ = {
			isa = PBXSourcesBuildPhase;
			buildActionMask = 2147483647;
			files = (
				27C90194270AED4700FAE650 /* Kick_StarterUITestsLaunchTests.swift in Sources */,
				27C90192270AED4700FAE650 /* Kick_StarterUITests.swift in Sources */,
			);
			runOnlyForDeploymentPostprocessing = 0;
		};
/* End PBXSourcesBuildPhase section */

/* Begin PBXTargetDependency section */
		27B0765B2754182E007CD1CB /* PBXTargetDependency */ = {
			isa = PBXTargetDependency;
			target = 27B076572754182E007CD1CB /* TeamInformationWatch WatchKit Extension */;
			targetProxy = 27B0765A2754182E007CD1CB /* PBXContainerItemProxy */;
		};
		27B0766F27541831007CD1CB /* PBXTargetDependency */ = {
			isa = PBXTargetDependency;
			target = 27B076572754182E007CD1CB /* TeamInformationWatch WatchKit Extension */;
			targetProxy = 27B0766E27541831007CD1CB /* PBXContainerItemProxy */;
		};
		27B0767927541831007CD1CB /* PBXTargetDependency */ = {
			isa = PBXTargetDependency;
			target = 27B0764C27541828007CD1CB /* TeamInformationWatch */;
			targetProxy = 27B0767827541831007CD1CB /* PBXContainerItemProxy */;
		};
		27B0768027541831007CD1CB /* PBXTargetDependency */ = {
			isa = PBXTargetDependency;
			target = 27B0764C27541828007CD1CB /* TeamInformationWatch */;
			targetProxy = 27B0767F27541831007CD1CB /* PBXContainerItemProxy */;
		};
		27C90185270AED4700FAE650 /* PBXTargetDependency */ = {
			isa = PBXTargetDependency;
			target = 27C9016C270AED4300FAE650 /* Kick-Starter */;
			targetProxy = 27C90184270AED4700FAE650 /* PBXContainerItemProxy */;
		};
		27C9018F270AED4700FAE650 /* PBXTargetDependency */ = {
			isa = PBXTargetDependency;
			target = 27C9016C270AED4300FAE650 /* Kick-Starter */;
			targetProxy = 27C9018E270AED4700FAE650 /* PBXContainerItemProxy */;
		};
/* End PBXTargetDependency section */

/* Begin PBXVariantGroup section */
		27B0764F27541828007CD1CB /* Interface.storyboard */ = {
			isa = PBXVariantGroup;
			children = (
				27B0765027541828007CD1CB /* Base */,
			);
			name = Interface.storyboard;
			sourceTree = "<group>";
		};
		27C90176270AED4300FAE650 /* Main.storyboard */ = {
			isa = PBXVariantGroup;
			children = (
				27C90177270AED4300FAE650 /* Base */,
			);
			name = Main.storyboard;
			sourceTree = "<group>";
		};
		27C9017B270AED4700FAE650 /* LaunchScreen.storyboard */ = {
			isa = PBXVariantGroup;
			children = (
				27C9017C270AED4700FAE650 /* Base */,
			);
			name = LaunchScreen.storyboard;
			sourceTree = "<group>";
		};
/* End PBXVariantGroup section */

/* Begin XCBuildConfiguration section */
		27B0768327541831007CD1CB /* Debug */ = {
			isa = XCBuildConfiguration;
			buildSettings = {
				ALWAYS_EMBED_SWIFT_STANDARD_LIBRARIES = YES;
				ASSETCATALOG_COMPILER_APPICON_NAME = AppIcon;
				ASSETCATALOG_COMPILER_GLOBAL_ACCENT_COLOR_NAME = AccentColor;
				CODE_SIGN_STYLE = Automatic;
				CURRENT_PROJECT_VERSION = 1;
				GENERATE_INFOPLIST_FILE = YES;
				IBSC_MODULE = TeamInformationWatch_WatchKit_Extension;
				INFOPLIST_KEY_CFBundleDisplayName = TeamInformationWatch;
				INFOPLIST_KEY_UISupportedInterfaceOrientations = "UIInterfaceOrientationPortrait UIInterfaceOrientationPortraitUpsideDown";
				INFOPLIST_KEY_WKCompanionAppBundleIdentifier = "com.an.Kick-Starter";
				MARKETING_VERSION = 1.0;
				PRODUCT_BUNDLE_IDENTIFIER = "com.an.Kick-Starter.watchkitapp";
				PRODUCT_NAME = "$(TARGET_NAME)";
				SDKROOT = watchos;
				SKIP_INSTALL = YES;
				SWIFT_EMIT_LOC_STRINGS = YES;
				SWIFT_VERSION = 5.0;
				TARGETED_DEVICE_FAMILY = 4;
				WATCHOS_DEPLOYMENT_TARGET = 8.0;
			};
			name = Debug;
		};
		27B0768427541831007CD1CB /* Release */ = {
			isa = XCBuildConfiguration;
			buildSettings = {
				ALWAYS_EMBED_SWIFT_STANDARD_LIBRARIES = YES;
				ASSETCATALOG_COMPILER_APPICON_NAME = AppIcon;
				ASSETCATALOG_COMPILER_GLOBAL_ACCENT_COLOR_NAME = AccentColor;
				CODE_SIGN_STYLE = Automatic;
				CURRENT_PROJECT_VERSION = 1;
				GENERATE_INFOPLIST_FILE = YES;
				IBSC_MODULE = TeamInformationWatch_WatchKit_Extension;
				INFOPLIST_KEY_CFBundleDisplayName = TeamInformationWatch;
				INFOPLIST_KEY_UISupportedInterfaceOrientations = "UIInterfaceOrientationPortrait UIInterfaceOrientationPortraitUpsideDown";
				INFOPLIST_KEY_WKCompanionAppBundleIdentifier = "com.an.Kick-Starter";
				MARKETING_VERSION = 1.0;
				PRODUCT_BUNDLE_IDENTIFIER = "com.an.Kick-Starter.watchkitapp";
				PRODUCT_NAME = "$(TARGET_NAME)";
				SDKROOT = watchos;
				SKIP_INSTALL = YES;
				SWIFT_EMIT_LOC_STRINGS = YES;
				SWIFT_VERSION = 5.0;
				TARGETED_DEVICE_FAMILY = 4;
				WATCHOS_DEPLOYMENT_TARGET = 8.0;
			};
			name = Release;
		};
		27B0768627541831007CD1CB /* Debug */ = {
			isa = XCBuildConfiguration;
			buildSettings = {
				ASSETCATALOG_COMPILER_COMPLICATION_NAME = Complication;
				CODE_SIGN_STYLE = Automatic;
				CURRENT_PROJECT_VERSION = 1;
				GENERATE_INFOPLIST_FILE = YES;
				INFOPLIST_FILE = "TeamInformationWatch WatchKit Extension/Info.plist";
				INFOPLIST_KEY_CFBundleDisplayName = "TeamInformationWatch WatchKit Extension";
				INFOPLIST_KEY_CLKComplicationPrincipalClass = "$(PRODUCT_MODULE_NAME).ComplicationController";
				INFOPLIST_KEY_NSHumanReadableCopyright = "";
				INFOPLIST_KEY_WKExtensionDelegateClassName = "$(PRODUCT_MODULE_NAME).ExtensionDelegate";
				LD_RUNPATH_SEARCH_PATHS = (
					"$(inherited)",
					"@executable_path/Frameworks",
					"@executable_path/../../Frameworks",
				);
				MARKETING_VERSION = 1.0;
				PRODUCT_BUNDLE_IDENTIFIER = "com.an.Kick-Starter.watchkitapp.watchkitextension";
				PRODUCT_NAME = "${TARGET_NAME}";
				SDKROOT = watchos;
				SKIP_INSTALL = YES;
				SWIFT_EMIT_LOC_STRINGS = YES;
				SWIFT_VERSION = 5.0;
				TARGETED_DEVICE_FAMILY = 4;
				WATCHOS_DEPLOYMENT_TARGET = 8.0;
			};
			name = Debug;
		};
		27B0768727541831007CD1CB /* Release */ = {
			isa = XCBuildConfiguration;
			buildSettings = {
				ASSETCATALOG_COMPILER_COMPLICATION_NAME = Complication;
				CODE_SIGN_STYLE = Automatic;
				CURRENT_PROJECT_VERSION = 1;
				GENERATE_INFOPLIST_FILE = YES;
				INFOPLIST_FILE = "TeamInformationWatch WatchKit Extension/Info.plist";
				INFOPLIST_KEY_CFBundleDisplayName = "TeamInformationWatch WatchKit Extension";
				INFOPLIST_KEY_CLKComplicationPrincipalClass = "$(PRODUCT_MODULE_NAME).ComplicationController";
				INFOPLIST_KEY_NSHumanReadableCopyright = "";
				INFOPLIST_KEY_WKExtensionDelegateClassName = "$(PRODUCT_MODULE_NAME).ExtensionDelegate";
				LD_RUNPATH_SEARCH_PATHS = (
					"$(inherited)",
					"@executable_path/Frameworks",
					"@executable_path/../../Frameworks",
				);
				MARKETING_VERSION = 1.0;
				PRODUCT_BUNDLE_IDENTIFIER = "com.an.Kick-Starter.watchkitapp.watchkitextension";
				PRODUCT_NAME = "${TARGET_NAME}";
				SDKROOT = watchos;
				SKIP_INSTALL = YES;
				SWIFT_EMIT_LOC_STRINGS = YES;
				SWIFT_VERSION = 5.0;
				TARGETED_DEVICE_FAMILY = 4;
				WATCHOS_DEPLOYMENT_TARGET = 8.0;
			};
			name = Release;
		};
		27B0768827541831007CD1CB /* Debug */ = {
			isa = XCBuildConfiguration;
			buildSettings = {
				ALWAYS_EMBED_SWIFT_STANDARD_LIBRARIES = YES;
				BUNDLE_LOADER = "$(TEST_HOST)";
				CODE_SIGN_STYLE = Automatic;
				CURRENT_PROJECT_VERSION = 1;
				GENERATE_INFOPLIST_FILE = YES;
				LD_RUNPATH_SEARCH_PATHS = (
					"$(inherited)",
					"@executable_path/Frameworks",
					"@loader_path/Frameworks",
				);
				MARKETING_VERSION = 1.0;
				PRODUCT_BUNDLE_IDENTIFIER = "com.an.Kick-Starter.TeamInformationWatchTests";
				PRODUCT_NAME = "$(TARGET_NAME)";
				SDKROOT = watchos;
				SWIFT_EMIT_LOC_STRINGS = NO;
				SWIFT_VERSION = 5.0;
				TARGETED_DEVICE_FAMILY = 4;
				TEST_HOST = "$(BUILT_PRODUCTS_DIR)/TeamInformationWatch WatchKit Extension.appex/TeamInformationWatch WatchKit Extension";
				WATCHOS_DEPLOYMENT_TARGET = 8.0;
			};
			name = Debug;
		};
		27B0768927541831007CD1CB /* Release */ = {
			isa = XCBuildConfiguration;
			buildSettings = {
				ALWAYS_EMBED_SWIFT_STANDARD_LIBRARIES = YES;
				BUNDLE_LOADER = "$(TEST_HOST)";
				CODE_SIGN_STYLE = Automatic;
				CURRENT_PROJECT_VERSION = 1;
				GENERATE_INFOPLIST_FILE = YES;
				LD_RUNPATH_SEARCH_PATHS = (
					"$(inherited)",
					"@executable_path/Frameworks",
					"@loader_path/Frameworks",
				);
				MARKETING_VERSION = 1.0;
				PRODUCT_BUNDLE_IDENTIFIER = "com.an.Kick-Starter.TeamInformationWatchTests";
				PRODUCT_NAME = "$(TARGET_NAME)";
				SDKROOT = watchos;
				SWIFT_EMIT_LOC_STRINGS = NO;
				SWIFT_VERSION = 5.0;
				TARGETED_DEVICE_FAMILY = 4;
				TEST_HOST = "$(BUILT_PRODUCTS_DIR)/TeamInformationWatch WatchKit Extension.appex/TeamInformationWatch WatchKit Extension";
				WATCHOS_DEPLOYMENT_TARGET = 8.0;
			};
			name = Release;
		};
		27B0768A27541831007CD1CB /* Debug */ = {
			isa = XCBuildConfiguration;
			buildSettings = {
				CODE_SIGN_STYLE = Automatic;
				CURRENT_PROJECT_VERSION = 1;
				GENERATE_INFOPLIST_FILE = YES;
				LD_RUNPATH_SEARCH_PATHS = (
					"$(inherited)",
					"@executable_path/Frameworks",
					"@loader_path/Frameworks",
				);
				MARKETING_VERSION = 1.0;
				PRODUCT_BUNDLE_IDENTIFIER = "com.an.Kick-Starter.TeamInformationWatchUITests";
				PRODUCT_NAME = "$(TARGET_NAME)";
				SDKROOT = watchos;
				SWIFT_EMIT_LOC_STRINGS = NO;
				SWIFT_VERSION = 5.0;
				TARGETED_DEVICE_FAMILY = 4;
				TEST_TARGET_NAME = TeamInformationWatch;
				WATCHOS_DEPLOYMENT_TARGET = 8.0;
			};
			name = Debug;
		};
		27B0768B27541831007CD1CB /* Release */ = {
			isa = XCBuildConfiguration;
			buildSettings = {
				CODE_SIGN_STYLE = Automatic;
				CURRENT_PROJECT_VERSION = 1;
				GENERATE_INFOPLIST_FILE = YES;
				LD_RUNPATH_SEARCH_PATHS = (
					"$(inherited)",
					"@executable_path/Frameworks",
					"@loader_path/Frameworks",
				);
				MARKETING_VERSION = 1.0;
				PRODUCT_BUNDLE_IDENTIFIER = "com.an.Kick-Starter.TeamInformationWatchUITests";
				PRODUCT_NAME = "$(TARGET_NAME)";
				SDKROOT = watchos;
				SWIFT_EMIT_LOC_STRINGS = NO;
				SWIFT_VERSION = 5.0;
				TARGETED_DEVICE_FAMILY = 4;
				TEST_TARGET_NAME = TeamInformationWatch;
				WATCHOS_DEPLOYMENT_TARGET = 8.0;
			};
			name = Release;
		};
		27C90195270AED4700FAE650 /* Debug */ = {
			isa = XCBuildConfiguration;
			buildSettings = {
				ALWAYS_SEARCH_USER_PATHS = NO;
				CLANG_ANALYZER_LOCALIZABILITY_NONLOCALIZED = YES;
				CLANG_ANALYZER_NONNULL = YES;
				CLANG_ANALYZER_NUMBER_OBJECT_CONVERSION = YES_AGGRESSIVE;
				CLANG_CXX_LANGUAGE_STANDARD = "gnu++17";
				CLANG_CXX_LIBRARY = "libc++";
				CLANG_ENABLE_MODULES = YES;
				CLANG_ENABLE_OBJC_ARC = YES;
				CLANG_ENABLE_OBJC_WEAK = YES;
				CLANG_WARN_BLOCK_CAPTURE_AUTORELEASING = YES;
				CLANG_WARN_BOOL_CONVERSION = YES;
				CLANG_WARN_COMMA = YES;
				CLANG_WARN_CONSTANT_CONVERSION = YES;
				CLANG_WARN_DEPRECATED_OBJC_IMPLEMENTATIONS = YES;
				CLANG_WARN_DIRECT_OBJC_ISA_USAGE = YES_ERROR;
				CLANG_WARN_DOCUMENTATION_COMMENTS = YES;
				CLANG_WARN_EMPTY_BODY = YES;
				CLANG_WARN_ENUM_CONVERSION = YES;
				CLANG_WARN_INFINITE_RECURSION = YES;
				CLANG_WARN_INT_CONVERSION = YES;
				CLANG_WARN_NON_LITERAL_NULL_CONVERSION = YES;
				CLANG_WARN_OBJC_IMPLICIT_RETAIN_SELF = YES;
				CLANG_WARN_OBJC_LITERAL_CONVERSION = YES;
				CLANG_WARN_OBJC_ROOT_CLASS = YES_ERROR;
				CLANG_WARN_QUOTED_INCLUDE_IN_FRAMEWORK_HEADER = YES;
				CLANG_WARN_RANGE_LOOP_ANALYSIS = YES;
				CLANG_WARN_STRICT_PROTOTYPES = YES;
				CLANG_WARN_SUSPICIOUS_MOVE = YES;
				CLANG_WARN_UNGUARDED_AVAILABILITY = YES_AGGRESSIVE;
				CLANG_WARN_UNREACHABLE_CODE = YES;
				CLANG_WARN__DUPLICATE_METHOD_MATCH = YES;
				COPY_PHASE_STRIP = NO;
				DEBUG_INFORMATION_FORMAT = dwarf;
				ENABLE_STRICT_OBJC_MSGSEND = YES;
				ENABLE_TESTABILITY = YES;
				GCC_C_LANGUAGE_STANDARD = gnu11;
				GCC_DYNAMIC_NO_PIC = NO;
				GCC_NO_COMMON_BLOCKS = YES;
				GCC_OPTIMIZATION_LEVEL = 0;
				GCC_PREPROCESSOR_DEFINITIONS = (
					"DEBUG=1",
					"$(inherited)",
				);
				GCC_WARN_64_TO_32_BIT_CONVERSION = YES;
				GCC_WARN_ABOUT_RETURN_TYPE = YES_ERROR;
				GCC_WARN_UNDECLARED_SELECTOR = YES;
				GCC_WARN_UNINITIALIZED_AUTOS = YES_AGGRESSIVE;
				GCC_WARN_UNUSED_FUNCTION = YES;
				GCC_WARN_UNUSED_VARIABLE = YES;
				IPHONEOS_DEPLOYMENT_TARGET = 15.0;
				MTL_ENABLE_DEBUG_INFO = INCLUDE_SOURCE;
				MTL_FAST_MATH = YES;
				ONLY_ACTIVE_ARCH = YES;
				SDKROOT = iphoneos;
				SWIFT_ACTIVE_COMPILATION_CONDITIONS = DEBUG;
				SWIFT_OPTIMIZATION_LEVEL = "-Onone";
			};
			name = Debug;
		};
		27C90196270AED4700FAE650 /* Release */ = {
			isa = XCBuildConfiguration;
			buildSettings = {
				ALWAYS_SEARCH_USER_PATHS = NO;
				CLANG_ANALYZER_LOCALIZABILITY_NONLOCALIZED = YES;
				CLANG_ANALYZER_NONNULL = YES;
				CLANG_ANALYZER_NUMBER_OBJECT_CONVERSION = YES_AGGRESSIVE;
				CLANG_CXX_LANGUAGE_STANDARD = "gnu++17";
				CLANG_CXX_LIBRARY = "libc++";
				CLANG_ENABLE_MODULES = YES;
				CLANG_ENABLE_OBJC_ARC = YES;
				CLANG_ENABLE_OBJC_WEAK = YES;
				CLANG_WARN_BLOCK_CAPTURE_AUTORELEASING = YES;
				CLANG_WARN_BOOL_CONVERSION = YES;
				CLANG_WARN_COMMA = YES;
				CLANG_WARN_CONSTANT_CONVERSION = YES;
				CLANG_WARN_DEPRECATED_OBJC_IMPLEMENTATIONS = YES;
				CLANG_WARN_DIRECT_OBJC_ISA_USAGE = YES_ERROR;
				CLANG_WARN_DOCUMENTATION_COMMENTS = YES;
				CLANG_WARN_EMPTY_BODY = YES;
				CLANG_WARN_ENUM_CONVERSION = YES;
				CLANG_WARN_INFINITE_RECURSION = YES;
				CLANG_WARN_INT_CONVERSION = YES;
				CLANG_WARN_NON_LITERAL_NULL_CONVERSION = YES;
				CLANG_WARN_OBJC_IMPLICIT_RETAIN_SELF = YES;
				CLANG_WARN_OBJC_LITERAL_CONVERSION = YES;
				CLANG_WARN_OBJC_ROOT_CLASS = YES_ERROR;
				CLANG_WARN_QUOTED_INCLUDE_IN_FRAMEWORK_HEADER = YES;
				CLANG_WARN_RANGE_LOOP_ANALYSIS = YES;
				CLANG_WARN_STRICT_PROTOTYPES = YES;
				CLANG_WARN_SUSPICIOUS_MOVE = YES;
				CLANG_WARN_UNGUARDED_AVAILABILITY = YES_AGGRESSIVE;
				CLANG_WARN_UNREACHABLE_CODE = YES;
				CLANG_WARN__DUPLICATE_METHOD_MATCH = YES;
				COPY_PHASE_STRIP = NO;
				DEBUG_INFORMATION_FORMAT = "dwarf-with-dsym";
				ENABLE_NS_ASSERTIONS = NO;
				ENABLE_STRICT_OBJC_MSGSEND = YES;
				GCC_C_LANGUAGE_STANDARD = gnu11;
				GCC_NO_COMMON_BLOCKS = YES;
				GCC_WARN_64_TO_32_BIT_CONVERSION = YES;
				GCC_WARN_ABOUT_RETURN_TYPE = YES_ERROR;
				GCC_WARN_UNDECLARED_SELECTOR = YES;
				GCC_WARN_UNINITIALIZED_AUTOS = YES_AGGRESSIVE;
				GCC_WARN_UNUSED_FUNCTION = YES;
				GCC_WARN_UNUSED_VARIABLE = YES;
				IPHONEOS_DEPLOYMENT_TARGET = 15.0;
				MTL_ENABLE_DEBUG_INFO = NO;
				MTL_FAST_MATH = YES;
				SDKROOT = iphoneos;
				SWIFT_COMPILATION_MODE = wholemodule;
				SWIFT_OPTIMIZATION_LEVEL = "-O";
				VALIDATE_PRODUCT = YES;
			};
			name = Release;
		};
		27C90198270AED4700FAE650 /* Debug */ = {
			isa = XCBuildConfiguration;
			baseConfigurationReference = 34AD2679D73F8CE194E3E5F7 /* Pods-Kick-Starter.debug.xcconfig */;
			buildSettings = {
				ASSETCATALOG_COMPILER_APPICON_NAME = AppIcon;
				ASSETCATALOG_COMPILER_GLOBAL_ACCENT_COLOR_NAME = AccentColor;
				CLANG_ENABLE_MODULES = YES;
				CODE_SIGN_STYLE = Automatic;
				CURRENT_PROJECT_VERSION = 1;
				GENERATE_INFOPLIST_FILE = YES;
				INFOPLIST_FILE = "Kick-Starter/Info.plist";
				INFOPLIST_KEY_UIApplicationSupportsIndirectInputEvents = YES;
				INFOPLIST_KEY_UILaunchStoryboardName = LaunchScreen;
				INFOPLIST_KEY_UIMainStoryboardFile = Main;
				INFOPLIST_KEY_UISupportedInterfaceOrientations_iPad = "UIInterfaceOrientationPortrait UIInterfaceOrientationPortraitUpsideDown UIInterfaceOrientationLandscapeLeft UIInterfaceOrientationLandscapeRight";
				INFOPLIST_KEY_UISupportedInterfaceOrientations_iPhone = "UIInterfaceOrientationPortrait UIInterfaceOrientationLandscapeLeft UIInterfaceOrientationLandscapeRight";
				LD_RUNPATH_SEARCH_PATHS = (
					"$(inherited)",
					"@executable_path/Frameworks",
				);
				MARKETING_VERSION = 1.0;
				PRODUCT_BUNDLE_IDENTIFIER = "com.an.Kick-Starter";
				PRODUCT_NAME = "$(TARGET_NAME)";
				SWIFT_EMIT_LOC_STRINGS = YES;
				SWIFT_OBJC_BRIDGING_HEADER = "Kick-Starter/Single Venue/Single Venue View Controller/Kick-Starter-Bridging-Header.h";
				SWIFT_OBJC_INTERFACE_HEADER_NAME = "$(PROJECT_NAME)-Swift.h";
				SWIFT_OPTIMIZATION_LEVEL = "-Onone";
				SWIFT_VERSION = 5.0;
				TARGETED_DEVICE_FAMILY = "1,2";
			};
			name = Debug;
		};
		27C90199270AED4700FAE650 /* Release */ = {
			isa = XCBuildConfiguration;
			baseConfigurationReference = 2AA23E371D9C52425F893427 /* Pods-Kick-Starter.release.xcconfig */;
			buildSettings = {
				ASSETCATALOG_COMPILER_APPICON_NAME = AppIcon;
				ASSETCATALOG_COMPILER_GLOBAL_ACCENT_COLOR_NAME = AccentColor;
				CLANG_ENABLE_MODULES = YES;
				CODE_SIGN_STYLE = Automatic;
				CURRENT_PROJECT_VERSION = 1;
				GENERATE_INFOPLIST_FILE = YES;
				INFOPLIST_FILE = "Kick-Starter/Info.plist";
				INFOPLIST_KEY_UIApplicationSupportsIndirectInputEvents = YES;
				INFOPLIST_KEY_UILaunchStoryboardName = LaunchScreen;
				INFOPLIST_KEY_UIMainStoryboardFile = Main;
				INFOPLIST_KEY_UISupportedInterfaceOrientations_iPad = "UIInterfaceOrientationPortrait UIInterfaceOrientationPortraitUpsideDown UIInterfaceOrientationLandscapeLeft UIInterfaceOrientationLandscapeRight";
				INFOPLIST_KEY_UISupportedInterfaceOrientations_iPhone = "UIInterfaceOrientationPortrait UIInterfaceOrientationLandscapeLeft UIInterfaceOrientationLandscapeRight";
				LD_RUNPATH_SEARCH_PATHS = (
					"$(inherited)",
					"@executable_path/Frameworks",
				);
				MARKETING_VERSION = 1.0;
				PRODUCT_BUNDLE_IDENTIFIER = "com.an.Kick-Starter";
				PRODUCT_NAME = "$(TARGET_NAME)";
				SWIFT_EMIT_LOC_STRINGS = YES;
				SWIFT_OBJC_BRIDGING_HEADER = "Kick-Starter/Single Venue/Single Venue View Controller/Kick-Starter-Bridging-Header.h";
				SWIFT_OBJC_INTERFACE_HEADER_NAME = "$(PROJECT_NAME)-Swift.h";
				SWIFT_VERSION = 5.0;
				TARGETED_DEVICE_FAMILY = "1,2";
			};
			name = Release;
		};
		27C9019B270AED4700FAE650 /* Debug */ = {
			isa = XCBuildConfiguration;
			baseConfigurationReference = 00913A5E69A12D2FF1DB064C /* Pods-Kick-StarterTests.debug.xcconfig */;
			buildSettings = {
				ALWAYS_EMBED_SWIFT_STANDARD_LIBRARIES = YES;
				BUNDLE_LOADER = "$(TEST_HOST)";
				CODE_SIGN_STYLE = Automatic;
				CURRENT_PROJECT_VERSION = 1;
				GENERATE_INFOPLIST_FILE = YES;
				IPHONEOS_DEPLOYMENT_TARGET = 15.0;
				LD_RUNPATH_SEARCH_PATHS = (
					"$(inherited)",
					"@executable_path/Frameworks",
					"@loader_path/Frameworks",
				);
				MARKETING_VERSION = 1.0;
				PRODUCT_BUNDLE_IDENTIFIER = "com.an.Kick-StarterTests";
				PRODUCT_NAME = "$(TARGET_NAME)";
				SWIFT_EMIT_LOC_STRINGS = NO;
				SWIFT_OBJC_BRIDGING_HEADER = "Kick-Starter/Single Venue/Single Venue View Controller/Kick-Starter-Bridging-Header.h";
				SWIFT_OBJC_INTERFACE_HEADER_NAME = "$(PROJECT_NAME)-Swift.h";
				SWIFT_VERSION = 5.0;
				TARGETED_DEVICE_FAMILY = "1,2";
				TEST_HOST = "$(BUILT_PRODUCTS_DIR)/Kick-Starter.app/Kick-Starter";
			};
			name = Debug;
		};
		27C9019C270AED4700FAE650 /* Release */ = {
			isa = XCBuildConfiguration;
			baseConfigurationReference = D72DFA94FC3ADC1DFA5468C4 /* Pods-Kick-StarterTests.release.xcconfig */;
			buildSettings = {
				ALWAYS_EMBED_SWIFT_STANDARD_LIBRARIES = YES;
				BUNDLE_LOADER = "$(TEST_HOST)";
				CODE_SIGN_STYLE = Automatic;
				CURRENT_PROJECT_VERSION = 1;
				GENERATE_INFOPLIST_FILE = YES;
				IPHONEOS_DEPLOYMENT_TARGET = 15.0;
				LD_RUNPATH_SEARCH_PATHS = (
					"$(inherited)",
					"@executable_path/Frameworks",
					"@loader_path/Frameworks",
				);
				MARKETING_VERSION = 1.0;
				PRODUCT_BUNDLE_IDENTIFIER = "com.an.Kick-StarterTests";
				PRODUCT_NAME = "$(TARGET_NAME)";
				SWIFT_EMIT_LOC_STRINGS = NO;
				SWIFT_OBJC_BRIDGING_HEADER = "Kick-Starter/Single Venue/Single Venue View Controller/Kick-Starter-Bridging-Header.h";
				SWIFT_OBJC_INTERFACE_HEADER_NAME = "$(PROJECT_NAME)-Swift.h";
				SWIFT_VERSION = 5.0;
				TARGETED_DEVICE_FAMILY = "1,2";
				TEST_HOST = "$(BUILT_PRODUCTS_DIR)/Kick-Starter.app/Kick-Starter";
			};
			name = Release;
		};
		27C9019E270AED4700FAE650 /* Debug */ = {
			isa = XCBuildConfiguration;
			baseConfigurationReference = 750B5B41735A8B3375615E01 /* Pods-Kick-Starter-Kick-StarterUITests.debug.xcconfig */;
			buildSettings = {
				ALWAYS_EMBED_SWIFT_STANDARD_LIBRARIES = YES;
				CODE_SIGN_STYLE = Automatic;
				CURRENT_PROJECT_VERSION = 1;
				GENERATE_INFOPLIST_FILE = YES;
				LD_RUNPATH_SEARCH_PATHS = (
					"$(inherited)",
					"@executable_path/Frameworks",
					"@loader_path/Frameworks",
				);
				MARKETING_VERSION = 1.0;
				PRODUCT_BUNDLE_IDENTIFIER = "com.an.Kick-StarterUITests";
				PRODUCT_NAME = "$(TARGET_NAME)";
				SWIFT_EMIT_LOC_STRINGS = NO;
				SWIFT_VERSION = 5.0;
				TARGETED_DEVICE_FAMILY = "1,2";
				TEST_TARGET_NAME = "Kick-Starter";
			};
			name = Debug;
		};
		27C9019F270AED4700FAE650 /* Release */ = {
			isa = XCBuildConfiguration;
			baseConfigurationReference = F4FB5672A0C5B83E57D2EC52 /* Pods-Kick-Starter-Kick-StarterUITests.release.xcconfig */;
			buildSettings = {
				ALWAYS_EMBED_SWIFT_STANDARD_LIBRARIES = YES;
				CODE_SIGN_STYLE = Automatic;
				CURRENT_PROJECT_VERSION = 1;
				GENERATE_INFOPLIST_FILE = YES;
				LD_RUNPATH_SEARCH_PATHS = (
					"$(inherited)",
					"@executable_path/Frameworks",
					"@loader_path/Frameworks",
				);
				MARKETING_VERSION = 1.0;
				PRODUCT_BUNDLE_IDENTIFIER = "com.an.Kick-StarterUITests";
				PRODUCT_NAME = "$(TARGET_NAME)";
				SWIFT_EMIT_LOC_STRINGS = NO;
				SWIFT_VERSION = 5.0;
				TARGETED_DEVICE_FAMILY = "1,2";
				TEST_TARGET_NAME = "Kick-Starter";
			};
			name = Release;
		};
/* End XCBuildConfiguration section */

/* Begin XCConfigurationList section */
		27B0768C27541831007CD1CB /* Build configuration list for PBXNativeTarget "TeamInformationWatch WatchKit Extension" */ = {
			isa = XCConfigurationList;
			buildConfigurations = (
				27B0768627541831007CD1CB /* Debug */,
				27B0768727541831007CD1CB /* Release */,
			);
			defaultConfigurationIsVisible = 0;
			defaultConfigurationName = Release;
		};
		27B0768D27541831007CD1CB /* Build configuration list for PBXNativeTarget "TeamInformationWatch" */ = {
			isa = XCConfigurationList;
			buildConfigurations = (
				27B0768327541831007CD1CB /* Debug */,
				27B0768427541831007CD1CB /* Release */,
			);
			defaultConfigurationIsVisible = 0;
			defaultConfigurationName = Release;
		};
		27B0768E27541831007CD1CB /* Build configuration list for PBXNativeTarget "TeamInformationWatchTests" */ = {
			isa = XCConfigurationList;
			buildConfigurations = (
				27B0768827541831007CD1CB /* Debug */,
				27B0768927541831007CD1CB /* Release */,
			);
			defaultConfigurationIsVisible = 0;
			defaultConfigurationName = Release;
		};
		27B0768F27541831007CD1CB /* Build configuration list for PBXNativeTarget "TeamInformationWatchUITests" */ = {
			isa = XCConfigurationList;
			buildConfigurations = (
				27B0768A27541831007CD1CB /* Debug */,
				27B0768B27541831007CD1CB /* Release */,
			);
			defaultConfigurationIsVisible = 0;
			defaultConfigurationName = Release;
		};
		27C90168270AED4300FAE650 /* Build configuration list for PBXProject "Kick-Starter" */ = {
			isa = XCConfigurationList;
			buildConfigurations = (
				27C90195270AED4700FAE650 /* Debug */,
				27C90196270AED4700FAE650 /* Release */,
			);
			defaultConfigurationIsVisible = 0;
			defaultConfigurationName = Release;
		};
		27C90197270AED4700FAE650 /* Build configuration list for PBXNativeTarget "Kick-Starter" */ = {
			isa = XCConfigurationList;
			buildConfigurations = (
				27C90198270AED4700FAE650 /* Debug */,
				27C90199270AED4700FAE650 /* Release */,
			);
			defaultConfigurationIsVisible = 0;
			defaultConfigurationName = Release;
		};
		27C9019A270AED4700FAE650 /* Build configuration list for PBXNativeTarget "Kick-StarterTests" */ = {
			isa = XCConfigurationList;
			buildConfigurations = (
				27C9019B270AED4700FAE650 /* Debug */,
				27C9019C270AED4700FAE650 /* Release */,
			);
			defaultConfigurationIsVisible = 0;
			defaultConfigurationName = Release;
		};
		27C9019D270AED4700FAE650 /* Build configuration list for PBXNativeTarget "Kick-StarterUITests" */ = {
			isa = XCConfigurationList;
			buildConfigurations = (
				27C9019E270AED4700FAE650 /* Debug */,
				27C9019F270AED4700FAE650 /* Release */,
			);
			defaultConfigurationIsVisible = 0;
			defaultConfigurationName = Release;
		};
/* End XCConfigurationList section */
	};
	rootObject = 27C90165270AED4300FAE650 /* Project object */;
}
