PODS:
  - KickStarterFramework (0.0.1)

DEPENDENCIES:
  - KickStarterFramework (from `/Users/anana/Desktop/KickStarterFramework/KickStarterFramework`)

EXTERNAL SOURCES:
  KickStarterFramework:
    :path: "/Users/anana/Desktop/KickStarterFramework/KickStarterFramework"

SPEC CHECKSUMS:
  KickStarterFramework: 6f2382ae91a4e81cd9e23d49dc14ce1db5278ce1

PODFILE CHECKSUM: a07b78f8ba6b4fec2773b48c56ed69f67eecbe81

COCOAPODS: 1.11.2
